PODS:
  - AKSideMenu (1.4.6)
  - Then (3.0.0)

DEPENDENCIES:
  - AKSideMenu
  - Then

SPEC REPOS:
  trunk:
    - AKSideMenu
    - Then

SPEC CHECKSUMS:
  AKSideMenu: 1f2b261a82b89f980624dda4b3385544fbf178e0
  Then: 844265ae87834bbe1147d91d5d41a404da2ec27d

PODFILE CHECKSUM: 21b4379d9d1ac5737280b4e4a5dc881972d10e92

COCOAPODS: 1.15.2
