PODS:
  - AKSideMenu (1.4.1)
  - Alamofire (4.7.0)
  - CodableAlamofire (1.1.0):
    - Alamofire (~> 4.0)
  - DropDown (2.3.1)
  - EZSwiftExtensions (1.11)
  - RxAlamofire (4.1.0):
    - RxAlamofire/Core (= 4.1.0)
  - RxAlamofire/Core (4.1.0):
    - Alamofire (~> 4.5)
    - RxSwift (~> 4.0)
  - RxSwift (4.2.0)

DEPENDENCIES:
  - AKSideMenu
  - CodableAlamofire
  - DropDown
  - EZSwiftExtensions
  - RxAlamofire

SPEC REPOS:
  https://github.com/cocoapods/specs.git:
    - AKSideMenu
    - Alamofire
    - CodableAlamofire
    - DropDown
    - EZSwiftExtensions
    - RxAlamofire
    - RxSwift

SPEC CHECKSUMS:
  AKSideMenu: 5f253516c339960e474f81c3da53540368520be5
  Alamofire: 907e0a98eb68cdb7f9d1f541a563d6ac5dc77b25
  CodableAlamofire: e2d2edcec7cf413f7862c30c8fa98eded27a83f9
  DropDown: 20499c7b2731b0d21609af924e47c7677a2be50d
  EZSwiftExtensions: 84000042202d9fd574f626cda3064143f27fa767
  RxAlamofire: 96a2bff4694a1609bb59c57b53d99ea7a0ddc64a
  RxSwift: 99e10317ddfcc7fbe01356aafd118fde4a0be104

PODFILE CHECKSUM: e4234d0b053a899c85539e1c9ca0e79b4b27818a

COCOAPODS: 1.5.3
