// !$*UTF8*$!
{
	archiveVersion = 1;
	classes = {
	};
	objectVersion = 54;
	objects = {

/* Begin PBXBuildFile section */
		8B93E2C58870C1F09F449E65 /* Pods_LollySwiftUI.framework in Frameworks */ = {isa = PBXBuildFile; fileRef = 881EFE4F8A213E4DC1BEF169 /* Pods_LollySwiftUI.framework */; };
		8C4189D9295CEF3200928692 /* WordsDictView.swift in Sources */ = {isa = PBXBuildFile; fileRef = 8C4189D8295CEF3200928692 /* WordsDictView.swift */; };
		8C4189DC295CEFA900928692 /* WordsUnitBatchEditView.swift in Sources */ = {isa = PBXBuildFile; fileRef = 8C4189DB295CEFA900928692 /* WordsUnitBatchEditView.swift */; };
		8C4189DE295CF50D00928692 /* PhrasesUnitBatchEditView.swift in Sources */ = {isa = PBXBuildFile; fileRef = 8C4189DD295CF50D00928692 /* PhrasesUnitBatchEditView.swift */; };
		8C5176DB2943C66200719D42 /* Publisher+Bind.swift in Sources */ = {isa = PBXBuildFile; fileRef = 8C5176C42943C66200719D42 /* Publisher+Bind.swift */; };
		8C5176DD2943C66200719D42 /* StoreIn.swift in Sources */ = {isa = PBXBuildFile; fileRef = 8C5176C62943C66200719D42 /* StoreIn.swift */; };
		8C5176F12943C89F00719D42 /* Alamofire in Frameworks */ = {isa = PBXBuildFile; productRef = 8C5176F02943C89F00719D42 /* Alamofire */; };
		8C58548729560EB900AD05CC /* WordsLangDetailView.swift in Sources */ = {isa = PBXBuildFile; fileRef = 8C58548629560EB900AD05CC /* WordsLangDetailView.swift */; };
		8C58548929560ED200AD05CC /* PhrasesUnitDetailView.swift in Sources */ = {isa = PBXBuildFile; fileRef = 8C58548829560ED200AD05CC /* PhrasesUnitDetailView.swift */; };
		8C58548B29560EE100AD05CC /* PhrasesLangDetailView.swift in Sources */ = {isa = PBXBuildFile; fileRef = 8C58548A29560EE100AD05CC /* PhrasesLangDetailView.swift */; };
		8C58548D29560EF000AD05CC /* PatternsDetailView.swift in Sources */ = {isa = PBXBuildFile; fileRef = 8C58548C29560EF000AD05CC /* PatternsDetailView.swift */; };
		8C5F93F92C8A4C7F00FC3D1C /* UnitBlogView.swift in Sources */ = {isa = PBXBuildFile; fileRef = 8C5F93F82C8A4C7F00FC3D1C /* UnitBlogView.swift */; };
		8C60AB2E295E4C5300D5CAE7 /* PatternsWebPageView.swift in Sources */ = {isa = PBXBuildFile; fileRef = 8C60AB2D295E4C5300D5CAE7 /* PatternsWebPageView.swift */; };
		8C60AB36295E4CC100D5CAE7 /* PhrasesTextbookView.swift in Sources */ = {isa = PBXBuildFile; fileRef = 8C60AB35295E4CC100D5CAE7 /* PhrasesTextbookView.swift */; };
		8C60AB38295E4CD700D5CAE7 /* PhrasesTextbookDetailView.swift in Sources */ = {isa = PBXBuildFile; fileRef = 8C60AB37295E4CD700D5CAE7 /* PhrasesTextbookDetailView.swift */; };
		8C60AB3A295E4CE800D5CAE7 /* PhrasesReviewView.swift in Sources */ = {isa = PBXBuildFile; fileRef = 8C60AB39295E4CE800D5CAE7 /* PhrasesReviewView.swift */; };
		8C60AB3C295E4CF800D5CAE7 /* WordsTextbookView.swift in Sources */ = {isa = PBXBuildFile; fileRef = 8C60AB3B295E4CF800D5CAE7 /* WordsTextbookView.swift */; };
		8C60AB3E295E4D0600D5CAE7 /* WordsTextbookDetailView.swift in Sources */ = {isa = PBXBuildFile; fileRef = 8C60AB3D295E4D0600D5CAE7 /* WordsTextbookDetailView.swift */; };
		8C60AB42295E4D1E00D5CAE7 /* WordsReviewView.swift in Sources */ = {isa = PBXBuildFile; fileRef = 8C60AB41295E4D1E00D5CAE7 /* WordsReviewView.swift */; };
		8C60AB48295F61E500D5CAE7 /* PickerModifier.swift in Sources */ = {isa = PBXBuildFile; fileRef = 8C60AB47295F61E500D5CAE7 /* PickerModifier.swift */; };
		8C7F008E294E100F009D6A90 /* WordsLangView.swift in Sources */ = {isa = PBXBuildFile; fileRef = 8C7F0087294E100F009D6A90 /* WordsLangView.swift */; };
		8C7F008F294E100F009D6A90 /* WordsUnitView.swift in Sources */ = {isa = PBXBuildFile; fileRef = 8C7F0088294E100F009D6A90 /* WordsUnitView.swift */; };
		8C7F0090294E100F009D6A90 /* PhrasesLangView.swift in Sources */ = {isa = PBXBuildFile; fileRef = 8C7F008A294E100F009D6A90 /* PhrasesLangView.swift */; };
		8C7F0091294E100F009D6A90 /* PhrasesUnitView.swift in Sources */ = {isa = PBXBuildFile; fileRef = 8C7F008B294E100F009D6A90 /* PhrasesUnitView.swift */; };
		8C7F0092294E100F009D6A90 /* PatternsView.swift in Sources */ = {isa = PBXBuildFile; fileRef = 8C7F008D294E100F009D6A90 /* PatternsView.swift */; };
		8C7F0095294EE8A3009D6A90 /* WordsUnitDetailView.swift in Sources */ = {isa = PBXBuildFile; fileRef = 8C7F0094294EE8A3009D6A90 /* WordsUnitDetailView.swift */; };
		8C7F009E295306D8009D6A90 /* Publisher+DidSet.swift in Sources */ = {isa = PBXBuildFile; fileRef = 8C7F009D295306D8009D6A90 /* Publisher+DidSet.swift */; };
		8CA47F262968F37D006CF4A2 /* GlobalUser.swift in Sources */ = {isa = PBXBuildFile; fileRef = 8CA47F252968F37D006CF4A2 /* GlobalUser.swift */; };
		8CA47F282969347E006CF4A2 /* ReviewOptionsView.swift in Sources */ = {isa = PBXBuildFile; fileRef = 8CA47F272969347E006CF4A2 /* ReviewOptionsView.swift */; };
		8CA47F2A29694D57006CF4A2 /* IsHIdden.swift in Sources */ = {isa = PBXBuildFile; fileRef = 8CA47F2929694D57006CF4A2 /* IsHIdden.swift */; };
		8CB0BFB429466618001D0071 /* DictStore.swift in Sources */ = {isa = PBXBuildFile; fileRef = 8CB0BFB329466618001D0071 /* DictStore.swift */; };
		8CCFA65A29B3A6F2004748B8 /* OnlineTextbooksWebPageView.swift in Sources */ = {isa = PBXBuildFile; fileRef = 8CCFA65729B3A6F2004748B8 /* OnlineTextbooksWebPageView.swift */; };
		8CCFA65B29B3A6F2004748B8 /* OnlineTextbooksDetailView.swift in Sources */ = {isa = PBXBuildFile; fileRef = 8CCFA65829B3A6F2004748B8 /* OnlineTextbooksDetailView.swift */; };
		8CCFA65C29B3A6F2004748B8 /* OnlineTextbooksView.swift in Sources */ = {isa = PBXBuildFile; fileRef = 8CCFA65929B3A6F2004748B8 /* OnlineTextbooksView.swift */; };
		8CCFA66B29B43B5E004748B8 /* TextbooksViewModel.swift in Sources */ = {isa = PBXBuildFile; fileRef = 8CCFA66729B43B5E004748B8 /* TextbooksViewModel.swift */; };
		8CCFA66C29B43B5E004748B8 /* TextbooksDetailViewModel.swift in Sources */ = {isa = PBXBuildFile; fileRef = 8CCFA66829B43B5E004748B8 /* TextbooksDetailViewModel.swift */; };
		8CCFA66E29B43B5E004748B8 /* OnlineTextbooksViewModel.swift in Sources */ = {isa = PBXBuildFile; fileRef = 8CCFA66A29B43B5E004748B8 /* OnlineTextbooksViewModel.swift */; };
		8CF294B32A8ECDBF00E8D195 /* MLangBlogGroup.swift in Sources */ = {isa = PBXBuildFile; fileRef = 8CF294AF2A8ECDBF00E8D195 /* MLangBlogGroup.swift */; };
		8CF294B42A8ECDBF00E8D195 /* MLangBlogGP.swift in Sources */ = {isa = PBXBuildFile; fileRef = 8CF294B02A8ECDBF00E8D195 /* MLangBlogGP.swift */; };
		8CF294B52A8ECDBF00E8D195 /* MUnitBlogPost.swift in Sources */ = {isa = PBXBuildFile; fileRef = 8CF294B12A8ECDBF00E8D195 /* MUnitBlogPost.swift */; };
		8CF294B62A8ECDBF00E8D195 /* MLangBlogPost.swift in Sources */ = {isa = PBXBuildFile; fileRef = 8CF294B22A8ECDBF00E8D195 /* MLangBlogPost.swift */; };
		9513F4E5268B359B00493C0B /* SettingsView.swift in Sources */ = {isa = PBXBuildFile; fileRef = 9513F4E4268B359B00493C0B /* SettingsView.swift */; };
		953FCD0025745D3D00666503 /* LollySwiftUIApp.swift in Sources */ = {isa = PBXBuildFile; fileRef = 953FCCFF25745D3D00666503 /* LollySwiftUIApp.swift */; };
		953FCD0225745D3D00666503 /* ContentView.swift in Sources */ = {isa = PBXBuildFile; fileRef = 953FCD0125745D3D00666503 /* ContentView.swift */; };
		953FCD0425745D4000666503 /* Assets.xcassets in Resources */ = {isa = PBXBuildFile; fileRef = 953FCD0325745D4000666503 /* Assets.xcassets */; };
		953FCD0725745D4000666503 /* Preview Assets.xcassets in Resources */ = {isa = PBXBuildFile; fileRef = 953FCD0625745D4000666503 /* Preview Assets.xcassets */; };
		953FCD1225745D4000666503 /* LollySwiftUITests.swift in Sources */ = {isa = PBXBuildFile; fileRef = 953FCD1125745D4000666503 /* LollySwiftUITests.swift */; };
		953FCD1D25745D4000666503 /* LollySwiftUIUITests.swift in Sources */ = {isa = PBXBuildFile; fileRef = 953FCD1C25745D4000666503 /* LollySwiftUIUITests.swift */; };
		953FCE4925792A8800666503 /* ReadNumberViewModel.swift in Sources */ = {isa = PBXBuildFile; fileRef = 953FCE0225792A8800666503 /* ReadNumberViewModel.swift */; };
		953FCE4A25792A8800666503 /* ReviewOptionsViewModel.swift in Sources */ = {isa = PBXBuildFile; fileRef = 953FCE0325792A8800666503 /* ReviewOptionsViewModel.swift */; };
		953FCE4C25792A8800666503 /* TransformDetailViewModel.swift in Sources */ = {isa = PBXBuildFile; fileRef = 953FCE0525792A8800666503 /* TransformDetailViewModel.swift */; };
		953FCE5025792A8800666503 /* WordsLangDetailViewModel.swift in Sources */ = {isa = PBXBuildFile; fileRef = 953FCE0A25792A8800666503 /* WordsLangDetailViewModel.swift */; };
		953FCE5125792A8800666503 /* WordsLangViewModel.swift in Sources */ = {isa = PBXBuildFile; fileRef = 953FCE0B25792A8800666503 /* WordsLangViewModel.swift */; };
		953FCE5225792A8800666503 /* WordsUnitDetailViewModel.swift in Sources */ = {isa = PBXBuildFile; fileRef = 953FCE0C25792A8800666503 /* WordsUnitDetailViewModel.swift */; };
		953FCE5325792A8800666503 /* WordsReviewViewModel.swift in Sources */ = {isa = PBXBuildFile; fileRef = 953FCE0D25792A8800666503 /* WordsReviewViewModel.swift */; };
		953FCE5425792A8800666503 /* WordsDictViewModel.swift in Sources */ = {isa = PBXBuildFile; fileRef = 953FCE0E25792A8800666503 /* WordsDictViewModel.swift */; };
		953FCE5525792A8800666503 /* WordsSearchViewModel.swift in Sources */ = {isa = PBXBuildFile; fileRef = 953FCE0F25792A8800666503 /* WordsSearchViewModel.swift */; };
		953FCE5625792A8800666503 /* SingleWordViewModel.swift in Sources */ = {isa = PBXBuildFile; fileRef = 953FCE1025792A8800666503 /* SingleWordViewModel.swift */; };
		953FCE5725792A8800666503 /* WordsUnitViewModel.swift in Sources */ = {isa = PBXBuildFile; fileRef = 953FCE1125792A8800666503 /* WordsUnitViewModel.swift */; };
		953FCE5B25792A8800666503 /* PatternsViewModel.swift in Sources */ = {isa = PBXBuildFile; fileRef = 953FCE1625792A8800666503 /* PatternsViewModel.swift */; };
		953FCE5D25792A8800666503 /* SinglePhraseViewModel.swift in Sources */ = {isa = PBXBuildFile; fileRef = 953FCE1925792A8800666503 /* SinglePhraseViewModel.swift */; };
		953FCE5E25792A8800666503 /* PhrasesReviewViewModel.swift in Sources */ = {isa = PBXBuildFile; fileRef = 953FCE1A25792A8800666503 /* PhrasesReviewViewModel.swift */; };
		953FCE5F25792A8800666503 /* PhrasesLangViewModel.swift in Sources */ = {isa = PBXBuildFile; fileRef = 953FCE1B25792A8800666503 /* PhrasesLangViewModel.swift */; };
		953FCE6025792A8800666503 /* PhrasesLangDetailViewModel.swift in Sources */ = {isa = PBXBuildFile; fileRef = 953FCE1C25792A8800666503 /* PhrasesLangDetailViewModel.swift */; };
		953FCE6125792A8800666503 /* PhrasesUnitViewModel.swift in Sources */ = {isa = PBXBuildFile; fileRef = 953FCE1D25792A8800666503 /* PhrasesUnitViewModel.swift */; };
		953FCE6225792A8800666503 /* PhrasesUnitDetailViewModel.swift in Sources */ = {isa = PBXBuildFile; fileRef = 953FCE1E25792A8800666503 /* PhrasesUnitDetailViewModel.swift */; };
		953FCE6A25792A8800666503 /* RestApi.swift in Sources */ = {isa = PBXBuildFile; fileRef = 953FCE2825792A8800666503 /* RestApi.swift */; };
		953FCE6B25792A8800666503 /* iOSApi.swift in Sources */ = {isa = PBXBuildFile; fileRef = 953FCE2925792A8800666503 /* iOSApi.swift */; };
		953FCE6F25792A8800666503 /* CommonApi.swift in Sources */ = {isa = PBXBuildFile; fileRef = 953FCE2D25792A8800666503 /* CommonApi.swift */; };
		9546F06A268726DE00ADE420 /* SettingsViewModel.swift in Sources */ = {isa = PBXBuildFile; fileRef = 9546F069268726DE00ADE420 /* SettingsViewModel.swift */; };
		9546F06C26881AFA00ADE420 /* LoginView.swift in Sources */ = {isa = PBXBuildFile; fileRef = 9546F06B26881AFA00ADE420 /* LoginView.swift */; };
		9546F06E2688204500ADE420 /* LoginViewModel.swift in Sources */ = {isa = PBXBuildFile; fileRef = 9546F06D2688204500ADE420 /* LoginViewModel.swift */; };
		9546F070268822F200ADE420 /* MUser.swift in Sources */ = {isa = PBXBuildFile; fileRef = 9546F06F268822F200ADE420 /* MUser.swift */; };
		957B535425A70F9800C18B06 /* WordsBaseViewModel.swift in Sources */ = {isa = PBXBuildFile; fileRef = 957B535225A70F9700C18B06 /* WordsBaseViewModel.swift */; };
		957B535525A70F9800C18B06 /* WordsUnitBatchAddViewModel.swift in Sources */ = {isa = PBXBuildFile; fileRef = 957B535325A70F9700C18B06 /* WordsUnitBatchAddViewModel.swift */; };
		957B535E25A70FB100C18B06 /* PhrasesBaseViewModel.swift in Sources */ = {isa = PBXBuildFile; fileRef = 957B535C25A70FB000C18B06 /* PhrasesBaseViewModel.swift */; };
		957B535F25A70FB100C18B06 /* PhrasesUnitBatchAddViewModel.swift in Sources */ = {isa = PBXBuildFile; fileRef = 957B535D25A70FB100C18B06 /* PhrasesUnitBatchAddViewModel.swift */; };
		957B538D25AD442500C18B06 /* SideMenuView.swift in Sources */ = {isa = PBXBuildFile; fileRef = 957B538C25AD442500C18B06 /* SideMenuView.swift */; };
		957B539525AD686500C18B06 /* SearchView.swift in Sources */ = {isa = PBXBuildFile; fileRef = 957B539425AD686500C18B06 /* SearchView.swift */; };
		95919218258D00190070DBFD /* MCommon.swift in Sources */ = {isa = PBXBuildFile; fileRef = 95919204258D00190070DBFD /* MCommon.swift */; };
		95919219258D00190070DBFD /* MDictionary.swift in Sources */ = {isa = PBXBuildFile; fileRef = 95919205258D00190070DBFD /* MDictionary.swift */; };
		9591921A258D00190070DBFD /* MAutoCorrect.swift in Sources */ = {isa = PBXBuildFile; fileRef = 95919206258D00190070DBFD /* MAutoCorrect.swift */; };
		9591921B258D00190070DBFD /* MVoice.swift in Sources */ = {isa = PBXBuildFile; fileRef = 95919207258D00190070DBFD /* MVoice.swift */; };
		9591921C258D00190070DBFD /* MUSMapping.swift in Sources */ = {isa = PBXBuildFile; fileRef = 95919208258D00190070DBFD /* MUSMapping.swift */; };
		9591921D258D00190070DBFD /* MUserSetting.swift in Sources */ = {isa = PBXBuildFile; fileRef = 95919209258D00190070DBFD /* MUserSetting.swift */; };
		9591921E258D00190070DBFD /* MOnlineTextbook.swift in Sources */ = {isa = PBXBuildFile; fileRef = 9591920A258D00190070DBFD /* MOnlineTextbook.swift */; };
		9591921F258D00190070DBFD /* MReviewOptions.swift in Sources */ = {isa = PBXBuildFile; fileRef = 9591920B258D00190070DBFD /* MReviewOptions.swift */; };
		95919220258D00190070DBFD /* MLanguage.swift in Sources */ = {isa = PBXBuildFile; fileRef = 9591920C258D00190070DBFD /* MLanguage.swift */; };
		95919221258D00190070DBFD /* MTextbook.swift in Sources */ = {isa = PBXBuildFile; fileRef = 9591920D258D00190070DBFD /* MTextbook.swift */; };
		95919222258D00190070DBFD /* MUnitWord.swift in Sources */ = {isa = PBXBuildFile; fileRef = 9591920F258D00190070DBFD /* MUnitWord.swift */; };
		95919224258D00190070DBFD /* MLangWord.swift in Sources */ = {isa = PBXBuildFile; fileRef = 95919211258D00190070DBFD /* MLangWord.swift */; };
		95919225258D00190070DBFD /* MPattern.swift in Sources */ = {isa = PBXBuildFile; fileRef = 95919212258D00190070DBFD /* MPattern.swift */; };
		95919226258D00190070DBFD /* MWordFami.swift in Sources */ = {isa = PBXBuildFile; fileRef = 95919213258D00190070DBFD /* MWordFami.swift */; };
		95919227258D00190070DBFD /* MLangPhrase.swift in Sources */ = {isa = PBXBuildFile; fileRef = 95919214258D00190070DBFD /* MLangPhrase.swift */; };
		95919228258D00190070DBFD /* MWordPhrase.swift in Sources */ = {isa = PBXBuildFile; fileRef = 95919215258D00190070DBFD /* MWordPhrase.swift */; };
		95919229258D00190070DBFD /* MUnitPhrase.swift in Sources */ = {isa = PBXBuildFile; fileRef = 95919216258D00190070DBFD /* MUnitPhrase.swift */; };
		95F632DB2588BC93000CFD23 /* SearchBar.swift in Sources */ = {isa = PBXBuildFile; fileRef = 95F632DA2588BC93000CFD23 /* SearchBar.swift */; };
		95F632E02588C0B8000CFD23 /* WebView.swift in Sources */ = {isa = PBXBuildFile; fileRef = 95F632DF2588C0B8000CFD23 /* WebView.swift */; };
		980B573F3DEAC9E5EF4100FF /* Pods_LollySwiftUITests.framework in Frameworks */ = {isa = PBXBuildFile; fileRef = 881E9DDDB41B6CF858729603 /* Pods_LollySwiftUITests.framework */; };
/* End PBXBuildFile section */

/* Begin PBXContainerItemProxy section */
		953FCD0E25745D4000666503 /* PBXContainerItemProxy */ = {
			isa = PBXContainerItemProxy;
			containerPortal = 953FCCF425745D3D00666503 /* Project object */;
			proxyType = 1;
			remoteGlobalIDString = 953FCCFB25745D3D00666503;
			remoteInfo = LollySwiftUIiOS;
		};
		953FCD1925745D4000666503 /* PBXContainerItemProxy */ = {
			isa = PBXContainerItemProxy;
			containerPortal = 953FCCF425745D3D00666503 /* Project object */;
			proxyType = 1;
			remoteGlobalIDString = 953FCCFB25745D3D00666503;
			remoteInfo = LollySwiftUIiOS;
		};
/* End PBXContainerItemProxy section */

/* Begin PBXFileReference section */
		1FF9903A34F7BF4A0C219E7C /* Pods-LollySwiftUITests.release.xcconfig */ = {isa = PBXFileReference; includeInIndex = 1; lastKnownFileType = text.xcconfig; name = "Pods-LollySwiftUITests.release.xcconfig"; path = "Target Support Files/Pods-LollySwiftUITests/Pods-LollySwiftUITests.release.xcconfig"; sourceTree = "<group>"; };
		4BE3FFBFA8CA623C2B69556A /* Pods-LollySwiftUITests.debug.xcconfig */ = {isa = PBXFileReference; includeInIndex = 1; lastKnownFileType = text.xcconfig; name = "Pods-LollySwiftUITests.debug.xcconfig"; path = "Target Support Files/Pods-LollySwiftUITests/Pods-LollySwiftUITests.debug.xcconfig"; sourceTree = "<group>"; };
		881E9DDDB41B6CF858729603 /* Pods_LollySwiftUITests.framework */ = {isa = PBXFileReference; explicitFileType = wrapper.framework; includeInIndex = 0; path = Pods_LollySwiftUITests.framework; sourceTree = BUILT_PRODUCTS_DIR; };
		881EFE4F8A213E4DC1BEF169 /* Pods_LollySwiftUI.framework */ = {isa = PBXFileReference; explicitFileType = wrapper.framework; includeInIndex = 0; path = Pods_LollySwiftUI.framework; sourceTree = BUILT_PRODUCTS_DIR; };
		8BCF05762F6BA4216D7B3155 /* Pods-LollySwiftUI.debug.xcconfig */ = {isa = PBXFileReference; includeInIndex = 1; lastKnownFileType = text.xcconfig; name = "Pods-LollySwiftUI.debug.xcconfig"; path = "Target Support Files/Pods-LollySwiftUI/Pods-LollySwiftUI.debug.xcconfig"; sourceTree = "<group>"; };
		8C4189D8295CEF3200928692 /* WordsDictView.swift */ = {isa = PBXFileReference; fileEncoding = 4; lastKnownFileType = sourcecode.swift; path = WordsDictView.swift; sourceTree = "<group>"; };
		8C4189DB295CEFA900928692 /* WordsUnitBatchEditView.swift */ = {isa = PBXFileReference; lastKnownFileType = sourcecode.swift; path = WordsUnitBatchEditView.swift; sourceTree = "<group>"; };
		8C4189DD295CF50D00928692 /* PhrasesUnitBatchEditView.swift */ = {isa = PBXFileReference; lastKnownFileType = sourcecode.swift; path = PhrasesUnitBatchEditView.swift; sourceTree = "<group>"; };
		8C5176C42943C66200719D42 /* Publisher+Bind.swift */ = {isa = PBXFileReference; fileEncoding = 4; lastKnownFileType = sourcecode.swift; path = "Publisher+Bind.swift"; sourceTree = "<group>"; };
		8C5176C62943C66200719D42 /* StoreIn.swift */ = {isa = PBXFileReference; fileEncoding = 4; lastKnownFileType = sourcecode.swift; path = StoreIn.swift; sourceTree = "<group>"; };
		8C58548629560EB900AD05CC /* WordsLangDetailView.swift */ = {isa = PBXFileReference; lastKnownFileType = sourcecode.swift; path = WordsLangDetailView.swift; sourceTree = "<group>"; };
		8C58548829560ED200AD05CC /* PhrasesUnitDetailView.swift */ = {isa = PBXFileReference; lastKnownFileType = sourcecode.swift; path = PhrasesUnitDetailView.swift; sourceTree = "<group>"; };
		8C58548A29560EE100AD05CC /* PhrasesLangDetailView.swift */ = {isa = PBXFileReference; lastKnownFileType = sourcecode.swift; path = PhrasesLangDetailView.swift; sourceTree = "<group>"; };
		8C58548C29560EF000AD05CC /* PatternsDetailView.swift */ = {isa = PBXFileReference; lastKnownFileType = sourcecode.swift; path = PatternsDetailView.swift; sourceTree = "<group>"; };
		8C5F93F82C8A4C7F00FC3D1C /* UnitBlogView.swift */ = {isa = PBXFileReference; lastKnownFileType = sourcecode.swift; path = UnitBlogView.swift; sourceTree = "<group>"; };
		8C60AB2D295E4C5300D5CAE7 /* PatternsWebPageView.swift */ = {isa = PBXFileReference; lastKnownFileType = sourcecode.swift; path = PatternsWebPageView.swift; sourceTree = "<group>"; };
		8C60AB35295E4CC100D5CAE7 /* PhrasesTextbookView.swift */ = {isa = PBXFileReference; lastKnownFileType = sourcecode.swift; path = PhrasesTextbookView.swift; sourceTree = "<group>"; };
		8C60AB37295E4CD700D5CAE7 /* PhrasesTextbookDetailView.swift */ = {isa = PBXFileReference; lastKnownFileType = sourcecode.swift; path = PhrasesTextbookDetailView.swift; sourceTree = "<group>"; };
		8C60AB39295E4CE800D5CAE7 /* PhrasesReviewView.swift */ = {isa = PBXFileReference; lastKnownFileType = sourcecode.swift; path = PhrasesReviewView.swift; sourceTree = "<group>"; };
		8C60AB3B295E4CF800D5CAE7 /* WordsTextbookView.swift */ = {isa = PBXFileReference; lastKnownFileType = sourcecode.swift; path = WordsTextbookView.swift; sourceTree = "<group>"; };
		8C60AB3D295E4D0600D5CAE7 /* WordsTextbookDetailView.swift */ = {isa = PBXFileReference; lastKnownFileType = sourcecode.swift; path = WordsTextbookDetailView.swift; sourceTree = "<group>"; };
		8C60AB41295E4D1E00D5CAE7 /* WordsReviewView.swift */ = {isa = PBXFileReference; lastKnownFileType = sourcecode.swift; path = WordsReviewView.swift; sourceTree = "<group>"; };
		8C60AB47295F61E500D5CAE7 /* PickerModifier.swift */ = {isa = PBXFileReference; lastKnownFileType = sourcecode.swift; path = PickerModifier.swift; sourceTree = "<group>"; };
		8C7F0087294E100F009D6A90 /* WordsLangView.swift */ = {isa = PBXFileReference; fileEncoding = 4; lastKnownFileType = sourcecode.swift; path = WordsLangView.swift; sourceTree = "<group>"; };
		8C7F0088294E100F009D6A90 /* WordsUnitView.swift */ = {isa = PBXFileReference; fileEncoding = 4; lastKnownFileType = sourcecode.swift; path = WordsUnitView.swift; sourceTree = "<group>"; };
		8C7F008A294E100F009D6A90 /* PhrasesLangView.swift */ = {isa = PBXFileReference; fileEncoding = 4; lastKnownFileType = sourcecode.swift; path = PhrasesLangView.swift; sourceTree = "<group>"; };
		8C7F008B294E100F009D6A90 /* PhrasesUnitView.swift */ = {isa = PBXFileReference; fileEncoding = 4; lastKnownFileType = sourcecode.swift; path = PhrasesUnitView.swift; sourceTree = "<group>"; };
		8C7F008D294E100F009D6A90 /* PatternsView.swift */ = {isa = PBXFileReference; fileEncoding = 4; lastKnownFileType = sourcecode.swift; path = PatternsView.swift; sourceTree = "<group>"; };
		8C7F0094294EE8A3009D6A90 /* WordsUnitDetailView.swift */ = {isa = PBXFileReference; lastKnownFileType = sourcecode.swift; path = WordsUnitDetailView.swift; sourceTree = "<group>"; };
		8C7F009D295306D8009D6A90 /* Publisher+DidSet.swift */ = {isa = PBXFileReference; fileEncoding = 4; lastKnownFileType = sourcecode.swift; path = "Publisher+DidSet.swift"; sourceTree = "<group>"; };
		8CA47F252968F37D006CF4A2 /* GlobalUser.swift */ = {isa = PBXFileReference; fileEncoding = 4; lastKnownFileType = sourcecode.swift; path = GlobalUser.swift; sourceTree = "<group>"; };
		8CA47F272969347E006CF4A2 /* ReviewOptionsView.swift */ = {isa = PBXFileReference; lastKnownFileType = sourcecode.swift; path = ReviewOptionsView.swift; sourceTree = "<group>"; };
		8CA47F2929694D57006CF4A2 /* IsHIdden.swift */ = {isa = PBXFileReference; lastKnownFileType = sourcecode.swift; path = IsHIdden.swift; sourceTree = "<group>"; };
		8CB0BFB329466618001D0071 /* DictStore.swift */ = {isa = PBXFileReference; fileEncoding = 4; lastKnownFileType = sourcecode.swift; path = DictStore.swift; sourceTree = "<group>"; };
		8CCFA65729B3A6F2004748B8 /* OnlineTextbooksWebPageView.swift */ = {isa = PBXFileReference; fileEncoding = 4; lastKnownFileType = sourcecode.swift; path = OnlineTextbooksWebPageView.swift; sourceTree = "<group>"; };
		8CCFA65829B3A6F2004748B8 /* OnlineTextbooksDetailView.swift */ = {isa = PBXFileReference; fileEncoding = 4; lastKnownFileType = sourcecode.swift; path = OnlineTextbooksDetailView.swift; sourceTree = "<group>"; };
		8CCFA65929B3A6F2004748B8 /* OnlineTextbooksView.swift */ = {isa = PBXFileReference; fileEncoding = 4; lastKnownFileType = sourcecode.swift; path = OnlineTextbooksView.swift; sourceTree = "<group>"; };
		8CCFA66729B43B5E004748B8 /* TextbooksViewModel.swift */ = {isa = PBXFileReference; fileEncoding = 4; lastKnownFileType = sourcecode.swift; path = TextbooksViewModel.swift; sourceTree = "<group>"; };
		8CCFA66829B43B5E004748B8 /* TextbooksDetailViewModel.swift */ = {isa = PBXFileReference; fileEncoding = 4; lastKnownFileType = sourcecode.swift; path = TextbooksDetailViewModel.swift; sourceTree = "<group>"; };
		8CCFA66A29B43B5E004748B8 /* OnlineTextbooksViewModel.swift */ = {isa = PBXFileReference; fileEncoding = 4; lastKnownFileType = sourcecode.swift; path = OnlineTextbooksViewModel.swift; sourceTree = "<group>"; };
		8CF294AF2A8ECDBF00E8D195 /* MLangBlogGroup.swift */ = {isa = PBXFileReference; fileEncoding = 4; lastKnownFileType = sourcecode.swift; path = MLangBlogGroup.swift; sourceTree = "<group>"; };
		8CF294B02A8ECDBF00E8D195 /* MLangBlogGP.swift */ = {isa = PBXFileReference; fileEncoding = 4; lastKnownFileType = sourcecode.swift; path = MLangBlogGP.swift; sourceTree = "<group>"; };
		8CF294B12A8ECDBF00E8D195 /* MUnitBlogPost.swift */ = {isa = PBXFileReference; fileEncoding = 4; lastKnownFileType = sourcecode.swift; path = MUnitBlogPost.swift; sourceTree = "<group>"; };
		8CF294B22A8ECDBF00E8D195 /* MLangBlogPost.swift */ = {isa = PBXFileReference; fileEncoding = 4; lastKnownFileType = sourcecode.swift; path = MLangBlogPost.swift; sourceTree = "<group>"; };
		9513F4E4268B359B00493C0B /* SettingsView.swift */ = {isa = PBXFileReference; lastKnownFileType = sourcecode.swift; path = SettingsView.swift; sourceTree = "<group>"; };
		953FCCFC25745D3D00666503 /* LollySwiftUI.app */ = {isa = PBXFileReference; explicitFileType = wrapper.application; includeInIndex = 0; path = LollySwiftUI.app; sourceTree = BUILT_PRODUCTS_DIR; };
		953FCCFF25745D3D00666503 /* LollySwiftUIApp.swift */ = {isa = PBXFileReference; lastKnownFileType = sourcecode.swift; path = LollySwiftUIApp.swift; sourceTree = "<group>"; };
		953FCD0125745D3D00666503 /* ContentView.swift */ = {isa = PBXFileReference; lastKnownFileType = sourcecode.swift; path = ContentView.swift; sourceTree = "<group>"; };
		953FCD0325745D4000666503 /* Assets.xcassets */ = {isa = PBXFileReference; lastKnownFileType = folder.assetcatalog; path = Assets.xcassets; sourceTree = "<group>"; };
		953FCD0625745D4000666503 /* Preview Assets.xcassets */ = {isa = PBXFileReference; lastKnownFileType = folder.assetcatalog; path = "Preview Assets.xcassets"; sourceTree = "<group>"; };
		953FCD0825745D4000666503 /* Info.plist */ = {isa = PBXFileReference; lastKnownFileType = text.plist.xml; path = Info.plist; sourceTree = "<group>"; };
		953FCD0D25745D4000666503 /* LollySwiftUITests.xctest */ = {isa = PBXFileReference; explicitFileType = wrapper.cfbundle; includeInIndex = 0; path = LollySwiftUITests.xctest; sourceTree = BUILT_PRODUCTS_DIR; };
		953FCD1125745D4000666503 /* LollySwiftUITests.swift */ = {isa = PBXFileReference; lastKnownFileType = sourcecode.swift; path = LollySwiftUITests.swift; sourceTree = "<group>"; };
		953FCD1325745D4000666503 /* Info.plist */ = {isa = PBXFileReference; lastKnownFileType = text.plist.xml; path = Info.plist; sourceTree = "<group>"; };
		953FCD1825745D4000666503 /* LollySwiftUIUITests.xctest */ = {isa = PBXFileReference; explicitFileType = wrapper.cfbundle; includeInIndex = 0; path = LollySwiftUIUITests.xctest; sourceTree = BUILT_PRODUCTS_DIR; };
		953FCD1C25745D4000666503 /* LollySwiftUIUITests.swift */ = {isa = PBXFileReference; lastKnownFileType = sourcecode.swift; path = LollySwiftUIUITests.swift; sourceTree = "<group>"; };
		953FCD1E25745D4000666503 /* Info.plist */ = {isa = PBXFileReference; lastKnownFileType = text.plist.xml; path = Info.plist; sourceTree = "<group>"; };
		953FCE0225792A8800666503 /* ReadNumberViewModel.swift */ = {isa = PBXFileReference; fileEncoding = 4; lastKnownFileType = sourcecode.swift; path = ReadNumberViewModel.swift; sourceTree = "<group>"; };
		953FCE0325792A8800666503 /* ReviewOptionsViewModel.swift */ = {isa = PBXFileReference; fileEncoding = 4; lastKnownFileType = sourcecode.swift; path = ReviewOptionsViewModel.swift; sourceTree = "<group>"; };
		953FCE0525792A8800666503 /* TransformDetailViewModel.swift */ = {isa = PBXFileReference; fileEncoding = 4; lastKnownFileType = sourcecode.swift; path = TransformDetailViewModel.swift; sourceTree = "<group>"; };
		953FCE0A25792A8800666503 /* WordsLangDetailViewModel.swift */ = {isa = PBXFileReference; fileEncoding = 4; lastKnownFileType = sourcecode.swift; path = WordsLangDetailViewModel.swift; sourceTree = "<group>"; };
		953FCE0B25792A8800666503 /* WordsLangViewModel.swift */ = {isa = PBXFileReference; fileEncoding = 4; lastKnownFileType = sourcecode.swift; path = WordsLangViewModel.swift; sourceTree = "<group>"; };
		953FCE0C25792A8800666503 /* WordsUnitDetailViewModel.swift */ = {isa = PBXFileReference; fileEncoding = 4; lastKnownFileType = sourcecode.swift; path = WordsUnitDetailViewModel.swift; sourceTree = "<group>"; };
		953FCE0D25792A8800666503 /* WordsReviewViewModel.swift */ = {isa = PBXFileReference; fileEncoding = 4; lastKnownFileType = sourcecode.swift; path = WordsReviewViewModel.swift; sourceTree = "<group>"; };
		953FCE0E25792A8800666503 /* WordsDictViewModel.swift */ = {isa = PBXFileReference; fileEncoding = 4; lastKnownFileType = sourcecode.swift; path = WordsDictViewModel.swift; sourceTree = "<group>"; };
		953FCE0F25792A8800666503 /* WordsSearchViewModel.swift */ = {isa = PBXFileReference; fileEncoding = 4; lastKnownFileType = sourcecode.swift; path = WordsSearchViewModel.swift; sourceTree = "<group>"; };
		953FCE1025792A8800666503 /* SingleWordViewModel.swift */ = {isa = PBXFileReference; fileEncoding = 4; lastKnownFileType = sourcecode.swift; path = SingleWordViewModel.swift; sourceTree = "<group>"; };
		953FCE1125792A8800666503 /* WordsUnitViewModel.swift */ = {isa = PBXFileReference; fileEncoding = 4; lastKnownFileType = sourcecode.swift; path = WordsUnitViewModel.swift; sourceTree = "<group>"; };
		953FCE1625792A8800666503 /* PatternsViewModel.swift */ = {isa = PBXFileReference; fileEncoding = 4; lastKnownFileType = sourcecode.swift; path = PatternsViewModel.swift; sourceTree = "<group>"; };
		953FCE1925792A8800666503 /* SinglePhraseViewModel.swift */ = {isa = PBXFileReference; fileEncoding = 4; lastKnownFileType = sourcecode.swift; path = SinglePhraseViewModel.swift; sourceTree = "<group>"; };
		953FCE1A25792A8800666503 /* PhrasesReviewViewModel.swift */ = {isa = PBXFileReference; fileEncoding = 4; lastKnownFileType = sourcecode.swift; path = PhrasesReviewViewModel.swift; sourceTree = "<group>"; };
		953FCE1B25792A8800666503 /* PhrasesLangViewModel.swift */ = {isa = PBXFileReference; fileEncoding = 4; lastKnownFileType = sourcecode.swift; path = PhrasesLangViewModel.swift; sourceTree = "<group>"; };
		953FCE1C25792A8800666503 /* PhrasesLangDetailViewModel.swift */ = {isa = PBXFileReference; fileEncoding = 4; lastKnownFileType = sourcecode.swift; path = PhrasesLangDetailViewModel.swift; sourceTree = "<group>"; };
		953FCE1D25792A8800666503 /* PhrasesUnitViewModel.swift */ = {isa = PBXFileReference; fileEncoding = 4; lastKnownFileType = sourcecode.swift; path = PhrasesUnitViewModel.swift; sourceTree = "<group>"; };
		953FCE1E25792A8800666503 /* PhrasesUnitDetailViewModel.swift */ = {isa = PBXFileReference; fileEncoding = 4; lastKnownFileType = sourcecode.swift; path = PhrasesUnitDetailViewModel.swift; sourceTree = "<group>"; };
		953FCE2825792A8800666503 /* RestApi.swift */ = {isa = PBXFileReference; fileEncoding = 4; lastKnownFileType = sourcecode.swift; path = RestApi.swift; sourceTree = "<group>"; };
		953FCE2925792A8800666503 /* iOSApi.swift */ = {isa = PBXFileReference; fileEncoding = 4; lastKnownFileType = sourcecode.swift; path = iOSApi.swift; sourceTree = "<group>"; };
		953FCE2D25792A8800666503 /* CommonApi.swift */ = {isa = PBXFileReference; fileEncoding = 4; lastKnownFileType = sourcecode.swift; path = CommonApi.swift; sourceTree = "<group>"; };
		9546F069268726DE00ADE420 /* SettingsViewModel.swift */ = {isa = PBXFileReference; fileEncoding = 4; lastKnownFileType = sourcecode.swift; path = SettingsViewModel.swift; sourceTree = "<group>"; };
		9546F06B26881AFA00ADE420 /* LoginView.swift */ = {isa = PBXFileReference; fileEncoding = 4; lastKnownFileType = sourcecode.swift; path = LoginView.swift; sourceTree = "<group>"; };
		9546F06D2688204500ADE420 /* LoginViewModel.swift */ = {isa = PBXFileReference; fileEncoding = 4; lastKnownFileType = sourcecode.swift; path = LoginViewModel.swift; sourceTree = "<group>"; };
		9546F06F268822F200ADE420 /* MUser.swift */ = {isa = PBXFileReference; fileEncoding = 4; lastKnownFileType = sourcecode.swift; path = MUser.swift; sourceTree = "<group>"; };
		957B535225A70F9700C18B06 /* WordsBaseViewModel.swift */ = {isa = PBXFileReference; fileEncoding = 4; lastKnownFileType = sourcecode.swift; path = WordsBaseViewModel.swift; sourceTree = "<group>"; };
		957B535325A70F9700C18B06 /* WordsUnitBatchAddViewModel.swift */ = {isa = PBXFileReference; fileEncoding = 4; lastKnownFileType = sourcecode.swift; path = WordsUnitBatchAddViewModel.swift; sourceTree = "<group>"; };
		957B535C25A70FB000C18B06 /* PhrasesBaseViewModel.swift */ = {isa = PBXFileReference; fileEncoding = 4; lastKnownFileType = sourcecode.swift; path = PhrasesBaseViewModel.swift; sourceTree = "<group>"; };
		957B535D25A70FB100C18B06 /* PhrasesUnitBatchAddViewModel.swift */ = {isa = PBXFileReference; fileEncoding = 4; lastKnownFileType = sourcecode.swift; path = PhrasesUnitBatchAddViewModel.swift; sourceTree = "<group>"; };
		957B538C25AD442500C18B06 /* SideMenuView.swift */ = {isa = PBXFileReference; fileEncoding = 4; lastKnownFileType = sourcecode.swift; path = SideMenuView.swift; sourceTree = "<group>"; };
		957B539425AD686500C18B06 /* SearchView.swift */ = {isa = PBXFileReference; fileEncoding = 4; lastKnownFileType = sourcecode.swift; path = SearchView.swift; sourceTree = "<group>"; };
		95919204258D00190070DBFD /* MCommon.swift */ = {isa = PBXFileReference; fileEncoding = 4; lastKnownFileType = sourcecode.swift; path = MCommon.swift; sourceTree = "<group>"; };
		95919205258D00190070DBFD /* MDictionary.swift */ = {isa = PBXFileReference; fileEncoding = 4; lastKnownFileType = sourcecode.swift; path = MDictionary.swift; sourceTree = "<group>"; };
		95919206258D00190070DBFD /* MAutoCorrect.swift */ = {isa = PBXFileReference; fileEncoding = 4; lastKnownFileType = sourcecode.swift; path = MAutoCorrect.swift; sourceTree = "<group>"; };
		95919207258D00190070DBFD /* MVoice.swift */ = {isa = PBXFileReference; fileEncoding = 4; lastKnownFileType = sourcecode.swift; path = MVoice.swift; sourceTree = "<group>"; };
		95919208258D00190070DBFD /* MUSMapping.swift */ = {isa = PBXFileReference; fileEncoding = 4; lastKnownFileType = sourcecode.swift; path = MUSMapping.swift; sourceTree = "<group>"; };
		95919209258D00190070DBFD /* MUserSetting.swift */ = {isa = PBXFileReference; fileEncoding = 4; lastKnownFileType = sourcecode.swift; path = MUserSetting.swift; sourceTree = "<group>"; };
		9591920A258D00190070DBFD /* MOnlineTextbook.swift */ = {isa = PBXFileReference; fileEncoding = 4; lastKnownFileType = sourcecode.swift; path = MOnlineTextbook.swift; sourceTree = "<group>"; };
		9591920B258D00190070DBFD /* MReviewOptions.swift */ = {isa = PBXFileReference; fileEncoding = 4; lastKnownFileType = sourcecode.swift; path = MReviewOptions.swift; sourceTree = "<group>"; };
		9591920C258D00190070DBFD /* MLanguage.swift */ = {isa = PBXFileReference; fileEncoding = 4; lastKnownFileType = sourcecode.swift; path = MLanguage.swift; sourceTree = "<group>"; };
		9591920D258D00190070DBFD /* MTextbook.swift */ = {isa = PBXFileReference; fileEncoding = 4; lastKnownFileType = sourcecode.swift; path = MTextbook.swift; sourceTree = "<group>"; };
		9591920F258D00190070DBFD /* MUnitWord.swift */ = {isa = PBXFileReference; fileEncoding = 4; lastKnownFileType = sourcecode.swift; path = MUnitWord.swift; sourceTree = "<group>"; };
		95919211258D00190070DBFD /* MLangWord.swift */ = {isa = PBXFileReference; fileEncoding = 4; lastKnownFileType = sourcecode.swift; path = MLangWord.swift; sourceTree = "<group>"; };
		95919212258D00190070DBFD /* MPattern.swift */ = {isa = PBXFileReference; fileEncoding = 4; lastKnownFileType = sourcecode.swift; path = MPattern.swift; sourceTree = "<group>"; };
		95919213258D00190070DBFD /* MWordFami.swift */ = {isa = PBXFileReference; fileEncoding = 4; lastKnownFileType = sourcecode.swift; path = MWordFami.swift; sourceTree = "<group>"; };
		95919214258D00190070DBFD /* MLangPhrase.swift */ = {isa = PBXFileReference; fileEncoding = 4; lastKnownFileType = sourcecode.swift; path = MLangPhrase.swift; sourceTree = "<group>"; };
		95919215258D00190070DBFD /* MWordPhrase.swift */ = {isa = PBXFileReference; fileEncoding = 4; lastKnownFileType = sourcecode.swift; path = MWordPhrase.swift; sourceTree = "<group>"; };
		95919216258D00190070DBFD /* MUnitPhrase.swift */ = {isa = PBXFileReference; fileEncoding = 4; lastKnownFileType = sourcecode.swift; path = MUnitPhrase.swift; sourceTree = "<group>"; };
		95F632DA2588BC93000CFD23 /* SearchBar.swift */ = {isa = PBXFileReference; lastKnownFileType = sourcecode.swift; path = SearchBar.swift; sourceTree = "<group>"; };
		95F632DF2588C0B8000CFD23 /* WebView.swift */ = {isa = PBXFileReference; lastKnownFileType = sourcecode.swift; path = WebView.swift; sourceTree = "<group>"; };
		AE1591C82CF9BD264065A1BF /* Pods-LollySwiftUI.release.xcconfig */ = {isa = PBXFileReference; includeInIndex = 1; lastKnownFileType = text.xcconfig; name = "Pods-LollySwiftUI.release.xcconfig"; path = "Target Support Files/Pods-LollySwiftUI/Pods-LollySwiftUI.release.xcconfig"; sourceTree = "<group>"; };
/* End PBXFileReference section */

/* Begin PBXFrameworksBuildPhase section */
		953FCCF925745D3D00666503 /* Frameworks */ = {
			isa = PBXFrameworksBuildPhase;
			buildActionMask = 2147483647;
			files = (
				8B93E2C58870C1F09F449E65 /* Pods_LollySwiftUI.framework in Frameworks */,
				8C5176F12943C89F00719D42 /* Alamofire in Frameworks */,
			);
			runOnlyForDeploymentPostprocessing = 0;
		};
		953FCD0A25745D4000666503 /* Frameworks */ = {
			isa = PBXFrameworksBuildPhase;
			buildActionMask = 2147483647;
			files = (
				980B573F3DEAC9E5EF4100FF /* Pods_LollySwiftUITests.framework in Frameworks */,
			);
			runOnlyForDeploymentPostprocessing = 0;
		};
		953FCD1525745D4000666503 /* Frameworks */ = {
			isa = PBXFrameworksBuildPhase;
			buildActionMask = 2147483647;
			files = (
			);
			runOnlyForDeploymentPostprocessing = 0;
		};
/* End PBXFrameworksBuildPhase section */

/* Begin PBXGroup section */
		3F816D6207E5364858D8CD93 /* Pods */ = {
			isa = PBXGroup;
			children = (
				8BCF05762F6BA4216D7B3155 /* Pods-LollySwiftUI.debug.xcconfig */,
				AE1591C82CF9BD264065A1BF /* Pods-LollySwiftUI.release.xcconfig */,
				4BE3FFBFA8CA623C2B69556A /* Pods-LollySwiftUITests.debug.xcconfig */,
				1FF9903A34F7BF4A0C219E7C /* Pods-LollySwiftUITests.release.xcconfig */,
			);
			name = Pods;
			path = ../Pods;
			sourceTree = "<group>";
		};
		50B3A0C926896D8700B65E74 /* Views */ = {
			isa = PBXGroup;
			children = (
				8C5F93F72C8A4BC400FC3D1C /* Blogs */,
				957B539925AD69C100C18B06 /* Common */,
				953FCD0125745D3D00666503 /* ContentView.swift */,
				8C7F0093294E329D009D6A90 /* Misc */,
				8CCFA65629B3A6F2004748B8 /* OnlineTextbooks */,
				8C7F008C294E100F009D6A90 /* Patterns */,
				8C7F0089294E100F009D6A90 /* Phrases */,
				8C7F0086294E100F009D6A90 /* Words */,
			);
			path = Views;
			sourceTree = "<group>";
		};
		8C5176C32943C66200719D42 /* CombineCommon */ = {
			isa = PBXGroup;
			children = (
				8C5176C42943C66200719D42 /* Publisher+Bind.swift */,
				8C7F009D295306D8009D6A90 /* Publisher+DidSet.swift */,
				8C5176C62943C66200719D42 /* StoreIn.swift */,
			);
			path = CombineCommon;
			sourceTree = "<group>";
		};
		8C5F93F72C8A4BC400FC3D1C /* Blogs */ = {
			isa = PBXGroup;
			children = (
				8C5F93F82C8A4C7F00FC3D1C /* UnitBlogView.swift */,
			);
			path = Blogs;
			sourceTree = "<group>";
		};
		8C7F0086294E100F009D6A90 /* Words */ = {
			isa = PBXGroup;
			children = (
				8C4189D8295CEF3200928692 /* WordsDictView.swift */,
				8C58548629560EB900AD05CC /* WordsLangDetailView.swift */,
				8C7F0087294E100F009D6A90 /* WordsLangView.swift */,
				8C60AB41295E4D1E00D5CAE7 /* WordsReviewView.swift */,
				8C60AB3D295E4D0600D5CAE7 /* WordsTextbookDetailView.swift */,
				8C60AB3B295E4CF800D5CAE7 /* WordsTextbookView.swift */,
				8C4189DB295CEFA900928692 /* WordsUnitBatchEditView.swift */,
				8C7F0094294EE8A3009D6A90 /* WordsUnitDetailView.swift */,
				8C7F0088294E100F009D6A90 /* WordsUnitView.swift */,
			);
			path = Words;
			sourceTree = "<group>";
		};
		8C7F0089294E100F009D6A90 /* Phrases */ = {
			isa = PBXGroup;
			children = (
				8C58548A29560EE100AD05CC /* PhrasesLangDetailView.swift */,
				8C7F008A294E100F009D6A90 /* PhrasesLangView.swift */,
				8C60AB39295E4CE800D5CAE7 /* PhrasesReviewView.swift */,
				8C60AB37295E4CD700D5CAE7 /* PhrasesTextbookDetailView.swift */,
				8C60AB35295E4CC100D5CAE7 /* PhrasesTextbookView.swift */,
				8C4189DD295CF50D00928692 /* PhrasesUnitBatchEditView.swift */,
				8C58548829560ED200AD05CC /* PhrasesUnitDetailView.swift */,
				8C7F008B294E100F009D6A90 /* PhrasesUnitView.swift */,
			);
			path = Phrases;
			sourceTree = "<group>";
		};
		8C7F008C294E100F009D6A90 /* Patterns */ = {
			isa = PBXGroup;
			children = (
				8C58548C29560EF000AD05CC /* PatternsDetailView.swift */,
				8C7F008D294E100F009D6A90 /* PatternsView.swift */,
				8C60AB2D295E4C5300D5CAE7 /* PatternsWebPageView.swift */,
			);
			path = Patterns;
			sourceTree = "<group>";
		};
		8C7F0093294E329D009D6A90 /* Misc */ = {
			isa = PBXGroup;
			children = (
				9546F06B26881AFA00ADE420 /* LoginView.swift */,
				8CA47F272969347E006CF4A2 /* ReviewOptionsView.swift */,
				957B539425AD686500C18B06 /* SearchView.swift */,
				9513F4E4268B359B00493C0B /* SettingsView.swift */,
				957B538C25AD442500C18B06 /* SideMenuView.swift */,
			);
			path = Misc;
			sourceTree = "<group>";
		};
		8CCFA65629B3A6F2004748B8 /* OnlineTextbooks */ = {
			isa = PBXGroup;
			children = (
				8CCFA65829B3A6F2004748B8 /* OnlineTextbooksDetailView.swift */,
				8CCFA65929B3A6F2004748B8 /* OnlineTextbooksView.swift */,
				8CCFA65729B3A6F2004748B8 /* OnlineTextbooksWebPageView.swift */,
			);
			path = OnlineTextbooks;
			sourceTree = "<group>";
		};
		8CCFA66629B43B5E004748B8 /* Textbooks */ = {
			isa = PBXGroup;
			children = (
				8CCFA66A29B43B5E004748B8 /* OnlineTextbooksViewModel.swift */,
				8CCFA66829B43B5E004748B8 /* TextbooksDetailViewModel.swift */,
				8CCFA66729B43B5E004748B8 /* TextbooksViewModel.swift */,
			);
			path = Textbooks;
			sourceTree = "<group>";
		};
		8CF294AE2A8ECDBF00E8D195 /* Blogs */ = {
			isa = PBXGroup;
			children = (
				8CF294AF2A8ECDBF00E8D195 /* MLangBlogGroup.swift */,
				8CF294B02A8ECDBF00E8D195 /* MLangBlogGP.swift */,
				8CF294B12A8ECDBF00E8D195 /* MUnitBlogPost.swift */,
				8CF294B22A8ECDBF00E8D195 /* MLangBlogPost.swift */,
			);
			path = Blogs;
			sourceTree = "<group>";
		};
		953FCCF325745D3D00666503 = {
			isa = PBXGroup;
			children = (
				953FCDFD25792A8800666503 /* LollySwiftShared */,
				953FCCFE25745D3D00666503 /* LollySwiftUI */,
				953FCD1025745D4000666503 /* LollySwiftUITests */,
				953FCD1B25745D4000666503 /* LollySwiftUIUITests */,
				953FCCFD25745D3D00666503 /* Products */,
				3F816D6207E5364858D8CD93 /* Pods */,
				96294A31D102D151B27463C5 /* Frameworks */,
			);
			sourceTree = "<group>";
		};
		953FCCFD25745D3D00666503 /* Products */ = {
			isa = PBXGroup;
			children = (
				953FCCFC25745D3D00666503 /* LollySwiftUI.app */,
				953FCD0D25745D4000666503 /* LollySwiftUITests.xctest */,
				953FCD1825745D4000666503 /* LollySwiftUIUITests.xctest */,
			);
			name = Products;
			sourceTree = "<group>";
		};
		953FCCFE25745D3D00666503 /* LollySwiftUI */ = {
			isa = PBXGroup;
			children = (
				953FCD0325745D4000666503 /* Assets.xcassets */,
				953FCD0825745D4000666503 /* Info.plist */,
				953FCCFF25745D3D00666503 /* LollySwiftUIApp.swift */,
				953FCD0525745D4000666503 /* Preview Content */,
				50B3A0C926896D8700B65E74 /* Views */,
			);
			path = LollySwiftUI;
			sourceTree = "<group>";
		};
		953FCD0525745D4000666503 /* Preview Content */ = {
			isa = PBXGroup;
			children = (
				953FCD0625745D4000666503 /* Preview Assets.xcassets */,
			);
			path = "Preview Content";
			sourceTree = "<group>";
		};
		953FCD1025745D4000666503 /* LollySwiftUITests */ = {
			isa = PBXGroup;
			children = (
				953FCD1125745D4000666503 /* LollySwiftUITests.swift */,
				953FCD1325745D4000666503 /* Info.plist */,
			);
			path = LollySwiftUITests;
			sourceTree = "<group>";
		};
		953FCD1B25745D4000666503 /* LollySwiftUIUITests */ = {
			isa = PBXGroup;
			children = (
				953FCD1C25745D4000666503 /* LollySwiftUIUITests.swift */,
				953FCD1E25745D4000666503 /* Info.plist */,
			);
			path = LollySwiftUIUITests;
			sourceTree = "<group>";
		};
		953FCDFD25792A8800666503 /* LollySwiftShared */ = {
			isa = PBXGroup;
			children = (
				8C5176C32943C66200719D42 /* CombineCommon */,
				95919202258D00190070DBFD /* Models */,
				953FCE2525792A8800666503 /* Shared */,
				953FCDFE25792A8800666503 /* ViewModels */,
			);
			name = LollySwiftShared;
			path = ../LollySwiftShared;
			sourceTree = "<group>";
		};
		953FCDFE25792A8800666503 /* ViewModels */ = {
			isa = PBXGroup;
			children = (
				953FCDFF25792A8800666503 /* Misc */,
				953FCE1225792A8800666503 /* Patterns */,
				953FCE1825792A8800666503 /* Phrases */,
				8CCFA66629B43B5E004748B8 /* Textbooks */,
				953FCE0925792A8800666503 /* Words */,
			);
			path = ViewModels;
			sourceTree = "<group>";
		};
		953FCDFF25792A8800666503 /* Misc */ = {
			isa = PBXGroup;
			children = (
				9546F06D2688204500ADE420 /* LoginViewModel.swift */,
				953FCE0225792A8800666503 /* ReadNumberViewModel.swift */,
				953FCE0325792A8800666503 /* ReviewOptionsViewModel.swift */,
				9546F069268726DE00ADE420 /* SettingsViewModel.swift */,
				953FCE0525792A8800666503 /* TransformDetailViewModel.swift */,
			);
			path = Misc;
			sourceTree = "<group>";
		};
		953FCE0925792A8800666503 /* Words */ = {
			isa = PBXGroup;
			children = (
				953FCE1025792A8800666503 /* SingleWordViewModel.swift */,
				957B535225A70F9700C18B06 /* WordsBaseViewModel.swift */,
				953FCE0E25792A8800666503 /* WordsDictViewModel.swift */,
				953FCE0A25792A8800666503 /* WordsLangDetailViewModel.swift */,
				953FCE0B25792A8800666503 /* WordsLangViewModel.swift */,
				953FCE0D25792A8800666503 /* WordsReviewViewModel.swift */,
				953FCE0F25792A8800666503 /* WordsSearchViewModel.swift */,
				957B535325A70F9700C18B06 /* WordsUnitBatchAddViewModel.swift */,
				953FCE0C25792A8800666503 /* WordsUnitDetailViewModel.swift */,
				953FCE1125792A8800666503 /* WordsUnitViewModel.swift */,
			);
			path = Words;
			sourceTree = "<group>";
		};
		953FCE1225792A8800666503 /* Patterns */ = {
			isa = PBXGroup;
			children = (
				953FCE1625792A8800666503 /* PatternsViewModel.swift */,
			);
			path = Patterns;
			sourceTree = "<group>";
		};
		953FCE1825792A8800666503 /* Phrases */ = {
			isa = PBXGroup;
			children = (
				957B535C25A70FB000C18B06 /* PhrasesBaseViewModel.swift */,
				953FCE1C25792A8800666503 /* PhrasesLangDetailViewModel.swift */,
				953FCE1B25792A8800666503 /* PhrasesLangViewModel.swift */,
				953FCE1A25792A8800666503 /* PhrasesReviewViewModel.swift */,
				957B535D25A70FB100C18B06 /* PhrasesUnitBatchAddViewModel.swift */,
				953FCE1E25792A8800666503 /* PhrasesUnitDetailViewModel.swift */,
				953FCE1D25792A8800666503 /* PhrasesUnitViewModel.swift */,
				953FCE1925792A8800666503 /* SinglePhraseViewModel.swift */,
			);
			path = Phrases;
			sourceTree = "<group>";
		};
		953FCE2525792A8800666503 /* Shared */ = {
			isa = PBXGroup;
			children = (
				953FCE2D25792A8800666503 /* CommonApi.swift */,
				8CB0BFB329466618001D0071 /* DictStore.swift */,
				8CA47F252968F37D006CF4A2 /* GlobalUser.swift */,
				953FCE2925792A8800666503 /* iOSApi.swift */,
				953FCE2825792A8800666503 /* RestApi.swift */,
			);
			path = Shared;
			sourceTree = "<group>";
		};
		957B539925AD69C100C18B06 /* Common */ = {
			isa = PBXGroup;
			children = (
				8CA47F2929694D57006CF4A2 /* IsHIdden.swift */,
				8C60AB47295F61E500D5CAE7 /* PickerModifier.swift */,
				95F632DA2588BC93000CFD23 /* SearchBar.swift */,
				95F632DF2588C0B8000CFD23 /* WebView.swift */,
			);
			path = Common;
			sourceTree = "<group>";
		};
		95919202258D00190070DBFD /* Models */ = {
			isa = PBXGroup;
			children = (
				8CF294AE2A8ECDBF00E8D195 /* Blogs */,
				95919203258D00190070DBFD /* Misc */,
				9591920E258D00190070DBFD /* WPP */,
			);
			path = Models;
			sourceTree = "<group>";
		};
		95919203258D00190070DBFD /* Misc */ = {
			isa = PBXGroup;
			children = (
				95919206258D00190070DBFD /* MAutoCorrect.swift */,
				95919204258D00190070DBFD /* MCommon.swift */,
				95919205258D00190070DBFD /* MDictionary.swift */,
				9591920C258D00190070DBFD /* MLanguage.swift */,
				9591920A258D00190070DBFD /* MOnlineTextbook.swift */,
				9591920B258D00190070DBFD /* MReviewOptions.swift */,
				9591920D258D00190070DBFD /* MTextbook.swift */,
				9546F06F268822F200ADE420 /* MUser.swift */,
				95919209258D00190070DBFD /* MUserSetting.swift */,
				95919208258D00190070DBFD /* MUSMapping.swift */,
				95919207258D00190070DBFD /* MVoice.swift */,
			);
			path = Misc;
			sourceTree = "<group>";
		};
		9591920E258D00190070DBFD /* WPP */ = {
			isa = PBXGroup;
			children = (
				95919214258D00190070DBFD /* MLangPhrase.swift */,
				95919211258D00190070DBFD /* MLangWord.swift */,
				95919212258D00190070DBFD /* MPattern.swift */,
				95919216258D00190070DBFD /* MUnitPhrase.swift */,
				9591920F258D00190070DBFD /* MUnitWord.swift */,
				95919213258D00190070DBFD /* MWordFami.swift */,
				95919215258D00190070DBFD /* MWordPhrase.swift */,
			);
			path = WPP;
			sourceTree = "<group>";
		};
		96294A31D102D151B27463C5 /* Frameworks */ = {
			isa = PBXGroup;
			children = (
				881EFE4F8A213E4DC1BEF169 /* Pods_LollySwiftUI.framework */,
				881E9DDDB41B6CF858729603 /* Pods_LollySwiftUITests.framework */,
			);
			name = Frameworks;
			sourceTree = "<group>";
		};
/* End PBXGroup section */

/* Begin PBXNativeTarget section */
		953FCCFB25745D3D00666503 /* LollySwiftUI */ = {
			isa = PBXNativeTarget;
			buildConfigurationList = 953FCD2125745D4000666503 /* Build configuration list for PBXNativeTarget "LollySwiftUI" */;
			buildPhases = (
				E7B19F8DC04DC6C9D8661D0C /* [CP] Check Pods Manifest.lock */,
				953FCCF825745D3D00666503 /* Sources */,
				953FCCF925745D3D00666503 /* Frameworks */,
				953FCCFA25745D3D00666503 /* Resources */,
				9A785D16CBA9994A9D5698FD /* [CP] Embed Pods Frameworks */,
			);
			buildRules = (
			);
			dependencies = (
			);
			name = LollySwiftUI;
			packageProductDependencies = (
				8C5176F02943C89F00719D42 /* Alamofire */,
			);
			productName = LollySwiftUIiOS;
			productReference = 953FCCFC25745D3D00666503 /* LollySwiftUI.app */;
			productType = "com.apple.product-type.application";
		};
		953FCD0C25745D4000666503 /* LollySwiftUITests */ = {
			isa = PBXNativeTarget;
			buildConfigurationList = 953FCD2425745D4000666503 /* Build configuration list for PBXNativeTarget "LollySwiftUITests" */;
			buildPhases = (
				65AD5C90B558B2D73E370E21 /* [CP] Check Pods Manifest.lock */,
				953FCD0925745D4000666503 /* Sources */,
				953FCD0A25745D4000666503 /* Frameworks */,
				953FCD0B25745D4000666503 /* Resources */,
				8F86259D295621CEC409A1AE /* [CP] Embed Pods Frameworks */,
			);
			buildRules = (
			);
			dependencies = (
				953FCD0F25745D4000666503 /* PBXTargetDependency */,
			);
			name = LollySwiftUITests;
			productName = LollySwiftUIiOSTests;
			productReference = 953FCD0D25745D4000666503 /* LollySwiftUITests.xctest */;
			productType = "com.apple.product-type.bundle.unit-test";
		};
		953FCD1725745D4000666503 /* LollySwiftUIUITests */ = {
			isa = PBXNativeTarget;
			buildConfigurationList = 953FCD2725745D4000666503 /* Build configuration list for PBXNativeTarget "LollySwiftUIUITests" */;
			buildPhases = (
				953FCD1425745D4000666503 /* Sources */,
				953FCD1525745D4000666503 /* Frameworks */,
				953FCD1625745D4000666503 /* Resources */,
			);
			buildRules = (
			);
			dependencies = (
				953FCD1A25745D4000666503 /* PBXTargetDependency */,
			);
			name = LollySwiftUIUITests;
			productName = LollySwiftUIiOSUITests;
			productReference = 953FCD1825745D4000666503 /* LollySwiftUIUITests.xctest */;
			productType = "com.apple.product-type.bundle.ui-testing";
		};
/* End PBXNativeTarget section */

/* Begin PBXProject section */
		953FCCF425745D3D00666503 /* Project object */ = {
			isa = PBXProject;
			attributes = {
				BuildIndependentTargetsInParallel = YES;
				LastSwiftUpdateCheck = 1220;
				LastUpgradeCheck = 1430;
				TargetAttributes = {
					953FCCFB25745D3D00666503 = {
						CreatedOnToolsVersion = 12.2;
					};
					953FCD0C25745D4000666503 = {
						CreatedOnToolsVersion = 12.2;
						TestTargetID = 953FCCFB25745D3D00666503;
					};
					953FCD1725745D4000666503 = {
						CreatedOnToolsVersion = 12.2;
						TestTargetID = 953FCCFB25745D3D00666503;
					};
				};
			};
			buildConfigurationList = 953FCCF725745D3D00666503 /* Build configuration list for PBXProject "LollySwiftUI" */;
			compatibilityVersion = "Xcode 9.3";
			developmentRegion = en;
			hasScannedForEncodings = 0;
			knownRegions = (
				en,
				Base,
			);
			mainGroup = 953FCCF325745D3D00666503;
			packageReferences = (
				8C5176EF2943C89F00719D42 /* XCRemoteSwiftPackageReference "Alamofire" */,
			);
			productRefGroup = 953FCCFD25745D3D00666503 /* Products */;
			projectDirPath = "";
			projectRoot = "";
			targets = (
				953FCCFB25745D3D00666503 /* LollySwiftUI */,
				953FCD0C25745D4000666503 /* LollySwiftUITests */,
				953FCD1725745D4000666503 /* LollySwiftUIUITests */,
			);
		};
/* End PBXProject section */

/* Begin PBXResourcesBuildPhase section */
		953FCCFA25745D3D00666503 /* Resources */ = {
			isa = PBXResourcesBuildPhase;
			buildActionMask = 2147483647;
			files = (
				953FCD0725745D4000666503 /* Preview Assets.xcassets in Resources */,
				953FCD0425745D4000666503 /* Assets.xcassets in Resources */,
			);
			runOnlyForDeploymentPostprocessing = 0;
		};
		953FCD0B25745D4000666503 /* Resources */ = {
			isa = PBXResourcesBuildPhase;
			buildActionMask = 2147483647;
			files = (
			);
			runOnlyForDeploymentPostprocessing = 0;
		};
		953FCD1625745D4000666503 /* Resources */ = {
			isa = PBXResourcesBuildPhase;
			buildActionMask = 2147483647;
			files = (
			);
			runOnlyForDeploymentPostprocessing = 0;
		};
/* End PBXResourcesBuildPhase section */

/* Begin PBXShellScriptBuildPhase section */
		65AD5C90B558B2D73E370E21 /* [CP] Check Pods Manifest.lock */ = {
			isa = PBXShellScriptBuildPhase;
			buildActionMask = 2147483647;
			files = (
			);
			inputFileListPaths = (
			);
			inputPaths = (
				"${PODS_PODFILE_DIR_PATH}/Podfile.lock",
				"${PODS_ROOT}/Manifest.lock",
			);
			name = "[CP] Check Pods Manifest.lock";
			outputFileListPaths = (
			);
			outputPaths = (
				"$(DERIVED_FILE_DIR)/Pods-LollySwiftUITests-checkManifestLockResult.txt",
			);
			runOnlyForDeploymentPostprocessing = 0;
			shellPath = /bin/sh;
			shellScript = "diff \"${PODS_PODFILE_DIR_PATH}/Podfile.lock\" \"${PODS_ROOT}/Manifest.lock\" > /dev/null\nif [ $? != 0 ] ; then\n    # print error to STDERR\n    echo \"error: The sandbox is not in sync with the Podfile.lock. Run 'pod install' or update your CocoaPods installation.\" >&2\n    exit 1\nfi\n# This output is used by Xcode 'outputs' to avoid re-running this script phase.\necho \"SUCCESS\" > \"${SCRIPT_OUTPUT_FILE_0}\"\n";
			showEnvVarsInLog = 0;
		};
		8F86259D295621CEC409A1AE /* [CP] Embed Pods Frameworks */ = {
			isa = PBXShellScriptBuildPhase;
			buildActionMask = 2147483647;
			files = (
			);
			inputFileListPaths = (
				"${PODS_ROOT}/Target Support Files/Pods-LollySwiftUITests/Pods-LollySwiftUITests-frameworks-${CONFIGURATION}-input-files.xcfilelist",
			);
			name = "[CP] Embed Pods Frameworks";
			outputFileListPaths = (
				"${PODS_ROOT}/Target Support Files/Pods-LollySwiftUITests/Pods-LollySwiftUITests-frameworks-${CONFIGURATION}-output-files.xcfilelist",
			);
			runOnlyForDeploymentPostprocessing = 0;
			shellPath = /bin/sh;
			shellScript = "\"${PODS_ROOT}/Target Support Files/Pods-LollySwiftUITests/Pods-LollySwiftUITests-frameworks.sh\"\n";
			showEnvVarsInLog = 0;
		};
		9A785D16CBA9994A9D5698FD /* [CP] Embed Pods Frameworks */ = {
			isa = PBXShellScriptBuildPhase;
			buildActionMask = 2147483647;
			files = (
			);
			inputFileListPaths = (
				"${PODS_ROOT}/Target Support Files/Pods-LollySwiftUI/Pods-LollySwiftUI-frameworks-${CONFIGURATION}-input-files.xcfilelist",
			);
			name = "[CP] Embed Pods Frameworks";
			outputFileListPaths = (
				"${PODS_ROOT}/Target Support Files/Pods-LollySwiftUI/Pods-LollySwiftUI-frameworks-${CONFIGURATION}-output-files.xcfilelist",
			);
			runOnlyForDeploymentPostprocessing = 0;
			shellPath = /bin/sh;
			shellScript = "\"${PODS_ROOT}/Target Support Files/Pods-LollySwiftUI/Pods-LollySwiftUI-frameworks.sh\"\n";
			showEnvVarsInLog = 0;
		};
		E7B19F8DC04DC6C9D8661D0C /* [CP] Check Pods Manifest.lock */ = {
			isa = PBXShellScriptBuildPhase;
			buildActionMask = 2147483647;
			files = (
			);
			inputFileListPaths = (
			);
			inputPaths = (
				"${PODS_PODFILE_DIR_PATH}/Podfile.lock",
				"${PODS_ROOT}/Manifest.lock",
			);
			name = "[CP] Check Pods Manifest.lock";
			outputFileListPaths = (
			);
			outputPaths = (
				"$(DERIVED_FILE_DIR)/Pods-LollySwiftUI-checkManifestLockResult.txt",
			);
			runOnlyForDeploymentPostprocessing = 0;
			shellPath = /bin/sh;
			shellScript = "diff \"${PODS_PODFILE_DIR_PATH}/Podfile.lock\" \"${PODS_ROOT}/Manifest.lock\" > /dev/null\nif [ $? != 0 ] ; then\n    # print error to STDERR\n    echo \"error: The sandbox is not in sync with the Podfile.lock. Run 'pod install' or update your CocoaPods installation.\" >&2\n    exit 1\nfi\n# This output is used by Xcode 'outputs' to avoid re-running this script phase.\necho \"SUCCESS\" > \"${SCRIPT_OUTPUT_FILE_0}\"\n";
			showEnvVarsInLog = 0;
		};
/* End PBXShellScriptBuildPhase section */

/* Begin PBXSourcesBuildPhase section */
		953FCCF825745D3D00666503 /* Sources */ = {
			isa = PBXSourcesBuildPhase;
			buildActionMask = 2147483647;
			files = (
				8C5F93F92C8A4C7F00FC3D1C /* UnitBlogView.swift in Sources */,
				95919229258D00190070DBFD /* MUnitPhrase.swift in Sources */,
				8C60AB2E295E4C5300D5CAE7 /* PatternsWebPageView.swift in Sources */,
				953FCE5D25792A8800666503 /* SinglePhraseViewModel.swift in Sources */,
				8CF294B52A8ECDBF00E8D195 /* MUnitBlogPost.swift in Sources */,
				8CB0BFB429466618001D0071 /* DictStore.swift in Sources */,
				953FCD0225745D3D00666503 /* ContentView.swift in Sources */,
				8C60AB38295E4CD700D5CAE7 /* PhrasesTextbookDetailView.swift in Sources */,
				9591921A258D00190070DBFD /* MAutoCorrect.swift in Sources */,
				8CF294B32A8ECDBF00E8D195 /* MLangBlogGroup.swift in Sources */,
				8C5176DB2943C66200719D42 /* Publisher+Bind.swift in Sources */,
				95F632E02588C0B8000CFD23 /* WebView.swift in Sources */,
				95919228258D00190070DBFD /* MWordPhrase.swift in Sources */,
				8C58548729560EB900AD05CC /* WordsLangDetailView.swift in Sources */,
				8C7F0090294E100F009D6A90 /* PhrasesLangView.swift in Sources */,
				953FCE5425792A8800666503 /* WordsDictViewModel.swift in Sources */,
				953FCE6F25792A8800666503 /* CommonApi.swift in Sources */,
				957B539525AD686500C18B06 /* SearchView.swift in Sources */,
				953FCE6225792A8800666503 /* PhrasesUnitDetailViewModel.swift in Sources */,
				8C60AB3C295E4CF800D5CAE7 /* WordsTextbookView.swift in Sources */,
				8C7F008F294E100F009D6A90 /* WordsUnitView.swift in Sources */,
				95919222258D00190070DBFD /* MUnitWord.swift in Sources */,
				8CCFA66B29B43B5E004748B8 /* TextbooksViewModel.swift in Sources */,
				95F632DB2588BC93000CFD23 /* SearchBar.swift in Sources */,
				8C5176DD2943C66200719D42 /* StoreIn.swift in Sources */,
				8C60AB3E295E4D0600D5CAE7 /* WordsTextbookDetailView.swift in Sources */,
				953FCE5125792A8800666503 /* WordsLangViewModel.swift in Sources */,
				957B535E25A70FB100C18B06 /* PhrasesBaseViewModel.swift in Sources */,
				953FCE5F25792A8800666503 /* PhrasesLangViewModel.swift in Sources */,
				8CCFA66C29B43B5E004748B8 /* TextbooksDetailViewModel.swift in Sources */,
				953FCD0025745D3D00666503 /* LollySwiftUIApp.swift in Sources */,
				957B535525A70F9800C18B06 /* WordsUnitBatchAddViewModel.swift in Sources */,
				953FCE4925792A8800666503 /* ReadNumberViewModel.swift in Sources */,
				8C58548B29560EE100AD05CC /* PhrasesLangDetailView.swift in Sources */,
				953FCE6125792A8800666503 /* PhrasesUnitViewModel.swift in Sources */,
				9513F4E5268B359B00493C0B /* SettingsView.swift in Sources */,
				95919227258D00190070DBFD /* MLangPhrase.swift in Sources */,
				8CCFA66E29B43B5E004748B8 /* OnlineTextbooksViewModel.swift in Sources */,
				95919225258D00190070DBFD /* MPattern.swift in Sources */,
				8CF294B62A8ECDBF00E8D195 /* MLangBlogPost.swift in Sources */,
				9591921C258D00190070DBFD /* MUSMapping.swift in Sources */,
				95919226258D00190070DBFD /* MWordFami.swift in Sources */,
				8C7F0091294E100F009D6A90 /* PhrasesUnitView.swift in Sources */,
				8C60AB3A295E4CE800D5CAE7 /* PhrasesReviewView.swift in Sources */,
				9546F070268822F200ADE420 /* MUser.swift in Sources */,
				8C7F0092294E100F009D6A90 /* PatternsView.swift in Sources */,
				9546F06C26881AFA00ADE420 /* LoginView.swift in Sources */,
				953FCE5025792A8800666503 /* WordsLangDetailViewModel.swift in Sources */,
				953FCE6B25792A8800666503 /* iOSApi.swift in Sources */,
				8CA47F2A29694D57006CF4A2 /* IsHIdden.swift in Sources */,
				8C7F008E294E100F009D6A90 /* WordsLangView.swift in Sources */,
				9546F06E2688204500ADE420 /* LoginViewModel.swift in Sources */,
				95919218258D00190070DBFD /* MCommon.swift in Sources */,
				957B535F25A70FB100C18B06 /* PhrasesUnitBatchAddViewModel.swift in Sources */,
				953FCE6025792A8800666503 /* PhrasesLangDetailViewModel.swift in Sources */,
				953FCE5525792A8800666503 /* WordsSearchViewModel.swift in Sources */,
				953FCE4A25792A8800666503 /* ReviewOptionsViewModel.swift in Sources */,
				8CF294B42A8ECDBF00E8D195 /* MLangBlogGP.swift in Sources */,
				8CA47F262968F37D006CF4A2 /* GlobalUser.swift in Sources */,
				8CCFA65B29B3A6F2004748B8 /* OnlineTextbooksDetailView.swift in Sources */,
				8C4189DE295CF50D00928692 /* PhrasesUnitBatchEditView.swift in Sources */,
				9546F06A268726DE00ADE420 /* SettingsViewModel.swift in Sources */,
				8C7F0095294EE8A3009D6A90 /* WordsUnitDetailView.swift in Sources */,
				8C58548D29560EF000AD05CC /* PatternsDetailView.swift in Sources */,
				8C7F009E295306D8009D6A90 /* Publisher+DidSet.swift in Sources */,
				8C60AB42295E4D1E00D5CAE7 /* WordsReviewView.swift in Sources */,
				957B538D25AD442500C18B06 /* SideMenuView.swift in Sources */,
				95919221258D00190070DBFD /* MTextbook.swift in Sources */,
				953FCE4C25792A8800666503 /* TransformDetailViewModel.swift in Sources */,
				8CCFA65A29B3A6F2004748B8 /* OnlineTextbooksWebPageView.swift in Sources */,
				95919219258D00190070DBFD /* MDictionary.swift in Sources */,
				95919220258D00190070DBFD /* MLanguage.swift in Sources */,
				953FCE6A25792A8800666503 /* RestApi.swift in Sources */,
				9591921B258D00190070DBFD /* MVoice.swift in Sources */,
				8C58548929560ED200AD05CC /* PhrasesUnitDetailView.swift in Sources */,
				953FCE5625792A8800666503 /* SingleWordViewModel.swift in Sources */,
				9591921D258D00190070DBFD /* MUserSetting.swift in Sources */,
				8C60AB48295F61E500D5CAE7 /* PickerModifier.swift in Sources */,
				9591921F258D00190070DBFD /* MReviewOptions.swift in Sources */,
				8CA47F282969347E006CF4A2 /* ReviewOptionsView.swift in Sources */,
				8C4189D9295CEF3200928692 /* WordsDictView.swift in Sources */,
				8C4189DC295CEFA900928692 /* WordsUnitBatchEditView.swift in Sources */,
				8CCFA65C29B3A6F2004748B8 /* OnlineTextbooksView.swift in Sources */,
				9591921E258D00190070DBFD /* MOnlineTextbook.swift in Sources */,
				953FCE5E25792A8800666503 /* PhrasesReviewViewModel.swift in Sources */,
				95919224258D00190070DBFD /* MLangWord.swift in Sources */,
				953FCE5325792A8800666503 /* WordsReviewViewModel.swift in Sources */,
				8C60AB36295E4CC100D5CAE7 /* PhrasesTextbookView.swift in Sources */,
				953FCE5225792A8800666503 /* WordsUnitDetailViewModel.swift in Sources */,
				953FCE5B25792A8800666503 /* PatternsViewModel.swift in Sources */,
				953FCE5725792A8800666503 /* WordsUnitViewModel.swift in Sources */,
				957B535425A70F9800C18B06 /* WordsBaseViewModel.swift in Sources */,
			);
			runOnlyForDeploymentPostprocessing = 0;
		};
		953FCD0925745D4000666503 /* Sources */ = {
			isa = PBXSourcesBuildPhase;
			buildActionMask = 2147483647;
			files = (
				953FCD1225745D4000666503 /* LollySwiftUITests.swift in Sources */,
			);
			runOnlyForDeploymentPostprocessing = 0;
		};
		953FCD1425745D4000666503 /* Sources */ = {
			isa = PBXSourcesBuildPhase;
			buildActionMask = 2147483647;
			files = (
				953FCD1D25745D4000666503 /* LollySwiftUIUITests.swift in Sources */,
			);
			runOnlyForDeploymentPostprocessing = 0;
		};
/* End PBXSourcesBuildPhase section */

/* Begin PBXTargetDependency section */
		953FCD0F25745D4000666503 /* PBXTargetDependency */ = {
			isa = PBXTargetDependency;
			target = 953FCCFB25745D3D00666503 /* LollySwiftUI */;
			targetProxy = 953FCD0E25745D4000666503 /* PBXContainerItemProxy */;
		};
		953FCD1A25745D4000666503 /* PBXTargetDependency */ = {
			isa = PBXTargetDependency;
			target = 953FCCFB25745D3D00666503 /* LollySwiftUI */;
			targetProxy = 953FCD1925745D4000666503 /* PBXContainerItemProxy */;
		};
/* End PBXTargetDependency section */

/* Begin XCBuildConfiguration section */
		953FCD1F25745D4000666503 /* Debug */ = {
			isa = XCBuildConfiguration;
			buildSettings = {
				ALWAYS_SEARCH_USER_PATHS = NO;
				CLANG_ANALYZER_NONNULL = YES;
				CLANG_ANALYZER_NUMBER_OBJECT_CONVERSION = YES_AGGRESSIVE;
				CLANG_CXX_LANGUAGE_STANDARD = "gnu++14";
				CLANG_CXX_LIBRARY = "libc++";
				CLANG_ENABLE_MODULES = YES;
				CLANG_ENABLE_OBJC_ARC = YES;
				CLANG_ENABLE_OBJC_WEAK = YES;
				CLANG_WARN_BLOCK_CAPTURE_AUTORELEASING = YES;
				CLANG_WARN_BOOL_CONVERSION = YES;
				CLANG_WARN_COMMA = YES;
				CLANG_WARN_CONSTANT_CONVERSION = YES;
				CLANG_WARN_DEPRECATED_OBJC_IMPLEMENTATIONS = YES;
				CLANG_WARN_DIRECT_OBJC_ISA_USAGE = YES_ERROR;
				CLANG_WARN_DOCUMENTATION_COMMENTS = YES;
				CLANG_WARN_EMPTY_BODY = YES;
				CLANG_WARN_ENUM_CONVERSION = YES;
				CLANG_WARN_INFINITE_RECURSION = YES;
				CLANG_WARN_INT_CONVERSION = YES;
				CLANG_WARN_NON_LITERAL_NULL_CONVERSION = YES;
				CLANG_WARN_OBJC_IMPLICIT_RETAIN_SELF = YES;
				CLANG_WARN_OBJC_LITERAL_CONVERSION = YES;
				CLANG_WARN_OBJC_ROOT_CLASS = YES_ERROR;
				CLANG_WARN_QUOTED_INCLUDE_IN_FRAMEWORK_HEADER = YES;
				CLANG_WARN_RANGE_LOOP_ANALYSIS = YES;
				CLANG_WARN_STRICT_PROTOTYPES = YES;
				CLANG_WARN_SUSPICIOUS_MOVE = YES;
				CLANG_WARN_UNGUARDED_AVAILABILITY = YES_AGGRESSIVE;
				CLANG_WARN_UNREACHABLE_CODE = YES;
				CLANG_WARN__DUPLICATE_METHOD_MATCH = YES;
				COPY_PHASE_STRIP = NO;
				DEBUG_INFORMATION_FORMAT = dwarf;
				ENABLE_STRICT_OBJC_MSGSEND = YES;
				ENABLE_TESTABILITY = YES;
				GCC_C_LANGUAGE_STANDARD = gnu11;
				GCC_DYNAMIC_NO_PIC = NO;
				GCC_NO_COMMON_BLOCKS = YES;
				GCC_OPTIMIZATION_LEVEL = 0;
				GCC_PREPROCESSOR_DEFINITIONS = (
					"DEBUG=1",
					"$(inherited)",
				);
				GCC_WARN_64_TO_32_BIT_CONVERSION = YES;
				GCC_WARN_ABOUT_RETURN_TYPE = YES_ERROR;
				GCC_WARN_UNDECLARED_SELECTOR = YES;
				GCC_WARN_UNINITIALIZED_AUTOS = YES_AGGRESSIVE;
				GCC_WARN_UNUSED_FUNCTION = YES;
				GCC_WARN_UNUSED_VARIABLE = YES;
				IPHONEOS_DEPLOYMENT_TARGET = 16.0;
				MTL_ENABLE_DEBUG_INFO = INCLUDE_SOURCE;
				MTL_FAST_MATH = YES;
				ONLY_ACTIVE_ARCH = YES;
				SDKROOT = iphoneos;
				SWIFT_ACTIVE_COMPILATION_CONDITIONS = DEBUG;
				SWIFT_OPTIMIZATION_LEVEL = "-Onone";
			};
			name = Debug;
		};
		953FCD2025745D4000666503 /* Release */ = {
			isa = XCBuildConfiguration;
			buildSettings = {
				ALWAYS_SEARCH_USER_PATHS = NO;
				CLANG_ANALYZER_NONNULL = YES;
				CLANG_ANALYZER_NUMBER_OBJECT_CONVERSION = YES_AGGRESSIVE;
				CLANG_CXX_LANGUAGE_STANDARD = "gnu++14";
				CLANG_CXX_LIBRARY = "libc++";
				CLANG_ENABLE_MODULES = YES;
				CLANG_ENABLE_OBJC_ARC = YES;
				CLANG_ENABLE_OBJC_WEAK = YES;
				CLANG_WARN_BLOCK_CAPTURE_AUTORELEASING = YES;
				CLANG_WARN_BOOL_CONVERSION = YES;
				CLANG_WARN_COMMA = YES;
				CLANG_WARN_CONSTANT_CONVERSION = YES;
				CLANG_WARN_DEPRECATED_OBJC_IMPLEMENTATIONS = YES;
				CLANG_WARN_DIRECT_OBJC_ISA_USAGE = YES_ERROR;
				CLANG_WARN_DOCUMENTATION_COMMENTS = YES;
				CLANG_WARN_EMPTY_BODY = YES;
				CLANG_WARN_ENUM_CONVERSION = YES;
				CLANG_WARN_INFINITE_RECURSION = YES;
				CLANG_WARN_INT_CONVERSION = YES;
				CLANG_WARN_NON_LITERAL_NULL_CONVERSION = YES;
				CLANG_WARN_OBJC_IMPLICIT_RETAIN_SELF = YES;
				CLANG_WARN_OBJC_LITERAL_CONVERSION = YES;
				CLANG_WARN_OBJC_ROOT_CLASS = YES_ERROR;
				CLANG_WARN_QUOTED_INCLUDE_IN_FRAMEWORK_HEADER = YES;
				CLANG_WARN_RANGE_LOOP_ANALYSIS = YES;
				CLANG_WARN_STRICT_PROTOTYPES = YES;
				CLANG_WARN_SUSPICIOUS_MOVE = YES;
				CLANG_WARN_UNGUARDED_AVAILABILITY = YES_AGGRESSIVE;
				CLANG_WARN_UNREACHABLE_CODE = YES;
				CLANG_WARN__DUPLICATE_METHOD_MATCH = YES;
				COPY_PHASE_STRIP = NO;
				DEBUG_INFORMATION_FORMAT = "dwarf-with-dsym";
				ENABLE_NS_ASSERTIONS = NO;
				ENABLE_STRICT_OBJC_MSGSEND = YES;
				GCC_C_LANGUAGE_STANDARD = gnu11;
				GCC_NO_COMMON_BLOCKS = YES;
				GCC_WARN_64_TO_32_BIT_CONVERSION = YES;
				GCC_WARN_ABOUT_RETURN_TYPE = YES_ERROR;
				GCC_WARN_UNDECLARED_SELECTOR = YES;
				GCC_WARN_UNINITIALIZED_AUTOS = YES_AGGRESSIVE;
				GCC_WARN_UNUSED_FUNCTION = YES;
				GCC_WARN_UNUSED_VARIABLE = YES;
				IPHONEOS_DEPLOYMENT_TARGET = 16.0;
				MTL_ENABLE_DEBUG_INFO = NO;
				MTL_FAST_MATH = YES;
				SDKROOT = iphoneos;
				SWIFT_COMPILATION_MODE = wholemodule;
				SWIFT_OPTIMIZATION_LEVEL = "-O";
				VALIDATE_PRODUCT = YES;
			};
			name = Release;
		};
		953FCD2225745D4000666503 /* Debug */ = {
			isa = XCBuildConfiguration;
			baseConfigurationReference = 8BCF05762F6BA4216D7B3155 /* Pods-LollySwiftUI.debug.xcconfig */;
			buildSettings = {
				ASSETCATALOG_COMPILER_APPICON_NAME = AppIcon;
				ASSETCATALOG_COMPILER_GLOBAL_ACCENT_COLOR_NAME = AccentColor;
				CODE_SIGN_STYLE = Automatic;
				DEVELOPMENT_ASSET_PATHS = "\"LollySwiftUI/Preview Content\"";
				DEVELOPMENT_TEAM = U259NHMY78;
				ENABLE_PREVIEWS = YES;
				INFOPLIST_FILE = LollySwiftUI/Info.plist;
				IPHONEOS_DEPLOYMENT_TARGET = 17.5;
				LD_RUNPATH_SEARCH_PATHS = (
					"$(inherited)",
					"@executable_path/Frameworks",
				);
				MACOSX_DEPLOYMENT_TARGET = "$(RECOMMENDED_MACOSX_DEPLOYMENT_TARGET)";
				OTHER_SWIFT_FLAGS = "$(inherited) -D COCOAPODS -D SWIFTUI";
				PRODUCT_BUNDLE_IDENTIFIER = com.zwstudio.LollySwiftUIiOS;
				PRODUCT_NAME = "$(TARGET_NAME)";
				SWIFT_ACTIVE_COMPILATION_CONDITIONS = DEBUG;
				SWIFT_VERSION = 5.0;
				TARGETED_DEVICE_FAMILY = "1,2";
			};
			name = Debug;
		};
		953FCD2325745D4000666503 /* Release */ = {
			isa = XCBuildConfiguration;
			baseConfigurationReference = AE1591C82CF9BD264065A1BF /* Pods-LollySwiftUI.release.xcconfig */;
			buildSettings = {
				ASSETCATALOG_COMPILER_APPICON_NAME = AppIcon;
				ASSETCATALOG_COMPILER_GLOBAL_ACCENT_COLOR_NAME = AccentColor;
				CODE_SIGN_STYLE = Automatic;
				DEVELOPMENT_ASSET_PATHS = "\"LollySwiftUI/Preview Content\"";
				DEVELOPMENT_TEAM = U259NHMY78;
				ENABLE_PREVIEWS = YES;
				INFOPLIST_FILE = LollySwiftUI/Info.plist;
				IPHONEOS_DEPLOYMENT_TARGET = 17.5;
				LD_RUNPATH_SEARCH_PATHS = (
					"$(inherited)",
					"@executable_path/Frameworks",
				);
				MACOSX_DEPLOYMENT_TARGET = "$(RECOMMENDED_MACOSX_DEPLOYMENT_TARGET)";
				OTHER_SWIFT_FLAGS = "$(inherited) -D COCOAPODS -D SWIFTUI";
				PRODUCT_BUNDLE_IDENTIFIER = com.zwstudio.LollySwiftUIiOS;
				PRODUCT_NAME = "$(TARGET_NAME)";
				SWIFT_ACTIVE_COMPILATION_CONDITIONS = "";
				SWIFT_VERSION = 5.0;
				TARGETED_DEVICE_FAMILY = "1,2";
			};
			name = Release;
		};
		953FCD2525745D4000666503 /* Debug */ = {
			isa = XCBuildConfiguration;
			baseConfigurationReference = 4BE3FFBFA8CA623C2B69556A /* Pods-LollySwiftUITests.debug.xcconfig */;
			buildSettings = {
				BUNDLE_LOADER = "$(TEST_HOST)";
				CODE_SIGN_STYLE = Automatic;
				DEVELOPMENT_TEAM = U259NHMY78;
				INFOPLIST_FILE = LollySwiftUIiOSTests/Info.plist;
				IPHONEOS_DEPLOYMENT_TARGET = 16.0;
				LD_RUNPATH_SEARCH_PATHS = (
					"$(inherited)",
					"@executable_path/Frameworks",
					"@loader_path/Frameworks",
				);
				PRODUCT_BUNDLE_IDENTIFIER = com.zwstudio.LollySwiftUIiOSTests;
				PRODUCT_NAME = "$(TARGET_NAME)";
				SWIFT_VERSION = 5.0;
				TARGETED_DEVICE_FAMILY = "1,2";
				TEST_HOST = "$(BUILT_PRODUCTS_DIR)/LollySwiftUI.app/LollySwiftUI";
			};
			name = Debug;
		};
		953FCD2625745D4000666503 /* Release */ = {
			isa = XCBuildConfiguration;
			baseConfigurationReference = 1FF9903A34F7BF4A0C219E7C /* Pods-LollySwiftUITests.release.xcconfig */;
			buildSettings = {
				BUNDLE_LOADER = "$(TEST_HOST)";
				CODE_SIGN_STYLE = Automatic;
				DEVELOPMENT_TEAM = U259NHMY78;
				INFOPLIST_FILE = LollySwiftUIiOSTests/Info.plist;
				IPHONEOS_DEPLOYMENT_TARGET = 16.0;
				LD_RUNPATH_SEARCH_PATHS = (
					"$(inherited)",
					"@executable_path/Frameworks",
					"@loader_path/Frameworks",
				);
				PRODUCT_BUNDLE_IDENTIFIER = com.zwstudio.LollySwiftUIiOSTests;
				PRODUCT_NAME = "$(TARGET_NAME)";
				SWIFT_VERSION = 5.0;
				TARGETED_DEVICE_FAMILY = "1,2";
				TEST_HOST = "$(BUILT_PRODUCTS_DIR)/LollySwiftUI.app/LollySwiftUI";
			};
			name = Release;
		};
		953FCD2825745D4000666503 /* Debug */ = {
			isa = XCBuildConfiguration;
			buildSettings = {
				CODE_SIGN_STYLE = Automatic;
				DEVELOPMENT_TEAM = U259NHMY78;
				INFOPLIST_FILE = LollySwiftUIiOSUITests/Info.plist;
				LD_RUNPATH_SEARCH_PATHS = (
					"$(inherited)",
					"@executable_path/Frameworks",
					"@loader_path/Frameworks",
				);
				PRODUCT_BUNDLE_IDENTIFIER = com.zwstudio.LollySwiftUIiOSUITests;
				PRODUCT_NAME = "$(TARGET_NAME)";
				SWIFT_VERSION = 5.0;
				TARGETED_DEVICE_FAMILY = "1,2";
				TEST_TARGET_NAME = LollySwiftUIiOS;
			};
			name = Debug;
		};
		953FCD2925745D4000666503 /* Release */ = {
			isa = XCBuildConfiguration;
			buildSettings = {
				CODE_SIGN_STYLE = Automatic;
				DEVELOPMENT_TEAM = U259NHMY78;
				INFOPLIST_FILE = LollySwiftUIiOSUITests/Info.plist;
				LD_RUNPATH_SEARCH_PATHS = (
					"$(inherited)",
					"@executable_path/Frameworks",
					"@loader_path/Frameworks",
				);
				PRODUCT_BUNDLE_IDENTIFIER = com.zwstudio.LollySwiftUIiOSUITests;
				PRODUCT_NAME = "$(TARGET_NAME)";
				SWIFT_VERSION = 5.0;
				TARGETED_DEVICE_FAMILY = "1,2";
				TEST_TARGET_NAME = LollySwiftUIiOS;
			};
			name = Release;
		};
/* End XCBuildConfiguration section */

/* Begin XCConfigurationList section */
		953FCCF725745D3D00666503 /* Build configuration list for PBXProject "LollySwiftUI" */ = {
			isa = XCConfigurationList;
			buildConfigurations = (
				953FCD1F25745D4000666503 /* Debug */,
				953FCD2025745D4000666503 /* Release */,
			);
			defaultConfigurationIsVisible = 0;
			defaultConfigurationName = Release;
		};
		953FCD2125745D4000666503 /* Build configuration list for PBXNativeTarget "LollySwiftUI" */ = {
			isa = XCConfigurationList;
			buildConfigurations = (
				953FCD2225745D4000666503 /* Debug */,
				953FCD2325745D4000666503 /* Release */,
			);
			defaultConfigurationIsVisible = 0;
			defaultConfigurationName = Release;
		};
		953FCD2425745D4000666503 /* Build configuration list for PBXNativeTarget "LollySwiftUITests" */ = {
			isa = XCConfigurationList;
			buildConfigurations = (
				953FCD2525745D4000666503 /* Debug */,
				953FCD2625745D4000666503 /* Release */,
			);
			defaultConfigurationIsVisible = 0;
			defaultConfigurationName = Release;
		};
		953FCD2725745D4000666503 /* Build configuration list for PBXNativeTarget "LollySwiftUIUITests" */ = {
			isa = XCConfigurationList;
			buildConfigurations = (
				953FCD2825745D4000666503 /* Debug */,
				953FCD2925745D4000666503 /* Release */,
			);
			defaultConfigurationIsVisible = 0;
			defaultConfigurationName = Release;
		};
/* End XCConfigurationList section */

/* Begin XCRemoteSwiftPackageReference section */
		8C5176EF2943C89F00719D42 /* XCRemoteSwiftPackageReference "Alamofire" */ = {
			isa = XCRemoteSwiftPackageReference;
			repositoryURL = "https://github.com/Alamofire/Alamofire.git";
			requirement = {
				branch = master;
				kind = branch;
			};
		};
/* End XCRemoteSwiftPackageReference section */

/* Begin XCSwiftPackageProductDependency section */
		8C5176F02943C89F00719D42 /* Alamofire */ = {
			isa = XCSwiftPackageProductDependency;
			package = 8C5176EF2943C89F00719D42 /* XCRemoteSwiftPackageReference "Alamofire" */;
			productName = Alamofire;
		};
/* End XCSwiftPackageProductDependency section */
	};
	rootObject = 953FCCF425745D3D00666503 /* Project object */;
}
