{
  "originHash" : "6e220377af850c50b3a3d407d92bd2236593853707cc458f55fb7652b7397b75",
  "pins" : [
    {
      "identity" : "alamofire",
      "kind" : "remoteSourceControl",
      "location" : "https://github.com/Alamofire/Alamofire.git",
      "state" : {
        "branch" : "master",
        "revision" : "6fa7ec3672e226886c506c20ff74f33649217d2d"
      }
    },
    {
      "identity" : "combinecocoa",
      "kind" : "remoteSourceControl",
      "location" : "https://github.com/CombineCommunity/CombineCocoa.git",
      "state" : {
        "branch" : "main",
        "revision" : "7300c75ff9e072aa7fd0fccefcc88f74aae9bf56"
      }
    }
  ],
  "version" : 3
}
