// !$*UTF8*$!
{
	archiveVersion = 1;
	classes = {
	};
	objectVersion = 46;
	objects = {

/* Begin PBXBuildFile section */
		8C0566361D50B1B500E1B2A4 /* LollyCore.db in Resources */ = {isa = PBXBuildFile; fileRef = 8C0566321D50452E00E1B2A4 /* LollyCore.db */; };
		8C0566371D50B1B500E1B2A4 /* LollyDic.db in Resources */ = {isa = PBXBuildFile; fileRef = 8C0566331D50452E00E1B2A4 /* LollyDic.db */; };
		8C0ACB581D4391FB00EC6740 /* SettingsViewController.swift in Sources */ = {isa = PBXBuildFile; fileRef = 8C0ACB571D4391FB00EC6740 /* SettingsViewController.swift */; };
		8C1C4F281D31F88800CF5D88 /* AppDelegate.swift in Sources */ = {isa = PBXBuildFile; fileRef = 8C1C4F271D31F88800CF5D88 /* AppDelegate.swift */; };
		8C1C4F2A1D31F88800CF5D88 /* ViewController.swift in Sources */ = {isa = PBXBuildFile; fileRef = 8C1C4F291D31F88800CF5D88 /* ViewController.swift */; };
		8C1C4F2C1D31F88800CF5D88 /* Assets.xcassets in Resources */ = {isa = PBXBuildFile; fileRef = 8C1C4F2B1D31F88800CF5D88 /* Assets.xcassets */; };
		8C1C4F2F1D31F88800CF5D88 /* Main.storyboard in Resources */ = {isa = PBXBuildFile; fileRef = 8C1C4F2D1D31F88800CF5D88 /* Main.storyboard */; };
		8C1C4F3A1D31F88800CF5D88 /* LollySwiftMacTests.swift in Sources */ = {isa = PBXBuildFile; fileRef = 8C1C4F391D31F88800CF5D88 /* LollySwiftMacTests.swift */; };
		8C1C4F451D31F88800CF5D88 /* LollySwiftMacUITests.swift in Sources */ = {isa = PBXBuildFile; fileRef = 8C1C4F441D31F88800CF5D88 /* LollySwiftMacUITests.swift */; };
		8C6F26DF1D333598008F706A /* WebKit.framework in Frameworks */ = {isa = PBXBuildFile; fileRef = 8C6F26DB1D333598008F706A /* WebKit.framework */; };
		8C6F26E01D333598008F706A /* Cocoa.framework in Frameworks */ = {isa = PBXBuildFile; fileRef = 8C6F26DC1D333598008F706A /* Cocoa.framework */; };
		8C6F26E21D3335EB008F706A /* libLollySwiftShared.dylib in Frameworks */ = {isa = PBXBuildFile; fileRef = 8C6F26E11D3335EB008F706A /* libLollySwiftShared.dylib */; };
/* End PBXBuildFile section */

/* Begin PBXContainerItemProxy section */
		8C1C4F361D31F88800CF5D88 /* PBXContainerItemProxy */ = {
			isa = PBXContainerItemProxy;
			containerPortal = 8C1C4F1C1D31F88800CF5D88 /* Project object */;
			proxyType = 1;
			remoteGlobalIDString = 8C1C4F231D31F88800CF5D88;
			remoteInfo = LollySwiftMac;
		};
		8C1C4F411D31F88800CF5D88 /* PBXContainerItemProxy */ = {
			isa = PBXContainerItemProxy;
			containerPortal = 8C1C4F1C1D31F88800CF5D88 /* Project object */;
			proxyType = 1;
			remoteGlobalIDString = 8C1C4F231D31F88800CF5D88;
			remoteInfo = LollySwiftMac;
		};
/* End PBXContainerItemProxy section */

/* Begin PBXFileReference section */
		8C0566321D50452E00E1B2A4 /* LollyCore.db */ = {isa = PBXFileReference; lastKnownFileType = file; name = LollyCore.db; path = ../../../LollyDB/LollyCore.db; sourceTree = "<group>"; };
		8C0566331D50452E00E1B2A4 /* LollyDic.db */ = {isa = PBXFileReference; lastKnownFileType = file; name = LollyDic.db; path = ../../../LollyDB/LollyDic.db; sourceTree = "<group>"; };
		8C0ACB571D4391FB00EC6740 /* SettingsViewController.swift */ = {isa = PBXFileReference; fileEncoding = 4; lastKnownFileType = sourcecode.swift; path = SettingsViewController.swift; sourceTree = "<group>"; };
		8C1C4F241D31F88800CF5D88 /* LollySwiftMac.app */ = {isa = PBXFileReference; explicitFileType = wrapper.application; includeInIndex = 0; path = LollySwiftMac.app; sourceTree = BUILT_PRODUCTS_DIR; };
		8C1C4F271D31F88800CF5D88 /* AppDelegate.swift */ = {isa = PBXFileReference; lastKnownFileType = sourcecode.swift; path = AppDelegate.swift; sourceTree = "<group>"; };
		8C1C4F291D31F88800CF5D88 /* ViewController.swift */ = {isa = PBXFileReference; lastKnownFileType = sourcecode.swift; path = ViewController.swift; sourceTree = "<group>"; };
		8C1C4F2B1D31F88800CF5D88 /* Assets.xcassets */ = {isa = PBXFileReference; lastKnownFileType = folder.assetcatalog; path = Assets.xcassets; sourceTree = "<group>"; };
		8C1C4F2E1D31F88800CF5D88 /* Base */ = {isa = PBXFileReference; lastKnownFileType = file.storyboard; name = Base; path = Base.lproj/Main.storyboard; sourceTree = "<group>"; };
		8C1C4F301D31F88800CF5D88 /* Info.plist */ = {isa = PBXFileReference; lastKnownFileType = text.plist.xml; path = Info.plist; sourceTree = "<group>"; };
		8C1C4F351D31F88800CF5D88 /* LollySwiftMacTests.xctest */ = {isa = PBXFileReference; explicitFileType = wrapper.cfbundle; includeInIndex = 0; path = LollySwiftMacTests.xctest; sourceTree = BUILT_PRODUCTS_DIR; };
		8C1C4F391D31F88800CF5D88 /* LollySwiftMacTests.swift */ = {isa = PBXFileReference; lastKnownFileType = sourcecode.swift; path = LollySwiftMacTests.swift; sourceTree = "<group>"; };
		8C1C4F3B1D31F88800CF5D88 /* Info.plist */ = {isa = PBXFileReference; lastKnownFileType = text.plist.xml; path = Info.plist; sourceTree = "<group>"; };
		8C1C4F401D31F88800CF5D88 /* LollySwiftMacUITests.xctest */ = {isa = PBXFileReference; explicitFileType = wrapper.cfbundle; includeInIndex = 0; path = LollySwiftMacUITests.xctest; sourceTree = BUILT_PRODUCTS_DIR; };
		8C1C4F441D31F88800CF5D88 /* LollySwiftMacUITests.swift */ = {isa = PBXFileReference; lastKnownFileType = sourcecode.swift; path = LollySwiftMacUITests.swift; sourceTree = "<group>"; };
		8C1C4F461D31F88800CF5D88 /* Info.plist */ = {isa = PBXFileReference; lastKnownFileType = text.plist.xml; path = Info.plist; sourceTree = "<group>"; };
		8C4F7CFF1D349269006FD83D /* FMDatabase.h */ = {isa = PBXFileReference; fileEncoding = 4; lastKnownFileType = sourcecode.c.h; path = FMDatabase.h; sourceTree = "<group>"; };
		8C4F7D001D349269006FD83D /* FMDatabase.m */ = {isa = PBXFileReference; fileEncoding = 4; lastKnownFileType = sourcecode.c.objc; path = FMDatabase.m; sourceTree = "<group>"; };
		8C4F7D011D349269006FD83D /* FMDatabaseAdditions.h */ = {isa = PBXFileReference; fileEncoding = 4; lastKnownFileType = sourcecode.c.h; path = FMDatabaseAdditions.h; sourceTree = "<group>"; };
		8C4F7D021D349269006FD83D /* FMDatabaseAdditions.m */ = {isa = PBXFileReference; fileEncoding = 4; lastKnownFileType = sourcecode.c.objc; path = FMDatabaseAdditions.m; sourceTree = "<group>"; };
		8C4F7D031D349269006FD83D /* FMDatabasePool.h */ = {isa = PBXFileReference; fileEncoding = 4; lastKnownFileType = sourcecode.c.h; path = FMDatabasePool.h; sourceTree = "<group>"; };
		8C4F7D041D349269006FD83D /* FMDatabasePool.m */ = {isa = PBXFileReference; fileEncoding = 4; lastKnownFileType = sourcecode.c.objc; path = FMDatabasePool.m; sourceTree = "<group>"; };
		8C4F7D051D349269006FD83D /* FMDatabaseQueue.h */ = {isa = PBXFileReference; fileEncoding = 4; lastKnownFileType = sourcecode.c.h; path = FMDatabaseQueue.h; sourceTree = "<group>"; };
		8C4F7D061D349269006FD83D /* FMDatabaseQueue.m */ = {isa = PBXFileReference; fileEncoding = 4; lastKnownFileType = sourcecode.c.objc; path = FMDatabaseQueue.m; sourceTree = "<group>"; };
		8C4F7D071D349269006FD83D /* FMDB.h */ = {isa = PBXFileReference; fileEncoding = 4; lastKnownFileType = sourcecode.c.h; path = FMDB.h; sourceTree = "<group>"; };
		8C4F7D081D349269006FD83D /* FMResultSet.h */ = {isa = PBXFileReference; fileEncoding = 4; lastKnownFileType = sourcecode.c.h; path = FMResultSet.h; sourceTree = "<group>"; };
		8C4F7D091D349269006FD83D /* FMResultSet.m */ = {isa = PBXFileReference; fileEncoding = 4; lastKnownFileType = sourcecode.c.objc; path = FMResultSet.m; sourceTree = "<group>"; };
		8C6F26DB1D333598008F706A /* WebKit.framework */ = {isa = PBXFileReference; lastKnownFileType = wrapper.framework; name = WebKit.framework; path = /Applications/Xcode.app/Contents/Developer/Platforms/MacOSX.platform/Developer/SDKs/MacOSX10.11.sdk/System/Library/Frameworks/WebKit.framework; sourceTree = "<absolute>"; };
		8C6F26DC1D333598008F706A /* Cocoa.framework */ = {isa = PBXFileReference; lastKnownFileType = wrapper.framework; name = Cocoa.framework; path = /Applications/Xcode.app/Contents/Developer/Platforms/MacOSX.platform/Developer/SDKs/MacOSX10.11.sdk/System/Library/Frameworks/Cocoa.framework; sourceTree = "<absolute>"; };
		8C6F26E11D3335EB008F706A /* libLollySwiftShared.dylib */ = {isa = PBXFileReference; lastKnownFileType = "compiled.mach-o.dylib"; name = libLollySwiftShared.dylib; path = "../../../../../Library/Developer/Xcode/DerivedData/LollySwift-dxbtmkspchmqgzaoyqcrsmhaxkhg/Build/Products/Debug/libLollySwiftShared.dylib"; sourceTree = "<group>"; };
/* End PBXFileReference section */

/* Begin PBXFrameworksBuildPhase section */
		8C1C4F211D31F88800CF5D88 /* Frameworks */ = {
			isa = PBXFrameworksBuildPhase;
			buildActionMask = 2147483647;
			files = (
				8C6F26E21D3335EB008F706A /* libLollySwiftShared.dylib in Frameworks */,
				8C6F26E01D333598008F706A /* Cocoa.framework in Frameworks */,
				8C6F26DF1D333598008F706A /* WebKit.framework in Frameworks */,
			);
			runOnlyForDeploymentPostprocessing = 0;
		};
		8C1C4F321D31F88800CF5D88 /* Frameworks */ = {
			isa = PBXFrameworksBuildPhase;
			buildActionMask = 2147483647;
			files = (
			);
			runOnlyForDeploymentPostprocessing = 0;
		};
		8C1C4F3D1D31F88800CF5D88 /* Frameworks */ = {
			isa = PBXFrameworksBuildPhase;
			buildActionMask = 2147483647;
			files = (
			);
			runOnlyForDeploymentPostprocessing = 0;
		};
/* End PBXFrameworksBuildPhase section */

/* Begin PBXGroup section */
		8C1C4F1B1D31F88800CF5D88 = {
			isa = PBXGroup;
			children = (
				8C4F7D0A1D349269006FD83D /* fmdb */,
				8C1C4F261D31F88800CF5D88 /* LollySwiftMac */,
				8C1C4F381D31F88800CF5D88 /* LollySwiftMacTests */,
				8C1C4F431D31F88800CF5D88 /* LollySwiftMacUITests */,
				8C6F26DD1D333598008F706A /* Frameworks */,
				8C1C4F251D31F88800CF5D88 /* Products */,
			);
			sourceTree = "<group>";
		};
		8C1C4F251D31F88800CF5D88 /* Products */ = {
			isa = PBXGroup;
			children = (
				8C1C4F241D31F88800CF5D88 /* LollySwiftMac.app */,
				8C1C4F351D31F88800CF5D88 /* LollySwiftMacTests.xctest */,
				8C1C4F401D31F88800CF5D88 /* LollySwiftMacUITests.xctest */,
			);
			name = Products;
			sourceTree = "<group>";
		};
		8C1C4F261D31F88800CF5D88 /* LollySwiftMac */ = {
			isa = PBXGroup;
			children = (
				8C0566321D50452E00E1B2A4 /* LollyCore.db */,
				8C0566331D50452E00E1B2A4 /* LollyDic.db */,
				8C1C4F271D31F88800CF5D88 /* AppDelegate.swift */,
				8C1C4F291D31F88800CF5D88 /* ViewController.swift */,
				8C1C4F2B1D31F88800CF5D88 /* Assets.xcassets */,
				8C1C4F2D1D31F88800CF5D88 /* Main.storyboard */,
				8C1C4F301D31F88800CF5D88 /* Info.plist */,
				8C0ACB571D4391FB00EC6740 /* SettingsViewController.swift */,
			);
			path = LollySwiftMac;
			sourceTree = "<group>";
		};
		8C1C4F381D31F88800CF5D88 /* LollySwiftMacTests */ = {
			isa = PBXGroup;
			children = (
				8C1C4F391D31F88800CF5D88 /* LollySwiftMacTests.swift */,
				8C1C4F3B1D31F88800CF5D88 /* Info.plist */,
			);
			path = LollySwiftMacTests;
			sourceTree = "<group>";
		};
		8C1C4F431D31F88800CF5D88 /* LollySwiftMacUITests */ = {
			isa = PBXGroup;
			children = (
				8C1C4F441D31F88800CF5D88 /* LollySwiftMacUITests.swift */,
				8C1C4F461D31F88800CF5D88 /* Info.plist */,
			);
			path = LollySwiftMacUITests;
			sourceTree = "<group>";
		};
		8C4F7D0A1D349269006FD83D /* fmdb */ = {
			isa = PBXGroup;
			children = (
				8C4F7CFF1D349269006FD83D /* FMDatabase.h */,
				8C4F7D001D349269006FD83D /* FMDatabase.m */,
				8C4F7D011D349269006FD83D /* FMDatabaseAdditions.h */,
				8C4F7D021D349269006FD83D /* FMDatabaseAdditions.m */,
				8C4F7D031D349269006FD83D /* FMDatabasePool.h */,
				8C4F7D041D349269006FD83D /* FMDatabasePool.m */,
				8C4F7D051D349269006FD83D /* FMDatabaseQueue.h */,
				8C4F7D061D349269006FD83D /* FMDatabaseQueue.m */,
				8C4F7D071D349269006FD83D /* FMDB.h */,
				8C4F7D081D349269006FD83D /* FMResultSet.h */,
				8C4F7D091D349269006FD83D /* FMResultSet.m */,
			);
			name = fmdb;
			path = /Users/zwvista/Documents/Programs/Lolly/LollySwift/LollySwiftMac2/../../../OSS/fmdb/src/fmdb;
			sourceTree = "<absolute>";
		};
		8C6F26DD1D333598008F706A /* Frameworks */ = {
			isa = PBXGroup;
			children = (
				8C6F26E11D3335EB008F706A /* libLollySwiftShared.dylib */,
				8C6F26DB1D333598008F706A /* WebKit.framework */,
				8C6F26DC1D333598008F706A /* Cocoa.framework */,
			);
			name = Frameworks;
			path = ../LollySwiftMac2;
			sourceTree = "<group>";
		};
/* End PBXGroup section */

/* Begin PBXNativeTarget section */
		8C1C4F231D31F88800CF5D88 /* LollySwiftMac */ = {
			isa = PBXNativeTarget;
			buildConfigurationList = 8C1C4F491D31F88800CF5D88 /* Build configuration list for PBXNativeTarget "LollySwiftMac" */;
			buildPhases = (
				8C1C4F201D31F88800CF5D88 /* Sources */,
				8C1C4F211D31F88800CF5D88 /* Frameworks */,
				8C1C4F221D31F88800CF5D88 /* Resources */,
			);
			buildRules = (
			);
			dependencies = (
			);
			name = LollySwiftMac;
			productName = LollySwiftMac;
			productReference = 8C1C4F241D31F88800CF5D88 /* LollySwiftMac.app */;
			productType = "com.apple.product-type.application";
		};
		8C1C4F341D31F88800CF5D88 /* LollySwiftMacTests */ = {
			isa = PBXNativeTarget;
			buildConfigurationList = 8C1C4F4C1D31F88800CF5D88 /* Build configuration list for PBXNativeTarget "LollySwiftMacTests" */;
			buildPhases = (
				8C1C4F311D31F88800CF5D88 /* Sources */,
				8C1C4F321D31F88800CF5D88 /* Frameworks */,
				8C1C4F331D31F88800CF5D88 /* Resources */,
			);
			buildRules = (
			);
			dependencies = (
				8C1C4F371D31F88800CF5D88 /* PBXTargetDependency */,
			);
			name = LollySwiftMacTests;
			productName = LollySwiftMacTests;
			productReference = 8C1C4F351D31F88800CF5D88 /* LollySwiftMacTests.xctest */;
			productType = "com.apple.product-type.bundle.unit-test";
		};
		8C1C4F3F1D31F88800CF5D88 /* LollySwiftMacUITests */ = {
			isa = PBXNativeTarget;
			buildConfigurationList = 8C1C4F4F1D31F88800CF5D88 /* Build configuration list for PBXNativeTarget "LollySwiftMacUITests" */;
			buildPhases = (
				8C1C4F3C1D31F88800CF5D88 /* Sources */,
				8C1C4F3D1D31F88800CF5D88 /* Frameworks */,
				8C1C4F3E1D31F88800CF5D88 /* Resources */,
			);
			buildRules = (
			);
			dependencies = (
				8C1C4F421D31F88800CF5D88 /* PBXTargetDependency */,
			);
			name = LollySwiftMacUITests;
			productName = LollySwiftMacUITests;
			productReference = 8C1C4F401D31F88800CF5D88 /* LollySwiftMacUITests.xctest */;
			productType = "com.apple.product-type.bundle.ui-testing";
		};
/* End PBXNativeTarget section */

/* Begin PBXProject section */
		8C1C4F1C1D31F88800CF5D88 /* Project object */ = {
			isa = PBXProject;
			attributes = {
				LastSwiftUpdateCheck = 0730;
				LastUpgradeCheck = 0730;
				ORGANIZATIONNAME = "趙偉";
				TargetAttributes = {
					8C1C4F231D31F88800CF5D88 = {
						CreatedOnToolsVersion = 7.3.1;
						LastSwiftMigration = 0800;
					};
					8C1C4F341D31F88800CF5D88 = {
						CreatedOnToolsVersion = 7.3.1;
						LastSwiftMigration = 0800;
						TestTargetID = 8C1C4F231D31F88800CF5D88;
					};
					8C1C4F3F1D31F88800CF5D88 = {
						CreatedOnToolsVersion = 7.3.1;
						LastSwiftMigration = 0800;
						TestTargetID = 8C1C4F231D31F88800CF5D88;
					};
				};
			};
			buildConfigurationList = 8C1C4F1F1D31F88800CF5D88 /* Build configuration list for PBXProject "LollySwiftMac" */;
			compatibilityVersion = "Xcode 3.2";
			developmentRegion = English;
			hasScannedForEncodings = 0;
			knownRegions = (
				en,
				Base,
			);
			mainGroup = 8C1C4F1B1D31F88800CF5D88;
			productRefGroup = 8C1C4F251D31F88800CF5D88 /* Products */;
			projectDirPath = "";
			projectRoot = "";
			targets = (
				8C1C4F231D31F88800CF5D88 /* LollySwiftMac */,
				8C1C4F341D31F88800CF5D88 /* LollySwiftMacTests */,
				8C1C4F3F1D31F88800CF5D88 /* LollySwiftMacUITests */,
			);
		};
/* End PBXProject section */

/* Begin PBXResourcesBuildPhase section */
		8C1C4F221D31F88800CF5D88 /* Resources */ = {
			isa = PBXResourcesBuildPhase;
			buildActionMask = 2147483647;
			files = (
				8C1C4F2C1D31F88800CF5D88 /* Assets.xcassets in Resources */,
				8C0566361D50B1B500E1B2A4 /* LollyCore.db in Resources */,
				8C1C4F2F1D31F88800CF5D88 /* Main.storyboard in Resources */,
				8C0566371D50B1B500E1B2A4 /* LollyDic.db in Resources */,
			);
			runOnlyForDeploymentPostprocessing = 0;
		};
		8C1C4F331D31F88800CF5D88 /* Resources */ = {
			isa = PBXResourcesBuildPhase;
			buildActionMask = 2147483647;
			files = (
			);
			runOnlyForDeploymentPostprocessing = 0;
		};
		8C1C4F3E1D31F88800CF5D88 /* Resources */ = {
			isa = PBXResourcesBuildPhase;
			buildActionMask = 2147483647;
			files = (
			);
			runOnlyForDeploymentPostprocessing = 0;
		};
/* End PBXResourcesBuildPhase section */

/* Begin PBXSourcesBuildPhase section */
		8C1C4F201D31F88800CF5D88 /* Sources */ = {
			isa = PBXSourcesBuildPhase;
			buildActionMask = 2147483647;
			files = (
				8C0ACB581D4391FB00EC6740 /* SettingsViewController.swift in Sources */,
				8C1C4F2A1D31F88800CF5D88 /* ViewController.swift in Sources */,
				8C1C4F281D31F88800CF5D88 /* AppDelegate.swift in Sources */,
			);
			runOnlyForDeploymentPostprocessing = 0;
		};
		8C1C4F311D31F88800CF5D88 /* Sources */ = {
			isa = PBXSourcesBuildPhase;
			buildActionMask = 2147483647;
			files = (
				8C1C4F3A1D31F88800CF5D88 /* LollySwiftMacTests.swift in Sources */,
			);
			runOnlyForDeploymentPostprocessing = 0;
		};
		8C1C4F3C1D31F88800CF5D88 /* Sources */ = {
			isa = PBXSourcesBuildPhase;
			buildActionMask = 2147483647;
			files = (
				8C1C4F451D31F88800CF5D88 /* LollySwiftMacUITests.swift in Sources */,
			);
			runOnlyForDeploymentPostprocessing = 0;
		};
/* End PBXSourcesBuildPhase section */

/* Begin PBXTargetDependency section */
		8C1C4F371D31F88800CF5D88 /* PBXTargetDependency */ = {
			isa = PBXTargetDependency;
			target = 8C1C4F231D31F88800CF5D88 /* LollySwiftMac */;
			targetProxy = 8C1C4F361D31F88800CF5D88 /* PBXContainerItemProxy */;
		};
		8C1C4F421D31F88800CF5D88 /* PBXTargetDependency */ = {
			isa = PBXTargetDependency;
			target = 8C1C4F231D31F88800CF5D88 /* LollySwiftMac */;
			targetProxy = 8C1C4F411D31F88800CF5D88 /* PBXContainerItemProxy */;
		};
/* End PBXTargetDependency section */

/* Begin PBXVariantGroup section */
		8C1C4F2D1D31F88800CF5D88 /* Main.storyboard */ = {
			isa = PBXVariantGroup;
			children = (
				8C1C4F2E1D31F88800CF5D88 /* Base */,
			);
			name = Main.storyboard;
			sourceTree = "<group>";
		};
/* End PBXVariantGroup section */

/* Begin XCBuildConfiguration section */
		8C1C4F471D31F88800CF5D88 /* Debug */ = {
			isa = XCBuildConfiguration;
			buildSettings = {
				ALWAYS_SEARCH_USER_PATHS = NO;
				CLANG_ANALYZER_NONNULL = YES;
				CLANG_CXX_LANGUAGE_STANDARD = "gnu++0x";
				CLANG_CXX_LIBRARY = "libc++";
				CLANG_ENABLE_MODULES = YES;
				CLANG_ENABLE_OBJC_ARC = YES;
				CLANG_WARN_BOOL_CONVERSION = YES;
				CLANG_WARN_CONSTANT_CONVERSION = YES;
				CLANG_WARN_DIRECT_OBJC_ISA_USAGE = YES_ERROR;
				CLANG_WARN_EMPTY_BODY = YES;
				CLANG_WARN_ENUM_CONVERSION = YES;
				CLANG_WARN_INT_CONVERSION = YES;
				CLANG_WARN_OBJC_ROOT_CLASS = YES_ERROR;
				CLANG_WARN_UNREACHABLE_CODE = YES;
				CLANG_WARN__DUPLICATE_METHOD_MATCH = YES;
				CODE_SIGN_IDENTITY = "-";
				COPY_PHASE_STRIP = NO;
				DEBUG_INFORMATION_FORMAT = dwarf;
				ENABLE_STRICT_OBJC_MSGSEND = YES;
				ENABLE_TESTABILITY = YES;
				GCC_C_LANGUAGE_STANDARD = gnu99;
				GCC_DYNAMIC_NO_PIC = NO;
				GCC_NO_COMMON_BLOCKS = YES;
				GCC_OPTIMIZATION_LEVEL = 0;
				GCC_PREPROCESSOR_DEFINITIONS = (
					"DEBUG=1",
					"$(inherited)",
				);
				GCC_WARN_64_TO_32_BIT_CONVERSION = YES;
				GCC_WARN_ABOUT_RETURN_TYPE = YES_ERROR;
				GCC_WARN_UNDECLARED_SELECTOR = YES;
				GCC_WARN_UNINITIALIZED_AUTOS = YES_AGGRESSIVE;
				GCC_WARN_UNUSED_FUNCTION = YES;
				GCC_WARN_UNUSED_VARIABLE = YES;
				MACOSX_DEPLOYMENT_TARGET = 10.11;
				MTL_ENABLE_DEBUG_INFO = YES;
				ONLY_ACTIVE_ARCH = YES;
				SDKROOT = macosx;
				SWIFT_OPTIMIZATION_LEVEL = "-Onone";
			};
			name = Debug;
		};
		8C1C4F481D31F88800CF5D88 /* Release */ = {
			isa = XCBuildConfiguration;
			buildSettings = {
				ALWAYS_SEARCH_USER_PATHS = NO;
				CLANG_ANALYZER_NONNULL = YES;
				CLANG_CXX_LANGUAGE_STANDARD = "gnu++0x";
				CLANG_CXX_LIBRARY = "libc++";
				CLANG_ENABLE_MODULES = YES;
				CLANG_ENABLE_OBJC_ARC = YES;
				CLANG_WARN_BOOL_CONVERSION = YES;
				CLANG_WARN_CONSTANT_CONVERSION = YES;
				CLANG_WARN_DIRECT_OBJC_ISA_USAGE = YES_ERROR;
				CLANG_WARN_EMPTY_BODY = YES;
				CLANG_WARN_ENUM_CONVERSION = YES;
				CLANG_WARN_INT_CONVERSION = YES;
				CLANG_WARN_OBJC_ROOT_CLASS = YES_ERROR;
				CLANG_WARN_UNREACHABLE_CODE = YES;
				CLANG_WARN__DUPLICATE_METHOD_MATCH = YES;
				CODE_SIGN_IDENTITY = "-";
				COPY_PHASE_STRIP = NO;
				DEBUG_INFORMATION_FORMAT = "dwarf-with-dsym";
				ENABLE_NS_ASSERTIONS = NO;
				ENABLE_STRICT_OBJC_MSGSEND = YES;
				GCC_C_LANGUAGE_STANDARD = gnu99;
				GCC_NO_COMMON_BLOCKS = YES;
				GCC_WARN_64_TO_32_BIT_CONVERSION = YES;
				GCC_WARN_ABOUT_RETURN_TYPE = YES_ERROR;
				GCC_WARN_UNDECLARED_SELECTOR = YES;
				GCC_WARN_UNINITIALIZED_AUTOS = YES_AGGRESSIVE;
				GCC_WARN_UNUSED_FUNCTION = YES;
				GCC_WARN_UNUSED_VARIABLE = YES;
				MACOSX_DEPLOYMENT_TARGET = 10.11;
				MTL_ENABLE_DEBUG_INFO = NO;
				SDKROOT = macosx;
			};
			name = Release;
		};
		8C1C4F4A1D31F88800CF5D88 /* Debug */ = {
			isa = XCBuildConfiguration;
			buildSettings = {
				ASSETCATALOG_COMPILER_APPICON_NAME = AppIcon;
				COMBINE_HIDPI_IMAGES = YES;
				INFOPLIST_FILE = LollySwiftMac/Info.plist;
				LD_RUNPATH_SEARCH_PATHS = "$(inherited) @executable_path/../Frameworks";
				PRODUCT_BUNDLE_IDENTIFIER = com.zwstudio.LollySwiftMac;
				PRODUCT_NAME = "$(TARGET_NAME)";
				SWIFT_VERSION = 3.0;
			};
			name = Debug;
		};
		8C1C4F4B1D31F88800CF5D88 /* Release */ = {
			isa = XCBuildConfiguration;
			buildSettings = {
				ASSETCATALOG_COMPILER_APPICON_NAME = AppIcon;
				COMBINE_HIDPI_IMAGES = YES;
				INFOPLIST_FILE = LollySwiftMac/Info.plist;
				LD_RUNPATH_SEARCH_PATHS = "$(inherited) @executable_path/../Frameworks";
				PRODUCT_BUNDLE_IDENTIFIER = com.zwstudio.LollySwiftMac;
				PRODUCT_NAME = "$(TARGET_NAME)";
				SWIFT_VERSION = 3.0;
			};
			name = Release;
		};
		8C1C4F4D1D31F88800CF5D88 /* Debug */ = {
			isa = XCBuildConfiguration;
			buildSettings = {
				BUNDLE_LOADER = "$(TEST_HOST)";
				COMBINE_HIDPI_IMAGES = YES;
				INFOPLIST_FILE = LollySwiftMacTests/Info.plist;
				LD_RUNPATH_SEARCH_PATHS = "$(inherited) @executable_path/../Frameworks @loader_path/../Frameworks";
				PRODUCT_BUNDLE_IDENTIFIER = com.zwstudio.LollySwiftMacTests;
				PRODUCT_NAME = "$(TARGET_NAME)";
				SWIFT_VERSION = 3.0;
				TEST_HOST = "$(BUILT_PRODUCTS_DIR)/LollySwiftMac.app/Contents/MacOS/LollySwiftMac";
			};
			name = Debug;
		};
		8C1C4F4E1D31F88800CF5D88 /* Release */ = {
			isa = XCBuildConfiguration;
			buildSettings = {
				BUNDLE_LOADER = "$(TEST_HOST)";
				COMBINE_HIDPI_IMAGES = YES;
				INFOPLIST_FILE = LollySwiftMacTests/Info.plist;
				LD_RUNPATH_SEARCH_PATHS = "$(inherited) @executable_path/../Frameworks @loader_path/../Frameworks";
				PRODUCT_BUNDLE_IDENTIFIER = com.zwstudio.LollySwiftMacTests;
				PRODUCT_NAME = "$(TARGET_NAME)";
				SWIFT_VERSION = 3.0;
				TEST_HOST = "$(BUILT_PRODUCTS_DIR)/LollySwiftMac.app/Contents/MacOS/LollySwiftMac";
			};
			name = Release;
		};
		8C1C4F501D31F88800CF5D88 /* Debug */ = {
			isa = XCBuildConfiguration;
			buildSettings = {
				COMBINE_HIDPI_IMAGES = YES;
				INFOPLIST_FILE = LollySwiftMacUITests/Info.plist;
				LD_RUNPATH_SEARCH_PATHS = "$(inherited) @executable_path/../Frameworks @loader_path/../Frameworks";
				PRODUCT_BUNDLE_IDENTIFIER = com.zwstudio.LollySwiftMacUITests;
				PRODUCT_NAME = "$(TARGET_NAME)";
				SWIFT_VERSION = 3.0;
				TEST_TARGET_NAME = LollySwiftMac;
			};
			name = Debug;
		};
		8C1C4F511D31F88800CF5D88 /* Release */ = {
			isa = XCBuildConfiguration;
			buildSettings = {
				COMBINE_HIDPI_IMAGES = YES;
				INFOPLIST_FILE = LollySwiftMacUITests/Info.plist;
				LD_RUNPATH_SEARCH_PATHS = "$(inherited) @executable_path/../Frameworks @loader_path/../Frameworks";
				PRODUCT_BUNDLE_IDENTIFIER = com.zwstudio.LollySwiftMacUITests;
				PRODUCT_NAME = "$(TARGET_NAME)";
				SWIFT_VERSION = 3.0;
				TEST_TARGET_NAME = LollySwiftMac;
			};
			name = Release;
		};
/* End XCBuildConfiguration section */

/* Begin XCConfigurationList section */
		8C1C4F1F1D31F88800CF5D88 /* Build configuration list for PBXProject "LollySwiftMac" */ = {
			isa = XCConfigurationList;
			buildConfigurations = (
				8C1C4F471D31F88800CF5D88 /* Debug */,
				8C1C4F481D31F88800CF5D88 /* Release */,
			);
			defaultConfigurationIsVisible = 0;
			defaultConfigurationName = Release;
		};
		8C1C4F491D31F88800CF5D88 /* Build configuration list for PBXNativeTarget "LollySwiftMac" */ = {
			isa = XCConfigurationList;
			buildConfigurations = (
				8C1C4F4A1D31F88800CF5D88 /* Debug */,
				8C1C4F4B1D31F88800CF5D88 /* Release */,
			);
			defaultConfigurationIsVisible = 0;
			defaultConfigurationName = Release;
		};
		8C1C4F4C1D31F88800CF5D88 /* Build configuration list for PBXNativeTarget "LollySwiftMacTests" */ = {
			isa = XCConfigurationList;
			buildConfigurations = (
				8C1C4F4D1D31F88800CF5D88 /* Debug */,
				8C1C4F4E1D31F88800CF5D88 /* Release */,
			);
			defaultConfigurationIsVisible = 0;
			defaultConfigurationName = Release;
		};
		8C1C4F4F1D31F88800CF5D88 /* Build configuration list for PBXNativeTarget "LollySwiftMacUITests" */ = {
			isa = XCConfigurationList;
			buildConfigurations = (
				8C1C4F501D31F88800CF5D88 /* Debug */,
				8C1C4F511D31F88800CF5D88 /* Release */,
			);
			defaultConfigurationIsVisible = 0;
			defaultConfigurationName = Release;
		};
/* End XCConfigurationList section */
	};
	rootObject = 8C1C4F1C1D31F88800CF5D88 /* Project object */;
}
