// !$*UTF8*$!
{
	archiveVersion = 1;
	classes = {
	};
	objectVersion = 51;
	objects = {

/* Begin PBXBuildFile section */
		32981C11D8D5DBE5311A6EE3 /* Pods_LollySwiftUIMacTests.framework in Frameworks */ = {isa = PBXBuildFile; fileRef = 5A94FE5036EE9988F039C122 /* Pods_LollySwiftUIMacTests.framework */; };
		953FCD3A25745D6D00666503 /* LollySwiftUIMacApp.swift in Sources */ = {isa = PBXBuildFile; fileRef = 953FCD3925745D6D00666503 /* LollySwiftUIMacApp.swift */; };
		953FCD3C25745D6D00666503 /* ContentView.swift in Sources */ = {isa = PBXBuildFile; fileRef = 953FCD3B25745D6D00666503 /* ContentView.swift */; };
		953FCD3E25745D7000666503 /* Assets.xcassets in Resources */ = {isa = PBXBuildFile; fileRef = 953FCD3D25745D7000666503 /* Assets.xcassets */; };
		953FCD4125745D7000666503 /* Preview Assets.xcassets in Resources */ = {isa = PBXBuildFile; fileRef = 953FCD4025745D7000666503 /* Preview Assets.xcassets */; };
		953FCD4D25745D7000666503 /* LollySwiftUIMacTests.swift in Sources */ = {isa = PBXBuildFile; fileRef = 953FCD4C25745D7000666503 /* LollySwiftUIMacTests.swift */; };
		953FCD5825745D7000666503 /* LollySwiftUIMacUITests.swift in Sources */ = {isa = PBXBuildFile; fileRef = 953FCD5725745D7000666503 /* LollySwiftUIMacUITests.swift */; };
		953FCDBC25792A7000666503 /* TextbooksViewModel.swift in Sources */ = {isa = PBXBuildFile; fileRef = 953FCD7525792A7000666503 /* TextbooksViewModel.swift */; };
		953FCDBD25792A7000666503 /* SettingsViewModel.swift in Sources */ = {isa = PBXBuildFile; fileRef = 953FCD7625792A7000666503 /* SettingsViewModel.swift */; };
		953FCDBE25792A7000666503 /* ReadNumberViewModel.swift in Sources */ = {isa = PBXBuildFile; fileRef = 953FCD7725792A7000666503 /* ReadNumberViewModel.swift */; };
		953FCDBF25792A7000666503 /* ReviewOptionsViewModel.swift in Sources */ = {isa = PBXBuildFile; fileRef = 953FCD7825792A7000666503 /* ReviewOptionsViewModel.swift */; };
		953FCDC025792A7000666503 /* EmbeddedReviewViewModel.swift in Sources */ = {isa = PBXBuildFile; fileRef = 953FCD7925792A7000666503 /* EmbeddedReviewViewModel.swift */; };
		953FCDC125792A7000666503 /* TransformDetailViewModel.swift in Sources */ = {isa = PBXBuildFile; fileRef = 953FCD7A25792A7000666503 /* TransformDetailViewModel.swift */; };
		953FCDC225792A7000666503 /* BlogViewModel.swift in Sources */ = {isa = PBXBuildFile; fileRef = 953FCD7B25792A7000666503 /* BlogViewModel.swift */; };
		953FCDC325792A7000666503 /* WebTextbooksViewModel.swift in Sources */ = {isa = PBXBuildFile; fileRef = 953FCD7C25792A7000666503 /* WebTextbooksViewModel.swift */; };
		953FCDC425792A7000666503 /* DictsViewModel.swift in Sources */ = {isa = PBXBuildFile; fileRef = 953FCD7D25792A7000666503 /* DictsViewModel.swift */; };
		953FCDC525792A7000666503 /* WordsLangDetailViewModel.swift in Sources */ = {isa = PBXBuildFile; fileRef = 953FCD7F25792A7000666503 /* WordsLangDetailViewModel.swift */; };
		953FCDC625792A7000666503 /* WordsLangViewModel.swift in Sources */ = {isa = PBXBuildFile; fileRef = 953FCD8025792A7000666503 /* WordsLangViewModel.swift */; };
		953FCDC725792A7000666503 /* WordsUnitDetailViewModel.swift in Sources */ = {isa = PBXBuildFile; fileRef = 953FCD8125792A7000666503 /* WordsUnitDetailViewModel.swift */; };
		953FCDC825792A7000666503 /* WordsReviewViewModel.swift in Sources */ = {isa = PBXBuildFile; fileRef = 953FCD8225792A7000666503 /* WordsReviewViewModel.swift */; };
		953FCDC925792A7000666503 /* WordsDictViewModel.swift in Sources */ = {isa = PBXBuildFile; fileRef = 953FCD8325792A7000666503 /* WordsDictViewModel.swift */; };
		953FCDCA25792A7000666503 /* WordsSearchViewModel.swift in Sources */ = {isa = PBXBuildFile; fileRef = 953FCD8425792A7000666503 /* WordsSearchViewModel.swift */; };
		953FCDCB25792A7000666503 /* SingleWordViewModel.swift in Sources */ = {isa = PBXBuildFile; fileRef = 953FCD8525792A7000666503 /* SingleWordViewModel.swift */; };
		953FCDCC25792A7000666503 /* WordsUnitViewModel.swift in Sources */ = {isa = PBXBuildFile; fileRef = 953FCD8625792A7000666503 /* WordsUnitViewModel.swift */; };
		953FCDCD25792A7000666503 /* PatternsSplitViewModel.swift in Sources */ = {isa = PBXBuildFile; fileRef = 953FCD8825792A7000666503 /* PatternsSplitViewModel.swift */; };
		953FCDCE25792A7000666503 /* PatternsMergeViewModel.swift in Sources */ = {isa = PBXBuildFile; fileRef = 953FCD8925792A7000666503 /* PatternsMergeViewModel.swift */; };
		953FCDCF25792A7000666503 /* WebPageSelectViewModel.swift in Sources */ = {isa = PBXBuildFile; fileRef = 953FCD8A25792A7000666503 /* WebPageSelectViewModel.swift */; };
		953FCDD025792A7000666503 /* PatternsViewModel.swift in Sources */ = {isa = PBXBuildFile; fileRef = 953FCD8B25792A7000666503 /* PatternsViewModel.swift */; };
		953FCDD125792A7000666503 /* PatternsDetailViewModel.swift in Sources */ = {isa = PBXBuildFile; fileRef = 953FCD8C25792A7000666503 /* PatternsDetailViewModel.swift */; };
		953FCDD225792A7000666503 /* SinglePhraseViewModel.swift in Sources */ = {isa = PBXBuildFile; fileRef = 953FCD8E25792A7000666503 /* SinglePhraseViewModel.swift */; };
		953FCDD325792A7000666503 /* PhrasesReviewViewModel.swift in Sources */ = {isa = PBXBuildFile; fileRef = 953FCD8F25792A7000666503 /* PhrasesReviewViewModel.swift */; };
		953FCDD425792A7000666503 /* PhrasesLangViewModel.swift in Sources */ = {isa = PBXBuildFile; fileRef = 953FCD9025792A7000666503 /* PhrasesLangViewModel.swift */; };
		953FCDD525792A7000666503 /* PhrasesLangDetailViewModel.swift in Sources */ = {isa = PBXBuildFile; fileRef = 953FCD9125792A7000666503 /* PhrasesLangDetailViewModel.swift */; };
		953FCDD625792A7000666503 /* PhrasesUnitViewModel.swift in Sources */ = {isa = PBXBuildFile; fileRef = 953FCD9225792A7000666503 /* PhrasesUnitViewModel.swift */; };
		953FCDD725792A7000666503 /* PhrasesUnitDetailViewModel.swift in Sources */ = {isa = PBXBuildFile; fileRef = 953FCD9325792A7000666503 /* PhrasesUnitDetailViewModel.swift */; };
		953FCDD825792A7000666503 /* DisposedBy.swift in Sources */ = {isa = PBXBuildFile; fileRef = 953FCD9525792A7000666503 /* DisposedBy.swift */; };
		953FCDD925792A7000666503 /* TwoWayBind.swift in Sources */ = {isa = PBXBuildFile; fileRef = 953FCD9625792A7000666503 /* TwoWayBind.swift */; };
		953FCDDA25792A7000666503 /* OneWayBind.swift in Sources */ = {isa = PBXBuildFile; fileRef = 953FCD9725792A7000666503 /* OneWayBind.swift */; };
		953FCDDB25792A7000666503 /* Drive.swift in Sources */ = {isa = PBXBuildFile; fileRef = 953FCD9825792A7000666503 /* Drive.swift */; };
		953FCDDC25792A7000666503 /* Emit.swift in Sources */ = {isa = PBXBuildFile; fileRef = 953FCD9925792A7000666503 /* Emit.swift */; };
		953FCDDD25792A7000666503 /* NSPopUpButton+Rx.swift in Sources */ = {isa = PBXBuildFile; fileRef = 953FCD9B25792A7000666503 /* NSPopUpButton+Rx.swift */; };
		953FCDDE25792A7000666503 /* RxCodableAlamofire.swift in Sources */ = {isa = PBXBuildFile; fileRef = 953FCD9C25792A7000666503 /* RxCodableAlamofire.swift */; };
		953FCDDF25792A7000666503 /* RestApi.swift in Sources */ = {isa = PBXBuildFile; fileRef = 953FCD9D25792A7000666503 /* RestApi.swift */; };
		953FCDE125792A7000666503 /* NSButton+Rx2.swift in Sources */ = {isa = PBXBuildFile; fileRef = 953FCD9F25792A7000666503 /* NSButton+Rx2.swift */; };
		953FCDE225792A7000666503 /* NSStepper+Rx.swift in Sources */ = {isa = PBXBuildFile; fileRef = 953FCDA025792A7000666503 /* NSStepper+Rx.swift */; };
		953FCDE325792A7000666503 /* MacApi.swift in Sources */ = {isa = PBXBuildFile; fileRef = 953FCDA125792A7000666503 /* MacApi.swift */; };
		953FCDE425792A7000666503 /* CommonApi.swift in Sources */ = {isa = PBXBuildFile; fileRef = 953FCDA225792A7000666503 /* CommonApi.swift */; };
		953FCDE525792A7000666503 /* NSSegmentedControl+Rx.swift in Sources */ = {isa = PBXBuildFile; fileRef = 953FCDA325792A7000666503 /* NSSegmentedControl+Rx.swift */; };
		958655B325A75EEB00B5039C /* WordsBaseViewModel.swift in Sources */ = {isa = PBXBuildFile; fileRef = 958655B125A75EEB00B5039C /* WordsBaseViewModel.swift */; };
		958655B425A75EEB00B5039C /* WordsUnitBatchAddViewModel.swift in Sources */ = {isa = PBXBuildFile; fileRef = 958655B225A75EEB00B5039C /* WordsUnitBatchAddViewModel.swift */; };
		958655BA25A75EFA00B5039C /* PhrasesUnitBatchAddViewModel.swift in Sources */ = {isa = PBXBuildFile; fileRef = 958655B825A75EFA00B5039C /* PhrasesUnitBatchAddViewModel.swift */; };
		958655BB25A75EFA00B5039C /* PhrasesBaseViewModel.swift in Sources */ = {isa = PBXBuildFile; fileRef = 958655B925A75EFA00B5039C /* PhrasesBaseViewModel.swift */; };
		95919272258D00720070DBFD /* MCommon.swift in Sources */ = {isa = PBXBuildFile; fileRef = 9591925E258D00720070DBFD /* MCommon.swift */; };
		95919273258D00720070DBFD /* MDictionary.swift in Sources */ = {isa = PBXBuildFile; fileRef = 9591925F258D00720070DBFD /* MDictionary.swift */; };
		95919274258D00720070DBFD /* MAutoCorrect.swift in Sources */ = {isa = PBXBuildFile; fileRef = 95919260258D00720070DBFD /* MAutoCorrect.swift */; };
		95919275258D00720070DBFD /* MVoice.swift in Sources */ = {isa = PBXBuildFile; fileRef = 95919261258D00720070DBFD /* MVoice.swift */; };
		95919276258D00720070DBFD /* MUSMapping.swift in Sources */ = {isa = PBXBuildFile; fileRef = 95919262258D00720070DBFD /* MUSMapping.swift */; };
		95919277258D00720070DBFD /* MUserSetting.swift in Sources */ = {isa = PBXBuildFile; fileRef = 95919263258D00720070DBFD /* MUserSetting.swift */; };
		95919278258D00720070DBFD /* MWebTextbook.swift in Sources */ = {isa = PBXBuildFile; fileRef = 95919264258D00720070DBFD /* MWebTextbook.swift */; };
		95919279258D00720070DBFD /* MReviewOptions.swift in Sources */ = {isa = PBXBuildFile; fileRef = 95919265258D00720070DBFD /* MReviewOptions.swift */; };
		9591927A258D00720070DBFD /* MLanguage.swift in Sources */ = {isa = PBXBuildFile; fileRef = 95919266258D00720070DBFD /* MLanguage.swift */; };
		9591927B258D00720070DBFD /* MTextbook.swift in Sources */ = {isa = PBXBuildFile; fileRef = 95919267258D00720070DBFD /* MTextbook.swift */; };
		9591927C258D00720070DBFD /* MUnitWord.swift in Sources */ = {isa = PBXBuildFile; fileRef = 95919269258D00720070DBFD /* MUnitWord.swift */; };
		9591927D258D00720070DBFD /* MPatternWebPage.swift in Sources */ = {isa = PBXBuildFile; fileRef = 9591926A258D00720070DBFD /* MPatternWebPage.swift */; };
		9591927E258D00720070DBFD /* MLangWord.swift in Sources */ = {isa = PBXBuildFile; fileRef = 9591926B258D00720070DBFD /* MLangWord.swift */; };
		9591927F258D00720070DBFD /* MPattern.swift in Sources */ = {isa = PBXBuildFile; fileRef = 9591926C258D00720070DBFD /* MPattern.swift */; };
		95919280258D00720070DBFD /* MWordFami.swift in Sources */ = {isa = PBXBuildFile; fileRef = 9591926D258D00720070DBFD /* MWordFami.swift */; };
		95919281258D00720070DBFD /* MLangPhrase.swift in Sources */ = {isa = PBXBuildFile; fileRef = 9591926E258D00720070DBFD /* MLangPhrase.swift */; };
		95919282258D00720070DBFD /* MWordPhrase.swift in Sources */ = {isa = PBXBuildFile; fileRef = 9591926F258D00720070DBFD /* MWordPhrase.swift */; };
		95919283258D00720070DBFD /* MUnitPhrase.swift in Sources */ = {isa = PBXBuildFile; fileRef = 95919270258D00720070DBFD /* MUnitPhrase.swift */; };
		95919284258D00720070DBFD /* MWebPage.swift in Sources */ = {isa = PBXBuildFile; fileRef = 95919271258D00720070DBFD /* MWebPage.swift */; };
		95C0C706257A74E700B3B44C /* WordsUnitView.swift in Sources */ = {isa = PBXBuildFile; fileRef = 95C0C705257A74E700B3B44C /* WordsUnitView.swift */; };
		F40129E23773DBD8351491D5 /* Pods_LollySwiftUIMac.framework in Frameworks */ = {isa = PBXBuildFile; fileRef = 31487252EDA1512FE0A0C461 /* Pods_LollySwiftUIMac.framework */; };
/* End PBXBuildFile section */

/* Begin PBXContainerItemProxy section */
		953FCD4925745D7000666503 /* PBXContainerItemProxy */ = {
			isa = PBXContainerItemProxy;
			containerPortal = 953FCD2E25745D6D00666503 /* Project object */;
			proxyType = 1;
			remoteGlobalIDString = 953FCD3525745D6D00666503;
			remoteInfo = LollySwiftUIMac;
		};
		953FCD5425745D7000666503 /* PBXContainerItemProxy */ = {
			isa = PBXContainerItemProxy;
			containerPortal = 953FCD2E25745D6D00666503 /* Project object */;
			proxyType = 1;
			remoteGlobalIDString = 953FCD3525745D6D00666503;
			remoteInfo = LollySwiftUIMac;
		};
/* End PBXContainerItemProxy section */

/* Begin PBXFileReference section */
		24A1982758C273C6EA68DB5E /* Pods-LollySwiftUIMac.debug.xcconfig */ = {isa = PBXFileReference; includeInIndex = 1; lastKnownFileType = text.xcconfig; name = "Pods-LollySwiftUIMac.debug.xcconfig"; path = "Target Support Files/Pods-LollySwiftUIMac/Pods-LollySwiftUIMac.debug.xcconfig"; sourceTree = "<group>"; };
		2F3A5CCCE0B8DCED70DF8266 /* Pods-LollySwiftUIMac.release.xcconfig */ = {isa = PBXFileReference; includeInIndex = 1; lastKnownFileType = text.xcconfig; name = "Pods-LollySwiftUIMac.release.xcconfig"; path = "Target Support Files/Pods-LollySwiftUIMac/Pods-LollySwiftUIMac.release.xcconfig"; sourceTree = "<group>"; };
		31487252EDA1512FE0A0C461 /* Pods_LollySwiftUIMac.framework */ = {isa = PBXFileReference; explicitFileType = wrapper.framework; includeInIndex = 0; path = Pods_LollySwiftUIMac.framework; sourceTree = BUILT_PRODUCTS_DIR; };
		5A94FE5036EE9988F039C122 /* Pods_LollySwiftUIMacTests.framework */ = {isa = PBXFileReference; explicitFileType = wrapper.framework; includeInIndex = 0; path = Pods_LollySwiftUIMacTests.framework; sourceTree = BUILT_PRODUCTS_DIR; };
		8156FAB5E83CE437CAA234D2 /* Pods-LollySwiftUIMacTests.debug.xcconfig */ = {isa = PBXFileReference; includeInIndex = 1; lastKnownFileType = text.xcconfig; name = "Pods-LollySwiftUIMacTests.debug.xcconfig"; path = "Target Support Files/Pods-LollySwiftUIMacTests/Pods-LollySwiftUIMacTests.debug.xcconfig"; sourceTree = "<group>"; };
		953FCD3625745D6D00666503 /* LollySwiftUIMac.app */ = {isa = PBXFileReference; explicitFileType = wrapper.application; includeInIndex = 0; path = LollySwiftUIMac.app; sourceTree = BUILT_PRODUCTS_DIR; };
		953FCD3925745D6D00666503 /* LollySwiftUIMacApp.swift */ = {isa = PBXFileReference; lastKnownFileType = sourcecode.swift; path = LollySwiftUIMacApp.swift; sourceTree = "<group>"; };
		953FCD3B25745D6D00666503 /* ContentView.swift */ = {isa = PBXFileReference; lastKnownFileType = sourcecode.swift; path = ContentView.swift; sourceTree = "<group>"; };
		953FCD3D25745D7000666503 /* Assets.xcassets */ = {isa = PBXFileReference; lastKnownFileType = folder.assetcatalog; path = Assets.xcassets; sourceTree = "<group>"; };
		953FCD4025745D7000666503 /* Preview Assets.xcassets */ = {isa = PBXFileReference; lastKnownFileType = folder.assetcatalog; path = "Preview Assets.xcassets"; sourceTree = "<group>"; };
		953FCD4225745D7000666503 /* Info.plist */ = {isa = PBXFileReference; lastKnownFileType = text.plist.xml; path = Info.plist; sourceTree = "<group>"; };
		953FCD4325745D7000666503 /* LollySwiftUIMac.entitlements */ = {isa = PBXFileReference; lastKnownFileType = text.plist.entitlements; path = LollySwiftUIMac.entitlements; sourceTree = "<group>"; };
		953FCD4825745D7000666503 /* LollySwiftUIMacTests.xctest */ = {isa = PBXFileReference; explicitFileType = wrapper.cfbundle; includeInIndex = 0; path = LollySwiftUIMacTests.xctest; sourceTree = BUILT_PRODUCTS_DIR; };
		953FCD4C25745D7000666503 /* LollySwiftUIMacTests.swift */ = {isa = PBXFileReference; lastKnownFileType = sourcecode.swift; path = LollySwiftUIMacTests.swift; sourceTree = "<group>"; };
		953FCD4E25745D7000666503 /* Info.plist */ = {isa = PBXFileReference; lastKnownFileType = text.plist.xml; path = Info.plist; sourceTree = "<group>"; };
		953FCD5325745D7000666503 /* LollySwiftUIMacUITests.xctest */ = {isa = PBXFileReference; explicitFileType = wrapper.cfbundle; includeInIndex = 0; path = LollySwiftUIMacUITests.xctest; sourceTree = BUILT_PRODUCTS_DIR; };
		953FCD5725745D7000666503 /* LollySwiftUIMacUITests.swift */ = {isa = PBXFileReference; lastKnownFileType = sourcecode.swift; path = LollySwiftUIMacUITests.swift; sourceTree = "<group>"; };
		953FCD5925745D7000666503 /* Info.plist */ = {isa = PBXFileReference; lastKnownFileType = text.plist.xml; path = Info.plist; sourceTree = "<group>"; };
		953FCD7525792A7000666503 /* TextbooksViewModel.swift */ = {isa = PBXFileReference; fileEncoding = 4; lastKnownFileType = sourcecode.swift; path = TextbooksViewModel.swift; sourceTree = "<group>"; };
		953FCD7625792A7000666503 /* SettingsViewModel.swift */ = {isa = PBXFileReference; fileEncoding = 4; lastKnownFileType = sourcecode.swift; path = SettingsViewModel.swift; sourceTree = "<group>"; };
		953FCD7725792A7000666503 /* ReadNumberViewModel.swift */ = {isa = PBXFileReference; fileEncoding = 4; lastKnownFileType = sourcecode.swift; path = ReadNumberViewModel.swift; sourceTree = "<group>"; };
		953FCD7825792A7000666503 /* ReviewOptionsViewModel.swift */ = {isa = PBXFileReference; fileEncoding = 4; lastKnownFileType = sourcecode.swift; path = ReviewOptionsViewModel.swift; sourceTree = "<group>"; };
		953FCD7925792A7000666503 /* EmbeddedReviewViewModel.swift */ = {isa = PBXFileReference; fileEncoding = 4; lastKnownFileType = sourcecode.swift; path = EmbeddedReviewViewModel.swift; sourceTree = "<group>"; };
		953FCD7A25792A7000666503 /* TransformDetailViewModel.swift */ = {isa = PBXFileReference; fileEncoding = 4; lastKnownFileType = sourcecode.swift; path = TransformDetailViewModel.swift; sourceTree = "<group>"; };
		953FCD7B25792A7000666503 /* BlogViewModel.swift */ = {isa = PBXFileReference; fileEncoding = 4; lastKnownFileType = sourcecode.swift; path = BlogViewModel.swift; sourceTree = "<group>"; };
		953FCD7C25792A7000666503 /* WebTextbooksViewModel.swift */ = {isa = PBXFileReference; fileEncoding = 4; lastKnownFileType = sourcecode.swift; path = WebTextbooksViewModel.swift; sourceTree = "<group>"; };
		953FCD7D25792A7000666503 /* DictsViewModel.swift */ = {isa = PBXFileReference; fileEncoding = 4; lastKnownFileType = sourcecode.swift; path = DictsViewModel.swift; sourceTree = "<group>"; };
		953FCD7F25792A7000666503 /* WordsLangDetailViewModel.swift */ = {isa = PBXFileReference; fileEncoding = 4; lastKnownFileType = sourcecode.swift; path = WordsLangDetailViewModel.swift; sourceTree = "<group>"; };
		953FCD8025792A7000666503 /* WordsLangViewModel.swift */ = {isa = PBXFileReference; fileEncoding = 4; lastKnownFileType = sourcecode.swift; path = WordsLangViewModel.swift; sourceTree = "<group>"; };
		953FCD8125792A7000666503 /* WordsUnitDetailViewModel.swift */ = {isa = PBXFileReference; fileEncoding = 4; lastKnownFileType = sourcecode.swift; path = WordsUnitDetailViewModel.swift; sourceTree = "<group>"; };
		953FCD8225792A7000666503 /* WordsReviewViewModel.swift */ = {isa = PBXFileReference; fileEncoding = 4; lastKnownFileType = sourcecode.swift; path = WordsReviewViewModel.swift; sourceTree = "<group>"; };
		953FCD8325792A7000666503 /* WordsDictViewModel.swift */ = {isa = PBXFileReference; fileEncoding = 4; lastKnownFileType = sourcecode.swift; path = WordsDictViewModel.swift; sourceTree = "<group>"; };
		953FCD8425792A7000666503 /* WordsSearchViewModel.swift */ = {isa = PBXFileReference; fileEncoding = 4; lastKnownFileType = sourcecode.swift; path = WordsSearchViewModel.swift; sourceTree = "<group>"; };
		953FCD8525792A7000666503 /* SingleWordViewModel.swift */ = {isa = PBXFileReference; fileEncoding = 4; lastKnownFileType = sourcecode.swift; path = SingleWordViewModel.swift; sourceTree = "<group>"; };
		953FCD8625792A7000666503 /* WordsUnitViewModel.swift */ = {isa = PBXFileReference; fileEncoding = 4; lastKnownFileType = sourcecode.swift; path = WordsUnitViewModel.swift; sourceTree = "<group>"; };
		953FCD8825792A7000666503 /* PatternsSplitViewModel.swift */ = {isa = PBXFileReference; fileEncoding = 4; lastKnownFileType = sourcecode.swift; path = PatternsSplitViewModel.swift; sourceTree = "<group>"; };
		953FCD8925792A7000666503 /* PatternsMergeViewModel.swift */ = {isa = PBXFileReference; fileEncoding = 4; lastKnownFileType = sourcecode.swift; path = PatternsMergeViewModel.swift; sourceTree = "<group>"; };
		953FCD8A25792A7000666503 /* WebPageSelectViewModel.swift */ = {isa = PBXFileReference; fileEncoding = 4; lastKnownFileType = sourcecode.swift; path = WebPageSelectViewModel.swift; sourceTree = "<group>"; };
		953FCD8B25792A7000666503 /* PatternsViewModel.swift */ = {isa = PBXFileReference; fileEncoding = 4; lastKnownFileType = sourcecode.swift; path = PatternsViewModel.swift; sourceTree = "<group>"; };
		953FCD8C25792A7000666503 /* PatternsDetailViewModel.swift */ = {isa = PBXFileReference; fileEncoding = 4; lastKnownFileType = sourcecode.swift; path = PatternsDetailViewModel.swift; sourceTree = "<group>"; };
		953FCD8E25792A7000666503 /* SinglePhraseViewModel.swift */ = {isa = PBXFileReference; fileEncoding = 4; lastKnownFileType = sourcecode.swift; path = SinglePhraseViewModel.swift; sourceTree = "<group>"; };
		953FCD8F25792A7000666503 /* PhrasesReviewViewModel.swift */ = {isa = PBXFileReference; fileEncoding = 4; lastKnownFileType = sourcecode.swift; path = PhrasesReviewViewModel.swift; sourceTree = "<group>"; };
		953FCD9025792A7000666503 /* PhrasesLangViewModel.swift */ = {isa = PBXFileReference; fileEncoding = 4; lastKnownFileType = sourcecode.swift; path = PhrasesLangViewModel.swift; sourceTree = "<group>"; };
		953FCD9125792A7000666503 /* PhrasesLangDetailViewModel.swift */ = {isa = PBXFileReference; fileEncoding = 4; lastKnownFileType = sourcecode.swift; path = PhrasesLangDetailViewModel.swift; sourceTree = "<group>"; };
		953FCD9225792A7000666503 /* PhrasesUnitViewModel.swift */ = {isa = PBXFileReference; fileEncoding = 4; lastKnownFileType = sourcecode.swift; path = PhrasesUnitViewModel.swift; sourceTree = "<group>"; };
		953FCD9325792A7000666503 /* PhrasesUnitDetailViewModel.swift */ = {isa = PBXFileReference; fileEncoding = 4; lastKnownFileType = sourcecode.swift; path = PhrasesUnitDetailViewModel.swift; sourceTree = "<group>"; };
		953FCD9525792A7000666503 /* DisposedBy.swift */ = {isa = PBXFileReference; fileEncoding = 4; lastKnownFileType = sourcecode.swift; path = DisposedBy.swift; sourceTree = "<group>"; };
		953FCD9625792A7000666503 /* TwoWayBind.swift */ = {isa = PBXFileReference; fileEncoding = 4; lastKnownFileType = sourcecode.swift; path = TwoWayBind.swift; sourceTree = "<group>"; };
		953FCD9725792A7000666503 /* OneWayBind.swift */ = {isa = PBXFileReference; fileEncoding = 4; lastKnownFileType = sourcecode.swift; path = OneWayBind.swift; sourceTree = "<group>"; };
		953FCD9825792A7000666503 /* Drive.swift */ = {isa = PBXFileReference; fileEncoding = 4; lastKnownFileType = sourcecode.swift; path = Drive.swift; sourceTree = "<group>"; };
		953FCD9925792A7000666503 /* Emit.swift */ = {isa = PBXFileReference; fileEncoding = 4; lastKnownFileType = sourcecode.swift; path = Emit.swift; sourceTree = "<group>"; };
		953FCD9B25792A7000666503 /* NSPopUpButton+Rx.swift */ = {isa = PBXFileReference; fileEncoding = 4; lastKnownFileType = sourcecode.swift; path = "NSPopUpButton+Rx.swift"; sourceTree = "<group>"; };
		953FCD9C25792A7000666503 /* RxCodableAlamofire.swift */ = {isa = PBXFileReference; fileEncoding = 4; lastKnownFileType = sourcecode.swift; path = RxCodableAlamofire.swift; sourceTree = "<group>"; };
		953FCD9D25792A7000666503 /* RestApi.swift */ = {isa = PBXFileReference; fileEncoding = 4; lastKnownFileType = sourcecode.swift; path = RestApi.swift; sourceTree = "<group>"; };
		953FCD9F25792A7000666503 /* NSButton+Rx2.swift */ = {isa = PBXFileReference; fileEncoding = 4; lastKnownFileType = sourcecode.swift; path = "NSButton+Rx2.swift"; sourceTree = "<group>"; };
		953FCDA025792A7000666503 /* NSStepper+Rx.swift */ = {isa = PBXFileReference; fileEncoding = 4; lastKnownFileType = sourcecode.swift; path = "NSStepper+Rx.swift"; sourceTree = "<group>"; };
		953FCDA125792A7000666503 /* MacApi.swift */ = {isa = PBXFileReference; fileEncoding = 4; lastKnownFileType = sourcecode.swift; path = MacApi.swift; sourceTree = "<group>"; };
		953FCDA225792A7000666503 /* CommonApi.swift */ = {isa = PBXFileReference; fileEncoding = 4; lastKnownFileType = sourcecode.swift; path = CommonApi.swift; sourceTree = "<group>"; };
		953FCDA325792A7000666503 /* NSSegmentedControl+Rx.swift */ = {isa = PBXFileReference; fileEncoding = 4; lastKnownFileType = sourcecode.swift; path = "NSSegmentedControl+Rx.swift"; sourceTree = "<group>"; };
		958655B125A75EEB00B5039C /* WordsBaseViewModel.swift */ = {isa = PBXFileReference; fileEncoding = 4; lastKnownFileType = sourcecode.swift; path = WordsBaseViewModel.swift; sourceTree = "<group>"; };
		958655B225A75EEB00B5039C /* WordsUnitBatchAddViewModel.swift */ = {isa = PBXFileReference; fileEncoding = 4; lastKnownFileType = sourcecode.swift; path = WordsUnitBatchAddViewModel.swift; sourceTree = "<group>"; };
		958655B825A75EFA00B5039C /* PhrasesUnitBatchAddViewModel.swift */ = {isa = PBXFileReference; fileEncoding = 4; lastKnownFileType = sourcecode.swift; path = PhrasesUnitBatchAddViewModel.swift; sourceTree = "<group>"; };
		958655B925A75EFA00B5039C /* PhrasesBaseViewModel.swift */ = {isa = PBXFileReference; fileEncoding = 4; lastKnownFileType = sourcecode.swift; path = PhrasesBaseViewModel.swift; sourceTree = "<group>"; };
		9591925E258D00720070DBFD /* MCommon.swift */ = {isa = PBXFileReference; fileEncoding = 4; lastKnownFileType = sourcecode.swift; path = MCommon.swift; sourceTree = "<group>"; };
		9591925F258D00720070DBFD /* MDictionary.swift */ = {isa = PBXFileReference; fileEncoding = 4; lastKnownFileType = sourcecode.swift; path = MDictionary.swift; sourceTree = "<group>"; };
		95919260258D00720070DBFD /* MAutoCorrect.swift */ = {isa = PBXFileReference; fileEncoding = 4; lastKnownFileType = sourcecode.swift; path = MAutoCorrect.swift; sourceTree = "<group>"; };
		95919261258D00720070DBFD /* MVoice.swift */ = {isa = PBXFileReference; fileEncoding = 4; lastKnownFileType = sourcecode.swift; path = MVoice.swift; sourceTree = "<group>"; };
		95919262258D00720070DBFD /* MUSMapping.swift */ = {isa = PBXFileReference; fileEncoding = 4; lastKnownFileType = sourcecode.swift; path = MUSMapping.swift; sourceTree = "<group>"; };
		95919263258D00720070DBFD /* MUserSetting.swift */ = {isa = PBXFileReference; fileEncoding = 4; lastKnownFileType = sourcecode.swift; path = MUserSetting.swift; sourceTree = "<group>"; };
		95919264258D00720070DBFD /* MWebTextbook.swift */ = {isa = PBXFileReference; fileEncoding = 4; lastKnownFileType = sourcecode.swift; path = MWebTextbook.swift; sourceTree = "<group>"; };
		95919265258D00720070DBFD /* MReviewOptions.swift */ = {isa = PBXFileReference; fileEncoding = 4; lastKnownFileType = sourcecode.swift; path = MReviewOptions.swift; sourceTree = "<group>"; };
		95919266258D00720070DBFD /* MLanguage.swift */ = {isa = PBXFileReference; fileEncoding = 4; lastKnownFileType = sourcecode.swift; path = MLanguage.swift; sourceTree = "<group>"; };
		95919267258D00720070DBFD /* MTextbook.swift */ = {isa = PBXFileReference; fileEncoding = 4; lastKnownFileType = sourcecode.swift; path = MTextbook.swift; sourceTree = "<group>"; };
		95919269258D00720070DBFD /* MUnitWord.swift */ = {isa = PBXFileReference; fileEncoding = 4; lastKnownFileType = sourcecode.swift; path = MUnitWord.swift; sourceTree = "<group>"; };
		9591926A258D00720070DBFD /* MPatternWebPage.swift */ = {isa = PBXFileReference; fileEncoding = 4; lastKnownFileType = sourcecode.swift; path = MPatternWebPage.swift; sourceTree = "<group>"; };
		9591926B258D00720070DBFD /* MLangWord.swift */ = {isa = PBXFileReference; fileEncoding = 4; lastKnownFileType = sourcecode.swift; path = MLangWord.swift; sourceTree = "<group>"; };
		9591926C258D00720070DBFD /* MPattern.swift */ = {isa = PBXFileReference; fileEncoding = 4; lastKnownFileType = sourcecode.swift; path = MPattern.swift; sourceTree = "<group>"; };
		9591926D258D00720070DBFD /* MWordFami.swift */ = {isa = PBXFileReference; fileEncoding = 4; lastKnownFileType = sourcecode.swift; path = MWordFami.swift; sourceTree = "<group>"; };
		9591926E258D00720070DBFD /* MLangPhrase.swift */ = {isa = PBXFileReference; fileEncoding = 4; lastKnownFileType = sourcecode.swift; path = MLangPhrase.swift; sourceTree = "<group>"; };
		9591926F258D00720070DBFD /* MWordPhrase.swift */ = {isa = PBXFileReference; fileEncoding = 4; lastKnownFileType = sourcecode.swift; path = MWordPhrase.swift; sourceTree = "<group>"; };
		95919270258D00720070DBFD /* MUnitPhrase.swift */ = {isa = PBXFileReference; fileEncoding = 4; lastKnownFileType = sourcecode.swift; path = MUnitPhrase.swift; sourceTree = "<group>"; };
		95919271258D00720070DBFD /* MWebPage.swift */ = {isa = PBXFileReference; fileEncoding = 4; lastKnownFileType = sourcecode.swift; path = MWebPage.swift; sourceTree = "<group>"; };
		95C0C705257A74E700B3B44C /* WordsUnitView.swift */ = {isa = PBXFileReference; lastKnownFileType = sourcecode.swift; path = WordsUnitView.swift; sourceTree = "<group>"; };
		B5F59E8DE31B6365E7A22164 /* Pods-LollySwiftUIMacTests.release.xcconfig */ = {isa = PBXFileReference; includeInIndex = 1; lastKnownFileType = text.xcconfig; name = "Pods-LollySwiftUIMacTests.release.xcconfig"; path = "Target Support Files/Pods-LollySwiftUIMacTests/Pods-LollySwiftUIMacTests.release.xcconfig"; sourceTree = "<group>"; };
/* End PBXFileReference section */

/* Begin PBXFrameworksBuildPhase section */
		953FCD3325745D6D00666503 /* Frameworks */ = {
			isa = PBXFrameworksBuildPhase;
			buildActionMask = 2147483647;
			files = (
				F40129E23773DBD8351491D5 /* Pods_LollySwiftUIMac.framework in Frameworks */,
			);
			runOnlyForDeploymentPostprocessing = 0;
		};
		953FCD4525745D7000666503 /* Frameworks */ = {
			isa = PBXFrameworksBuildPhase;
			buildActionMask = 2147483647;
			files = (
				32981C11D8D5DBE5311A6EE3 /* Pods_LollySwiftUIMacTests.framework in Frameworks */,
			);
			runOnlyForDeploymentPostprocessing = 0;
		};
		953FCD5025745D7000666503 /* Frameworks */ = {
			isa = PBXFrameworksBuildPhase;
			buildActionMask = 2147483647;
			files = (
			);
			runOnlyForDeploymentPostprocessing = 0;
		};
/* End PBXFrameworksBuildPhase section */

/* Begin PBXGroup section */
		2A927ED8580D52D8770F6CD8 /* Pods */ = {
			isa = PBXGroup;
			children = (
				24A1982758C273C6EA68DB5E /* Pods-LollySwiftUIMac.debug.xcconfig */,
				2F3A5CCCE0B8DCED70DF8266 /* Pods-LollySwiftUIMac.release.xcconfig */,
				8156FAB5E83CE437CAA234D2 /* Pods-LollySwiftUIMacTests.debug.xcconfig */,
				B5F59E8DE31B6365E7A22164 /* Pods-LollySwiftUIMacTests.release.xcconfig */,
			);
			name = Pods;
			path = ../Pods;
			sourceTree = "<group>";
		};
		8C206538CCAE3642081EEBE2 /* Frameworks */ = {
			isa = PBXGroup;
			children = (
				31487252EDA1512FE0A0C461 /* Pods_LollySwiftUIMac.framework */,
				5A94FE5036EE9988F039C122 /* Pods_LollySwiftUIMacTests.framework */,
			);
			name = Frameworks;
			sourceTree = "<group>";
		};
		953FCD2D25745D6D00666503 = {
			isa = PBXGroup;
			children = (
				953FCD7225792A6F00666503 /* LollySwiftShared */,
				953FCD3825745D6D00666503 /* LollySwiftUIMac */,
				953FCD4B25745D7000666503 /* LollySwiftUIMacTests */,
				953FCD5625745D7000666503 /* LollySwiftUIMacUITests */,
				953FCD3725745D6D00666503 /* Products */,
				2A927ED8580D52D8770F6CD8 /* Pods */,
				8C206538CCAE3642081EEBE2 /* Frameworks */,
			);
			sourceTree = "<group>";
		};
		953FCD3725745D6D00666503 /* Products */ = {
			isa = PBXGroup;
			children = (
				953FCD3625745D6D00666503 /* LollySwiftUIMac.app */,
				953FCD4825745D7000666503 /* LollySwiftUIMacTests.xctest */,
				953FCD5325745D7000666503 /* LollySwiftUIMacUITests.xctest */,
			);
			name = Products;
			sourceTree = "<group>";
		};
		953FCD3825745D6D00666503 /* LollySwiftUIMac */ = {
			isa = PBXGroup;
			children = (
				953FCD3925745D6D00666503 /* LollySwiftUIMacApp.swift */,
				953FCD3B25745D6D00666503 /* ContentView.swift */,
				953FCD3D25745D7000666503 /* Assets.xcassets */,
				953FCD4225745D7000666503 /* Info.plist */,
				953FCD4325745D7000666503 /* LollySwiftUIMac.entitlements */,
				953FCD3F25745D7000666503 /* Preview Content */,
				95C0C705257A74E700B3B44C /* WordsUnitView.swift */,
			);
			path = LollySwiftUIMac;
			sourceTree = "<group>";
		};
		953FCD3F25745D7000666503 /* Preview Content */ = {
			isa = PBXGroup;
			children = (
				953FCD4025745D7000666503 /* Preview Assets.xcassets */,
			);
			path = "Preview Content";
			sourceTree = "<group>";
		};
		953FCD4B25745D7000666503 /* LollySwiftUIMacTests */ = {
			isa = PBXGroup;
			children = (
				953FCD4C25745D7000666503 /* LollySwiftUIMacTests.swift */,
				953FCD4E25745D7000666503 /* Info.plist */,
			);
			path = LollySwiftUIMacTests;
			sourceTree = "<group>";
		};
		953FCD5625745D7000666503 /* LollySwiftUIMacUITests */ = {
			isa = PBXGroup;
			children = (
				953FCD5725745D7000666503 /* LollySwiftUIMacUITests.swift */,
				953FCD5925745D7000666503 /* Info.plist */,
			);
			path = LollySwiftUIMacUITests;
			sourceTree = "<group>";
		};
		953FCD7225792A6F00666503 /* LollySwiftShared */ = {
			isa = PBXGroup;
			children = (
				9591925C258D00720070DBFD /* Models */,
				953FCD9425792A7000666503 /* RxBinding */,
				953FCD9A25792A7000666503 /* Shared */,
				953FCD7325792A7000666503 /* ViewModels */,
			);
			name = LollySwiftShared;
			path = ../LollySwiftShared;
			sourceTree = "<group>";
		};
		953FCD7325792A7000666503 /* ViewModels */ = {
			isa = PBXGroup;
			children = (
				953FCD7425792A7000666503 /* Misc */,
				953FCD7E25792A7000666503 /* Words */,
				953FCD8725792A7000666503 /* Patterns */,
				953FCD8D25792A7000666503 /* Phrases */,
			);
			path = ViewModels;
			sourceTree = "<group>";
		};
		953FCD7425792A7000666503 /* Misc */ = {
			isa = PBXGroup;
			children = (
				953FCD7525792A7000666503 /* TextbooksViewModel.swift */,
				953FCD7625792A7000666503 /* SettingsViewModel.swift */,
				953FCD7725792A7000666503 /* ReadNumberViewModel.swift */,
				953FCD7825792A7000666503 /* ReviewOptionsViewModel.swift */,
				953FCD7925792A7000666503 /* EmbeddedReviewViewModel.swift */,
				953FCD7A25792A7000666503 /* TransformDetailViewModel.swift */,
				953FCD7B25792A7000666503 /* BlogViewModel.swift */,
				953FCD7C25792A7000666503 /* WebTextbooksViewModel.swift */,
				953FCD7D25792A7000666503 /* DictsViewModel.swift */,
			);
			path = Misc;
			sourceTree = "<group>";
		};
		953FCD7E25792A7000666503 /* Words */ = {
			isa = PBXGroup;
			children = (
				953FCD8525792A7000666503 /* SingleWordViewModel.swift */,
				958655B125A75EEB00B5039C /* WordsBaseViewModel.swift */,
				953FCD8325792A7000666503 /* WordsDictViewModel.swift */,
				953FCD7F25792A7000666503 /* WordsLangDetailViewModel.swift */,
				953FCD8025792A7000666503 /* WordsLangViewModel.swift */,
				953FCD8225792A7000666503 /* WordsReviewViewModel.swift */,
				953FCD8425792A7000666503 /* WordsSearchViewModel.swift */,
				958655B225A75EEB00B5039C /* WordsUnitBatchAddViewModel.swift */,
				953FCD8125792A7000666503 /* WordsUnitDetailViewModel.swift */,
				953FCD8625792A7000666503 /* WordsUnitViewModel.swift */,
			);
			path = Words;
			sourceTree = "<group>";
		};
		953FCD8725792A7000666503 /* Patterns */ = {
			isa = PBXGroup;
			children = (
				953FCD8825792A7000666503 /* PatternsSplitViewModel.swift */,
				953FCD8925792A7000666503 /* PatternsMergeViewModel.swift */,
				953FCD8A25792A7000666503 /* WebPageSelectViewModel.swift */,
				953FCD8B25792A7000666503 /* PatternsViewModel.swift */,
				953FCD8C25792A7000666503 /* PatternsDetailViewModel.swift */,
			);
			path = Patterns;
			sourceTree = "<group>";
		};
		953FCD8D25792A7000666503 /* Phrases */ = {
			isa = PBXGroup;
			children = (
				958655B925A75EFA00B5039C /* PhrasesBaseViewModel.swift */,
				953FCD9125792A7000666503 /* PhrasesLangDetailViewModel.swift */,
				953FCD9025792A7000666503 /* PhrasesLangViewModel.swift */,
				953FCD8F25792A7000666503 /* PhrasesReviewViewModel.swift */,
				958655B825A75EFA00B5039C /* PhrasesUnitBatchAddViewModel.swift */,
				953FCD9325792A7000666503 /* PhrasesUnitDetailViewModel.swift */,
				953FCD9225792A7000666503 /* PhrasesUnitViewModel.swift */,
				953FCD8E25792A7000666503 /* SinglePhraseViewModel.swift */,
			);
			path = Phrases;
			sourceTree = "<group>";
		};
		953FCD9425792A7000666503 /* RxBinding */ = {
			isa = PBXGroup;
			children = (
				953FCD9525792A7000666503 /* DisposedBy.swift */,
				953FCD9625792A7000666503 /* TwoWayBind.swift */,
				953FCD9725792A7000666503 /* OneWayBind.swift */,
				953FCD9825792A7000666503 /* Drive.swift */,
				953FCD9925792A7000666503 /* Emit.swift */,
			);
			path = RxBinding;
			sourceTree = "<group>";
		};
		953FCD9A25792A7000666503 /* Shared */ = {
			isa = PBXGroup;
			children = (
				953FCDA225792A7000666503 /* CommonApi.swift */,
				953FCDA125792A7000666503 /* MacApi.swift */,
				953FCD9F25792A7000666503 /* NSButton+Rx2.swift */,
				953FCD9B25792A7000666503 /* NSPopUpButton+Rx.swift */,
				953FCDA325792A7000666503 /* NSSegmentedControl+Rx.swift */,
				953FCDA025792A7000666503 /* NSStepper+Rx.swift */,
				953FCD9D25792A7000666503 /* RestApi.swift */,
				953FCD9C25792A7000666503 /* RxCodableAlamofire.swift */,
			);
			path = Shared;
			sourceTree = "<group>";
		};
		9591925C258D00720070DBFD /* Models */ = {
			isa = PBXGroup;
			children = (
				9591925D258D00720070DBFD /* Misc */,
				95919268258D00720070DBFD /* WPP */,
			);
			path = Models;
			sourceTree = "<group>";
		};
		9591925D258D00720070DBFD /* Misc */ = {
			isa = PBXGroup;
			children = (
				9591925E258D00720070DBFD /* MCommon.swift */,
				9591925F258D00720070DBFD /* MDictionary.swift */,
				95919260258D00720070DBFD /* MAutoCorrect.swift */,
				95919261258D00720070DBFD /* MVoice.swift */,
				95919262258D00720070DBFD /* MUSMapping.swift */,
				95919263258D00720070DBFD /* MUserSetting.swift */,
				95919264258D00720070DBFD /* MWebTextbook.swift */,
				95919265258D00720070DBFD /* MReviewOptions.swift */,
				95919266258D00720070DBFD /* MLanguage.swift */,
				95919267258D00720070DBFD /* MTextbook.swift */,
			);
			path = Misc;
			sourceTree = "<group>";
		};
		95919268258D00720070DBFD /* WPP */ = {
			isa = PBXGroup;
			children = (
				95919269258D00720070DBFD /* MUnitWord.swift */,
				9591926A258D00720070DBFD /* MPatternWebPage.swift */,
				9591926B258D00720070DBFD /* MLangWord.swift */,
				9591926C258D00720070DBFD /* MPattern.swift */,
				9591926D258D00720070DBFD /* MWordFami.swift */,
				9591926E258D00720070DBFD /* MLangPhrase.swift */,
				9591926F258D00720070DBFD /* MWordPhrase.swift */,
				95919270258D00720070DBFD /* MUnitPhrase.swift */,
				95919271258D00720070DBFD /* MWebPage.swift */,
			);
			path = WPP;
			sourceTree = "<group>";
		};
/* End PBXGroup section */

/* Begin PBXNativeTarget section */
		953FCD3525745D6D00666503 /* LollySwiftUIMac */ = {
			isa = PBXNativeTarget;
			buildConfigurationList = 953FCD5C25745D7000666503 /* Build configuration list for PBXNativeTarget "LollySwiftUIMac" */;
			buildPhases = (
				3E588AB5AAD2C215578D8513 /* [CP] Check Pods Manifest.lock */,
				953FCD3225745D6D00666503 /* Sources */,
				953FCD3325745D6D00666503 /* Frameworks */,
				953FCD3425745D6D00666503 /* Resources */,
				2D9107AF4E0F56B6C1F1CEAC /* [CP] Embed Pods Frameworks */,
			);
			buildRules = (
			);
			dependencies = (
			);
			name = LollySwiftUIMac;
			productName = LollySwiftUIMac;
			productReference = 953FCD3625745D6D00666503 /* LollySwiftUIMac.app */;
			productType = "com.apple.product-type.application";
		};
		953FCD4725745D7000666503 /* LollySwiftUIMacTests */ = {
			isa = PBXNativeTarget;
			buildConfigurationList = 953FCD5F25745D7000666503 /* Build configuration list for PBXNativeTarget "LollySwiftUIMacTests" */;
			buildPhases = (
				B7299FC2364B8104D2EE2008 /* [CP] Check Pods Manifest.lock */,
				953FCD4425745D7000666503 /* Sources */,
				953FCD4525745D7000666503 /* Frameworks */,
				953FCD4625745D7000666503 /* Resources */,
				5ABBC2EC590103AB9E6F0957 /* [CP] Embed Pods Frameworks */,
			);
			buildRules = (
			);
			dependencies = (
				953FCD4A25745D7000666503 /* PBXTargetDependency */,
			);
			name = LollySwiftUIMacTests;
			productName = LollySwiftUIMacTests;
			productReference = 953FCD4825745D7000666503 /* LollySwiftUIMacTests.xctest */;
			productType = "com.apple.product-type.bundle.unit-test";
		};
		953FCD5225745D7000666503 /* LollySwiftUIMacUITests */ = {
			isa = PBXNativeTarget;
			buildConfigurationList = 953FCD6225745D7000666503 /* Build configuration list for PBXNativeTarget "LollySwiftUIMacUITests" */;
			buildPhases = (
				953FCD4F25745D7000666503 /* Sources */,
				953FCD5025745D7000666503 /* Frameworks */,
				953FCD5125745D7000666503 /* Resources */,
			);
			buildRules = (
			);
			dependencies = (
				953FCD5525745D7000666503 /* PBXTargetDependency */,
			);
			name = LollySwiftUIMacUITests;
			productName = LollySwiftUIMacUITests;
			productReference = 953FCD5325745D7000666503 /* LollySwiftUIMacUITests.xctest */;
			productType = "com.apple.product-type.bundle.ui-testing";
		};
/* End PBXNativeTarget section */

/* Begin PBXProject section */
		953FCD2E25745D6D00666503 /* Project object */ = {
			isa = PBXProject;
			attributes = {
				LastSwiftUpdateCheck = 1220;
				LastUpgradeCheck = 1230;
				TargetAttributes = {
					953FCD3525745D6D00666503 = {
						CreatedOnToolsVersion = 12.2;
					};
					953FCD4725745D7000666503 = {
						CreatedOnToolsVersion = 12.2;
						TestTargetID = 953FCD3525745D6D00666503;
					};
					953FCD5225745D7000666503 = {
						CreatedOnToolsVersion = 12.2;
						TestTargetID = 953FCD3525745D6D00666503;
					};
				};
			};
			buildConfigurationList = 953FCD3125745D6D00666503 /* Build configuration list for PBXProject "LollySwiftUIMac" */;
			compatibilityVersion = "Xcode 9.3";
			developmentRegion = en;
			hasScannedForEncodings = 0;
			knownRegions = (
				en,
				Base,
			);
			mainGroup = 953FCD2D25745D6D00666503;
			productRefGroup = 953FCD3725745D6D00666503 /* Products */;
			projectDirPath = "";
			projectRoot = "";
			targets = (
				953FCD3525745D6D00666503 /* LollySwiftUIMac */,
				953FCD4725745D7000666503 /* LollySwiftUIMacTests */,
				953FCD5225745D7000666503 /* LollySwiftUIMacUITests */,
			);
		};
/* End PBXProject section */

/* Begin PBXResourcesBuildPhase section */
		953FCD3425745D6D00666503 /* Resources */ = {
			isa = PBXResourcesBuildPhase;
			buildActionMask = 2147483647;
			files = (
				953FCD4125745D7000666503 /* Preview Assets.xcassets in Resources */,
				953FCD3E25745D7000666503 /* Assets.xcassets in Resources */,
			);
			runOnlyForDeploymentPostprocessing = 0;
		};
		953FCD4625745D7000666503 /* Resources */ = {
			isa = PBXResourcesBuildPhase;
			buildActionMask = 2147483647;
			files = (
			);
			runOnlyForDeploymentPostprocessing = 0;
		};
		953FCD5125745D7000666503 /* Resources */ = {
			isa = PBXResourcesBuildPhase;
			buildActionMask = 2147483647;
			files = (
			);
			runOnlyForDeploymentPostprocessing = 0;
		};
/* End PBXResourcesBuildPhase section */

/* Begin PBXShellScriptBuildPhase section */
		2D9107AF4E0F56B6C1F1CEAC /* [CP] Embed Pods Frameworks */ = {
			isa = PBXShellScriptBuildPhase;
			buildActionMask = 2147483647;
			files = (
			);
			inputFileListPaths = (
				"${PODS_ROOT}/Target Support Files/Pods-LollySwiftUIMac/Pods-LollySwiftUIMac-frameworks-${CONFIGURATION}-input-files.xcfilelist",
			);
			name = "[CP] Embed Pods Frameworks";
			outputFileListPaths = (
				"${PODS_ROOT}/Target Support Files/Pods-LollySwiftUIMac/Pods-LollySwiftUIMac-frameworks-${CONFIGURATION}-output-files.xcfilelist",
			);
			runOnlyForDeploymentPostprocessing = 0;
			shellPath = /bin/sh;
			shellScript = "\"${PODS_ROOT}/Target Support Files/Pods-LollySwiftUIMac/Pods-LollySwiftUIMac-frameworks.sh\"\n";
			showEnvVarsInLog = 0;
		};
		3E588AB5AAD2C215578D8513 /* [CP] Check Pods Manifest.lock */ = {
			isa = PBXShellScriptBuildPhase;
			buildActionMask = 2147483647;
			files = (
			);
			inputFileListPaths = (
			);
			inputPaths = (
				"${PODS_PODFILE_DIR_PATH}/Podfile.lock",
				"${PODS_ROOT}/Manifest.lock",
			);
			name = "[CP] Check Pods Manifest.lock";
			outputFileListPaths = (
			);
			outputPaths = (
				"$(DERIVED_FILE_DIR)/Pods-LollySwiftUIMac-checkManifestLockResult.txt",
			);
			runOnlyForDeploymentPostprocessing = 0;
			shellPath = /bin/sh;
			shellScript = "diff \"${PODS_PODFILE_DIR_PATH}/Podfile.lock\" \"${PODS_ROOT}/Manifest.lock\" > /dev/null\nif [ $? != 0 ] ; then\n    # print error to STDERR\n    echo \"error: The sandbox is not in sync with the Podfile.lock. Run 'pod install' or update your CocoaPods installation.\" >&2\n    exit 1\nfi\n# This output is used by Xcode 'outputs' to avoid re-running this script phase.\necho \"SUCCESS\" > \"${SCRIPT_OUTPUT_FILE_0}\"\n";
			showEnvVarsInLog = 0;
		};
		5ABBC2EC590103AB9E6F0957 /* [CP] Embed Pods Frameworks */ = {
			isa = PBXShellScriptBuildPhase;
			buildActionMask = 2147483647;
			files = (
			);
			inputFileListPaths = (
				"${PODS_ROOT}/Target Support Files/Pods-LollySwiftUIMacTests/Pods-LollySwiftUIMacTests-frameworks-${CONFIGURATION}-input-files.xcfilelist",
			);
			name = "[CP] Embed Pods Frameworks";
			outputFileListPaths = (
				"${PODS_ROOT}/Target Support Files/Pods-LollySwiftUIMacTests/Pods-LollySwiftUIMacTests-frameworks-${CONFIGURATION}-output-files.xcfilelist",
			);
			runOnlyForDeploymentPostprocessing = 0;
			shellPath = /bin/sh;
			shellScript = "\"${PODS_ROOT}/Target Support Files/Pods-LollySwiftUIMacTests/Pods-LollySwiftUIMacTests-frameworks.sh\"\n";
			showEnvVarsInLog = 0;
		};
		B7299FC2364B8104D2EE2008 /* [CP] Check Pods Manifest.lock */ = {
			isa = PBXShellScriptBuildPhase;
			buildActionMask = 2147483647;
			files = (
			);
			inputFileListPaths = (
			);
			inputPaths = (
				"${PODS_PODFILE_DIR_PATH}/Podfile.lock",
				"${PODS_ROOT}/Manifest.lock",
			);
			name = "[CP] Check Pods Manifest.lock";
			outputFileListPaths = (
			);
			outputPaths = (
				"$(DERIVED_FILE_DIR)/Pods-LollySwiftUIMacTests-checkManifestLockResult.txt",
			);
			runOnlyForDeploymentPostprocessing = 0;
			shellPath = /bin/sh;
			shellScript = "diff \"${PODS_PODFILE_DIR_PATH}/Podfile.lock\" \"${PODS_ROOT}/Manifest.lock\" > /dev/null\nif [ $? != 0 ] ; then\n    # print error to STDERR\n    echo \"error: The sandbox is not in sync with the Podfile.lock. Run 'pod install' or update your CocoaPods installation.\" >&2\n    exit 1\nfi\n# This output is used by Xcode 'outputs' to avoid re-running this script phase.\necho \"SUCCESS\" > \"${SCRIPT_OUTPUT_FILE_0}\"\n";
			showEnvVarsInLog = 0;
		};
/* End PBXShellScriptBuildPhase section */

/* Begin PBXSourcesBuildPhase section */
		953FCD3225745D6D00666503 /* Sources */ = {
			isa = PBXSourcesBuildPhase;
			buildActionMask = 2147483647;
			files = (
				953FCDD225792A7000666503 /* SinglePhraseViewModel.swift in Sources */,
				953FCDC425792A7000666503 /* DictsViewModel.swift in Sources */,
				9591927C258D00720070DBFD /* MUnitWord.swift in Sources */,
				953FCDE225792A7000666503 /* NSStepper+Rx.swift in Sources */,
				953FCD3C25745D6D00666503 /* ContentView.swift in Sources */,
				95C0C706257A74E700B3B44C /* WordsUnitView.swift in Sources */,
				9591927D258D00720070DBFD /* MPatternWebPage.swift in Sources */,
				95919282258D00720070DBFD /* MWordPhrase.swift in Sources */,
				953FCDC925792A7000666503 /* WordsDictViewModel.swift in Sources */,
				958655B325A75EEB00B5039C /* WordsBaseViewModel.swift in Sources */,
				95919279258D00720070DBFD /* MReviewOptions.swift in Sources */,
				95919276258D00720070DBFD /* MUSMapping.swift in Sources */,
				953FCDE525792A7000666503 /* NSSegmentedControl+Rx.swift in Sources */,
				953FCDE425792A7000666503 /* CommonApi.swift in Sources */,
				953FCDD825792A7000666503 /* DisposedBy.swift in Sources */,
				95919272258D00720070DBFD /* MCommon.swift in Sources */,
				953FCDD725792A7000666503 /* PhrasesUnitDetailViewModel.swift in Sources */,
				95919273258D00720070DBFD /* MDictionary.swift in Sources */,
				953FCDDE25792A7000666503 /* RxCodableAlamofire.swift in Sources */,
				953FCDC625792A7000666503 /* WordsLangViewModel.swift in Sources */,
				953FCDD425792A7000666503 /* PhrasesLangViewModel.swift in Sources */,
				953FCD3A25745D6D00666503 /* LollySwiftUIMacApp.swift in Sources */,
				953FCDC225792A7000666503 /* BlogViewModel.swift in Sources */,
				9591927B258D00720070DBFD /* MTextbook.swift in Sources */,
				953FCDBE25792A7000666503 /* ReadNumberViewModel.swift in Sources */,
				953FCDD625792A7000666503 /* PhrasesUnitViewModel.swift in Sources */,
				958655B425A75EEB00B5039C /* WordsUnitBatchAddViewModel.swift in Sources */,
				953FCDDB25792A7000666503 /* Drive.swift in Sources */,
				953FCDC525792A7000666503 /* WordsLangDetailViewModel.swift in Sources */,
				9591927F258D00720070DBFD /* MPattern.swift in Sources */,
				95919283258D00720070DBFD /* MUnitPhrase.swift in Sources */,
				958655BB25A75EFA00B5039C /* PhrasesBaseViewModel.swift in Sources */,
				953FCDD125792A7000666503 /* PatternsDetailViewModel.swift in Sources */,
				953FCDCE25792A7000666503 /* PatternsMergeViewModel.swift in Sources */,
				953FCDD525792A7000666503 /* PhrasesLangDetailViewModel.swift in Sources */,
				953FCDCA25792A7000666503 /* WordsSearchViewModel.swift in Sources */,
				953FCDBF25792A7000666503 /* ReviewOptionsViewModel.swift in Sources */,
				953FCDDA25792A7000666503 /* OneWayBind.swift in Sources */,
				953FCDDC25792A7000666503 /* Emit.swift in Sources */,
				958655BA25A75EFA00B5039C /* PhrasesUnitBatchAddViewModel.swift in Sources */,
				953FCDC325792A7000666503 /* WebTextbooksViewModel.swift in Sources */,
				953FCDD925792A7000666503 /* TwoWayBind.swift in Sources */,
				95919277258D00720070DBFD /* MUserSetting.swift in Sources */,
				95919280258D00720070DBFD /* MWordFami.swift in Sources */,
				95919274258D00720070DBFD /* MAutoCorrect.swift in Sources */,
				953FCDE125792A7000666503 /* NSButton+Rx2.swift in Sources */,
				953FCDDD25792A7000666503 /* NSPopUpButton+Rx.swift in Sources */,
				953FCDE325792A7000666503 /* MacApi.swift in Sources */,
				953FCDC125792A7000666503 /* TransformDetailViewModel.swift in Sources */,
				953FCDDF25792A7000666503 /* RestApi.swift in Sources */,
				953FCDCD25792A7000666503 /* PatternsSplitViewModel.swift in Sources */,
				953FCDCF25792A7000666503 /* WebPageSelectViewModel.swift in Sources */,
				953FCDCB25792A7000666503 /* SingleWordViewModel.swift in Sources */,
				953FCDBC25792A7000666503 /* TextbooksViewModel.swift in Sources */,
				9591927A258D00720070DBFD /* MLanguage.swift in Sources */,
				953FCDD325792A7000666503 /* PhrasesReviewViewModel.swift in Sources */,
				95919281258D00720070DBFD /* MLangPhrase.swift in Sources */,
				9591927E258D00720070DBFD /* MLangWord.swift in Sources */,
				953FCDC825792A7000666503 /* WordsReviewViewModel.swift in Sources */,
				95919275258D00720070DBFD /* MVoice.swift in Sources */,
				953FCDC725792A7000666503 /* WordsUnitDetailViewModel.swift in Sources */,
				953FCDC025792A7000666503 /* EmbeddedReviewViewModel.swift in Sources */,
				95919284258D00720070DBFD /* MWebPage.swift in Sources */,
				953FCDBD25792A7000666503 /* SettingsViewModel.swift in Sources */,
				95919278258D00720070DBFD /* MWebTextbook.swift in Sources */,
				953FCDD025792A7000666503 /* PatternsViewModel.swift in Sources */,
				953FCDCC25792A7000666503 /* WordsUnitViewModel.swift in Sources */,
			);
			runOnlyForDeploymentPostprocessing = 0;
		};
		953FCD4425745D7000666503 /* Sources */ = {
			isa = PBXSourcesBuildPhase;
			buildActionMask = 2147483647;
			files = (
				953FCD4D25745D7000666503 /* LollySwiftUIMacTests.swift in Sources */,
			);
			runOnlyForDeploymentPostprocessing = 0;
		};
		953FCD4F25745D7000666503 /* Sources */ = {
			isa = PBXSourcesBuildPhase;
			buildActionMask = 2147483647;
			files = (
				953FCD5825745D7000666503 /* LollySwiftUIMacUITests.swift in Sources */,
			);
			runOnlyForDeploymentPostprocessing = 0;
		};
/* End PBXSourcesBuildPhase section */

/* Begin PBXTargetDependency section */
		953FCD4A25745D7000666503 /* PBXTargetDependency */ = {
			isa = PBXTargetDependency;
			target = 953FCD3525745D6D00666503 /* LollySwiftUIMac */;
			targetProxy = 953FCD4925745D7000666503 /* PBXContainerItemProxy */;
		};
		953FCD5525745D7000666503 /* PBXTargetDependency */ = {
			isa = PBXTargetDependency;
			target = 953FCD3525745D6D00666503 /* LollySwiftUIMac */;
			targetProxy = 953FCD5425745D7000666503 /* PBXContainerItemProxy */;
		};
/* End PBXTargetDependency section */

/* Begin XCBuildConfiguration section */
		953FCD5A25745D7000666503 /* Debug */ = {
			isa = XCBuildConfiguration;
			buildSettings = {
				ALWAYS_SEARCH_USER_PATHS = NO;
				CLANG_ANALYZER_NONNULL = YES;
				CLANG_ANALYZER_NUMBER_OBJECT_CONVERSION = YES_AGGRESSIVE;
				CLANG_CXX_LANGUAGE_STANDARD = "gnu++14";
				CLANG_CXX_LIBRARY = "libc++";
				CLANG_ENABLE_MODULES = YES;
				CLANG_ENABLE_OBJC_ARC = YES;
				CLANG_ENABLE_OBJC_WEAK = YES;
				CLANG_WARN_BLOCK_CAPTURE_AUTORELEASING = YES;
				CLANG_WARN_BOOL_CONVERSION = YES;
				CLANG_WARN_COMMA = YES;
				CLANG_WARN_CONSTANT_CONVERSION = YES;
				CLANG_WARN_DEPRECATED_OBJC_IMPLEMENTATIONS = YES;
				CLANG_WARN_DIRECT_OBJC_ISA_USAGE = YES_ERROR;
				CLANG_WARN_DOCUMENTATION_COMMENTS = YES;
				CLANG_WARN_EMPTY_BODY = YES;
				CLANG_WARN_ENUM_CONVERSION = YES;
				CLANG_WARN_INFINITE_RECURSION = YES;
				CLANG_WARN_INT_CONVERSION = YES;
				CLANG_WARN_NON_LITERAL_NULL_CONVERSION = YES;
				CLANG_WARN_OBJC_IMPLICIT_RETAIN_SELF = YES;
				CLANG_WARN_OBJC_LITERAL_CONVERSION = YES;
				CLANG_WARN_OBJC_ROOT_CLASS = YES_ERROR;
				CLANG_WARN_QUOTED_INCLUDE_IN_FRAMEWORK_HEADER = YES;
				CLANG_WARN_RANGE_LOOP_ANALYSIS = YES;
				CLANG_WARN_STRICT_PROTOTYPES = YES;
				CLANG_WARN_SUSPICIOUS_MOVE = YES;
				CLANG_WARN_UNGUARDED_AVAILABILITY = YES_AGGRESSIVE;
				CLANG_WARN_UNREACHABLE_CODE = YES;
				CLANG_WARN__DUPLICATE_METHOD_MATCH = YES;
				COPY_PHASE_STRIP = NO;
				DEBUG_INFORMATION_FORMAT = dwarf;
				ENABLE_STRICT_OBJC_MSGSEND = YES;
				ENABLE_TESTABILITY = YES;
				GCC_C_LANGUAGE_STANDARD = gnu11;
				GCC_DYNAMIC_NO_PIC = NO;
				GCC_NO_COMMON_BLOCKS = YES;
				GCC_OPTIMIZATION_LEVEL = 0;
				GCC_PREPROCESSOR_DEFINITIONS = (
					"DEBUG=1",
					"$(inherited)",
				);
				GCC_WARN_64_TO_32_BIT_CONVERSION = YES;
				GCC_WARN_ABOUT_RETURN_TYPE = YES_ERROR;
				GCC_WARN_UNDECLARED_SELECTOR = YES;
				GCC_WARN_UNINITIALIZED_AUTOS = YES_AGGRESSIVE;
				GCC_WARN_UNUSED_FUNCTION = YES;
				GCC_WARN_UNUSED_VARIABLE = YES;
				MACOSX_DEPLOYMENT_TARGET = 11.0;
				MTL_ENABLE_DEBUG_INFO = INCLUDE_SOURCE;
				MTL_FAST_MATH = YES;
				ONLY_ACTIVE_ARCH = YES;
				SDKROOT = macosx;
				SWIFT_ACTIVE_COMPILATION_CONDITIONS = DEBUG;
				SWIFT_OPTIMIZATION_LEVEL = "-Onone";
			};
			name = Debug;
		};
		953FCD5B25745D7000666503 /* Release */ = {
			isa = XCBuildConfiguration;
			buildSettings = {
				ALWAYS_SEARCH_USER_PATHS = NO;
				CLANG_ANALYZER_NONNULL = YES;
				CLANG_ANALYZER_NUMBER_OBJECT_CONVERSION = YES_AGGRESSIVE;
				CLANG_CXX_LANGUAGE_STANDARD = "gnu++14";
				CLANG_CXX_LIBRARY = "libc++";
				CLANG_ENABLE_MODULES = YES;
				CLANG_ENABLE_OBJC_ARC = YES;
				CLANG_ENABLE_OBJC_WEAK = YES;
				CLANG_WARN_BLOCK_CAPTURE_AUTORELEASING = YES;
				CLANG_WARN_BOOL_CONVERSION = YES;
				CLANG_WARN_COMMA = YES;
				CLANG_WARN_CONSTANT_CONVERSION = YES;
				CLANG_WARN_DEPRECATED_OBJC_IMPLEMENTATIONS = YES;
				CLANG_WARN_DIRECT_OBJC_ISA_USAGE = YES_ERROR;
				CLANG_WARN_DOCUMENTATION_COMMENTS = YES;
				CLANG_WARN_EMPTY_BODY = YES;
				CLANG_WARN_ENUM_CONVERSION = YES;
				CLANG_WARN_INFINITE_RECURSION = YES;
				CLANG_WARN_INT_CONVERSION = YES;
				CLANG_WARN_NON_LITERAL_NULL_CONVERSION = YES;
				CLANG_WARN_OBJC_IMPLICIT_RETAIN_SELF = YES;
				CLANG_WARN_OBJC_LITERAL_CONVERSION = YES;
				CLANG_WARN_OBJC_ROOT_CLASS = YES_ERROR;
				CLANG_WARN_QUOTED_INCLUDE_IN_FRAMEWORK_HEADER = YES;
				CLANG_WARN_RANGE_LOOP_ANALYSIS = YES;
				CLANG_WARN_STRICT_PROTOTYPES = YES;
				CLANG_WARN_SUSPICIOUS_MOVE = YES;
				CLANG_WARN_UNGUARDED_AVAILABILITY = YES_AGGRESSIVE;
				CLANG_WARN_UNREACHABLE_CODE = YES;
				CLANG_WARN__DUPLICATE_METHOD_MATCH = YES;
				COPY_PHASE_STRIP = NO;
				DEBUG_INFORMATION_FORMAT = "dwarf-with-dsym";
				ENABLE_NS_ASSERTIONS = NO;
				ENABLE_STRICT_OBJC_MSGSEND = YES;
				GCC_C_LANGUAGE_STANDARD = gnu11;
				GCC_NO_COMMON_BLOCKS = YES;
				GCC_WARN_64_TO_32_BIT_CONVERSION = YES;
				GCC_WARN_ABOUT_RETURN_TYPE = YES_ERROR;
				GCC_WARN_UNDECLARED_SELECTOR = YES;
				GCC_WARN_UNINITIALIZED_AUTOS = YES_AGGRESSIVE;
				GCC_WARN_UNUSED_FUNCTION = YES;
				GCC_WARN_UNUSED_VARIABLE = YES;
				MACOSX_DEPLOYMENT_TARGET = 11.0;
				MTL_ENABLE_DEBUG_INFO = NO;
				MTL_FAST_MATH = YES;
				SDKROOT = macosx;
				SWIFT_COMPILATION_MODE = wholemodule;
				SWIFT_OPTIMIZATION_LEVEL = "-O";
			};
			name = Release;
		};
		953FCD5D25745D7000666503 /* Debug */ = {
			isa = XCBuildConfiguration;
			baseConfigurationReference = 24A1982758C273C6EA68DB5E /* Pods-LollySwiftUIMac.debug.xcconfig */;
			buildSettings = {
				ASSETCATALOG_COMPILER_APPICON_NAME = AppIcon;
				ASSETCATALOG_COMPILER_GLOBAL_ACCENT_COLOR_NAME = AccentColor;
				CODE_SIGN_ENTITLEMENTS = LollySwiftUIMac/LollySwiftUIMac.entitlements;
				CODE_SIGN_IDENTITY = "-";
				CODE_SIGN_STYLE = Automatic;
				COMBINE_HIDPI_IMAGES = YES;
				DEVELOPMENT_ASSET_PATHS = "\"LollySwiftUIMac/Preview Content\"";
				DEVELOPMENT_TEAM = U259NHMY78;
				ENABLE_HARDENED_RUNTIME = YES;
				ENABLE_PREVIEWS = YES;
				INFOPLIST_FILE = LollySwiftUIMac/Info.plist;
				LD_RUNPATH_SEARCH_PATHS = (
					"$(inherited)",
					"@executable_path/../Frameworks",
				);
				MACOSX_DEPLOYMENT_TARGET = 11.0;
				PRODUCT_BUNDLE_IDENTIFIER = com.zwstudio.LollySwiftUIMac;
				PRODUCT_NAME = "$(TARGET_NAME)";
				SWIFT_VERSION = 5.0;
			};
			name = Debug;
		};
		953FCD5E25745D7000666503 /* Release */ = {
			isa = XCBuildConfiguration;
			baseConfigurationReference = 2F3A5CCCE0B8DCED70DF8266 /* Pods-LollySwiftUIMac.release.xcconfig */;
			buildSettings = {
				ASSETCATALOG_COMPILER_APPICON_NAME = AppIcon;
				ASSETCATALOG_COMPILER_GLOBAL_ACCENT_COLOR_NAME = AccentColor;
				CODE_SIGN_ENTITLEMENTS = LollySwiftUIMac/LollySwiftUIMac.entitlements;
				CODE_SIGN_IDENTITY = "-";
				CODE_SIGN_STYLE = Automatic;
				COMBINE_HIDPI_IMAGES = YES;
				DEVELOPMENT_ASSET_PATHS = "\"LollySwiftUIMac/Preview Content\"";
				DEVELOPMENT_TEAM = U259NHMY78;
				ENABLE_HARDENED_RUNTIME = YES;
				ENABLE_PREVIEWS = YES;
				INFOPLIST_FILE = LollySwiftUIMac/Info.plist;
				LD_RUNPATH_SEARCH_PATHS = (
					"$(inherited)",
					"@executable_path/../Frameworks",
				);
				MACOSX_DEPLOYMENT_TARGET = 11.0;
				PRODUCT_BUNDLE_IDENTIFIER = com.zwstudio.LollySwiftUIMac;
				PRODUCT_NAME = "$(TARGET_NAME)";
				SWIFT_VERSION = 5.0;
			};
			name = Release;
		};
		953FCD6025745D7000666503 /* Debug */ = {
			isa = XCBuildConfiguration;
			baseConfigurationReference = 8156FAB5E83CE437CAA234D2 /* Pods-LollySwiftUIMacTests.debug.xcconfig */;
			buildSettings = {
				BUNDLE_LOADER = "$(TEST_HOST)";
				CODE_SIGN_STYLE = Automatic;
				COMBINE_HIDPI_IMAGES = YES;
				DEVELOPMENT_TEAM = U259NHMY78;
				INFOPLIST_FILE = LollySwiftUIMacTests/Info.plist;
				LD_RUNPATH_SEARCH_PATHS = (
					"$(inherited)",
					"@executable_path/../Frameworks",
					"@loader_path/../Frameworks",
				);
				MACOSX_DEPLOYMENT_TARGET = 11.0;
				PRODUCT_BUNDLE_IDENTIFIER = com.zwstudio.LollySwiftUIMacTests;
				PRODUCT_NAME = "$(TARGET_NAME)";
				SWIFT_VERSION = 5.0;
				TEST_HOST = "$(BUILT_PRODUCTS_DIR)/LollySwiftUIMac.app/Contents/MacOS/LollySwiftUIMac";
			};
			name = Debug;
		};
		953FCD6125745D7000666503 /* Release */ = {
			isa = XCBuildConfiguration;
			baseConfigurationReference = B5F59E8DE31B6365E7A22164 /* Pods-LollySwiftUIMacTests.release.xcconfig */;
			buildSettings = {
				BUNDLE_LOADER = "$(TEST_HOST)";
				CODE_SIGN_STYLE = Automatic;
				COMBINE_HIDPI_IMAGES = YES;
				DEVELOPMENT_TEAM = U259NHMY78;
				INFOPLIST_FILE = LollySwiftUIMacTests/Info.plist;
				LD_RUNPATH_SEARCH_PATHS = (
					"$(inherited)",
					"@executable_path/../Frameworks",
					"@loader_path/../Frameworks",
				);
				MACOSX_DEPLOYMENT_TARGET = 11.0;
				PRODUCT_BUNDLE_IDENTIFIER = com.zwstudio.LollySwiftUIMacTests;
				PRODUCT_NAME = "$(TARGET_NAME)";
				SWIFT_VERSION = 5.0;
				TEST_HOST = "$(BUILT_PRODUCTS_DIR)/LollySwiftUIMac.app/Contents/MacOS/LollySwiftUIMac";
			};
			name = Release;
		};
		953FCD6325745D7000666503 /* Debug */ = {
			isa = XCBuildConfiguration;
			buildSettings = {
				CODE_SIGN_STYLE = Automatic;
				COMBINE_HIDPI_IMAGES = YES;
				DEVELOPMENT_TEAM = U259NHMY78;
				INFOPLIST_FILE = LollySwiftUIMacUITests/Info.plist;
				LD_RUNPATH_SEARCH_PATHS = (
					"$(inherited)",
					"@executable_path/../Frameworks",
					"@loader_path/../Frameworks",
				);
				PRODUCT_BUNDLE_IDENTIFIER = com.zwstudio.LollySwiftUIMacUITests;
				PRODUCT_NAME = "$(TARGET_NAME)";
				SWIFT_VERSION = 5.0;
				TEST_TARGET_NAME = LollySwiftUIMac;
			};
			name = Debug;
		};
		953FCD6425745D7000666503 /* Release */ = {
			isa = XCBuildConfiguration;
			buildSettings = {
				CODE_SIGN_STYLE = Automatic;
				COMBINE_HIDPI_IMAGES = YES;
				DEVELOPMENT_TEAM = U259NHMY78;
				INFOPLIST_FILE = LollySwiftUIMacUITests/Info.plist;
				LD_RUNPATH_SEARCH_PATHS = (
					"$(inherited)",
					"@executable_path/../Frameworks",
					"@loader_path/../Frameworks",
				);
				PRODUCT_BUNDLE_IDENTIFIER = com.zwstudio.LollySwiftUIMacUITests;
				PRODUCT_NAME = "$(TARGET_NAME)";
				SWIFT_VERSION = 5.0;
				TEST_TARGET_NAME = LollySwiftUIMac;
			};
			name = Release;
		};
/* End XCBuildConfiguration section */

/* Begin XCConfigurationList section */
		953FCD3125745D6D00666503 /* Build configuration list for PBXProject "LollySwiftUIMac" */ = {
			isa = XCConfigurationList;
			buildConfigurations = (
				953FCD5A25745D7000666503 /* Debug */,
				953FCD5B25745D7000666503 /* Release */,
			);
			defaultConfigurationIsVisible = 0;
			defaultConfigurationName = Release;
		};
		953FCD5C25745D7000666503 /* Build configuration list for PBXNativeTarget "LollySwiftUIMac" */ = {
			isa = XCConfigurationList;
			buildConfigurations = (
				953FCD5D25745D7000666503 /* Debug */,
				953FCD5E25745D7000666503 /* Release */,
			);
			defaultConfigurationIsVisible = 0;
			defaultConfigurationName = Release;
		};
		953FCD5F25745D7000666503 /* Build configuration list for PBXNativeTarget "LollySwiftUIMacTests" */ = {
			isa = XCConfigurationList;
			buildConfigurations = (
				953FCD6025745D7000666503 /* Debug */,
				953FCD6125745D7000666503 /* Release */,
			);
			defaultConfigurationIsVisible = 0;
			defaultConfigurationName = Release;
		};
		953FCD6225745D7000666503 /* Build configuration list for PBXNativeTarget "LollySwiftUIMacUITests" */ = {
			isa = XCConfigurationList;
			buildConfigurations = (
				953FCD6325745D7000666503 /* Debug */,
				953FCD6425745D7000666503 /* Release */,
			);
			defaultConfigurationIsVisible = 0;
			defaultConfigurationName = Release;
		};
/* End XCConfigurationList section */
	};
	rootObject = 953FCD2E25745D6D00666503 /* Project object */;
}
